// !$*UTF8*$!
{
	archiveVersion = 1;
	classes = {
	};
	objectVersion = 50;
	objects = {

/* Begin PBXBuildFile section */
		F8FACC3124F5199F00B52063 /* FitnessExtensions.h in Headers */ = {isa = PBXBuildFile; fileRef = F8FACC2F24F5199F00B52063 /* FitnessExtensions.h */; settings = {ATTRIBUTES = (Public, ); }; };
		F8FACC4124F51A8E00B52063 /* UIScrollView+ContentSize.swift in Sources */ = {isa = PBXBuildFile; fileRef = F8FACC4024F51A8E00B52063 /* UIScrollView+ContentSize.swift */; };
		F8FACC4424F51ABC00B52063 /* UIView+Constraints.swift in Sources */ = {isa = PBXBuildFile; fileRef = F8FACC4324F51ABC00B52063 /* UIView+Constraints.swift */; };
		F8FACC4824F51B8100B52063 /* UIView+Nib.swift in Sources */ = {isa = PBXBuildFile; fileRef = F8FACC4724F51B8100B52063 /* UIView+Nib.swift */; };
		F8FACC4F24F51D2E00B52063 /* String + Extension.swift in Sources */ = {isa = PBXBuildFile; fileRef = F8FACC4E24F51D2E00B52063 /* String + Extension.swift */; };
/* End PBXBuildFile section */

/* Begin PBXFileReference section */
		F8FACC2C24F5199F00B52063 /* FitnessExtensions.framework */ = {isa = PBXFileReference; explicitFileType = wrapper.framework; includeInIndex = 0; path = FitnessExtensions.framework; sourceTree = BUILT_PRODUCTS_DIR; };
		F8FACC2F24F5199F00B52063 /* FitnessExtensions.h */ = {isa = PBXFileReference; lastKnownFileType = sourcecode.c.h; path = FitnessExtensions.h; sourceTree = "<group>"; };
		F8FACC3024F5199F00B52063 /* Info.plist */ = {isa = PBXFileReference; lastKnownFileType = text.plist.xml; path = Info.plist; sourceTree = "<group>"; };
		F8FACC4024F51A8E00B52063 /* UIScrollView+ContentSize.swift */ = {isa = PBXFileReference; fileEncoding = 4; lastKnownFileType = sourcecode.swift; path = "UIScrollView+ContentSize.swift"; sourceTree = "<group>"; };
		F8FACC4324F51ABC00B52063 /* UIView+Constraints.swift */ = {isa = PBXFileReference; fileEncoding = 4; lastKnownFileType = sourcecode.swift; path = "UIView+Constraints.swift"; sourceTree = "<group>"; };
		F8FACC4724F51B8100B52063 /* UIView+Nib.swift */ = {isa = PBXFileReference; lastKnownFileType = sourcecode.swift; path = "UIView+Nib.swift"; sourceTree = "<group>"; };
		F8FACC4E24F51D2E00B52063 /* String + Extension.swift */ = {isa = PBXFileReference; fileEncoding = 4; lastKnownFileType = sourcecode.swift; path = "String + Extension.swift"; sourceTree = "<group>"; };
/* End PBXFileReference section */

/* Begin PBXFrameworksBuildPhase section */
		F8FACC2924F5199F00B52063 /* Frameworks */ = {
			isa = PBXFrameworksBuildPhase;
			buildActionMask = 2147483647;
			files = (
			);
			runOnlyForDeploymentPostprocessing = 0;
		};
/* End PBXFrameworksBuildPhase section */

/* Begin PBXGroup section */
		F8FACC2224F5199F00B52063 = {
			isa = PBXGroup;
			children = (
				F8FACC2E24F5199F00B52063 /* FitnessExtensions */,
				F8FACC2D24F5199F00B52063 /* Products */,
			);
			sourceTree = "<group>";
		};
		F8FACC2D24F5199F00B52063 /* Products */ = {
			isa = PBXGroup;
			children = (
				F8FACC2C24F5199F00B52063 /* FitnessExtensions.framework */,
			);
			name = Products;
			sourceTree = "<group>";
		};
		F8FACC2E24F5199F00B52063 /* FitnessExtensions */ = {
			isa = PBXGroup;
			children = (
				F8FACC3724F51A5400B52063 /* Extensions */,
				F8FACC2F24F5199F00B52063 /* FitnessExtensions.h */,
				F8FACC3024F5199F00B52063 /* Info.plist */,
			);
			path = FitnessExtensions;
			sourceTree = "<group>";
		};
		F8FACC3724F51A5400B52063 /* Extensions */ = {
			isa = PBXGroup;
			children = (
				F8FACC4D24F51D2500B52063 /* String */,
				F8FACC4224F51AB200B52063 /* UIView */,
				F8FACC3F24F51A8200B52063 /* UIScrollView */,
			);
			path = Extensions;
			sourceTree = "<group>";
		};
		F8FACC3F24F51A8200B52063 /* UIScrollView */ = {
			isa = PBXGroup;
			children = (
				F8FACC4024F51A8E00B52063 /* UIScrollView+ContentSize.swift */,
			);
			path = UIScrollView;
			sourceTree = "<group>";
		};
		F8FACC4224F51AB200B52063 /* UIView */ = {
			isa = PBXGroup;
			children = (
				F8FACC4324F51ABC00B52063 /* UIView+Constraints.swift */,
				F8FACC4724F51B8100B52063 /* UIView+Nib.swift */,
			);
			path = UIView;
			sourceTree = "<group>";
		};
		F8FACC4D24F51D2500B52063 /* String */ = {
			isa = PBXGroup;
			children = (
				F8FACC4E24F51D2E00B52063 /* String + Extension.swift */,
			);
			path = String;
			sourceTree = "<group>";
		};
/* End PBXGroup section */

/* Begin PBXHeadersBuildPhase section */
		F8FACC2724F5199F00B52063 /* Headers */ = {
			isa = PBXHeadersBuildPhase;
			buildActionMask = 2147483647;
			files = (
				F8FACC3124F5199F00B52063 /* FitnessExtensions.h in Headers */,
			);
			runOnlyForDeploymentPostprocessing = 0;
		};
/* End PBXHeadersBuildPhase section */

/* Begin PBXNativeTarget section */
		F8FACC2B24F5199F00B52063 /* FitnessExtensions */ = {
			isa = PBXNativeTarget;
			buildConfigurationList = F8FACC3424F5199F00B52063 /* Build configuration list for PBXNativeTarget "FitnessExtensions" */;
			buildPhases = (
				F8FACC2724F5199F00B52063 /* Headers */,
				F8FACC4924F51C1800B52063 /* swiftlint */,
				F8FACC2824F5199F00B52063 /* Sources */,
				F8FACC2924F5199F00B52063 /* Frameworks */,
				F8FACC2A24F5199F00B52063 /* Resources */,
			);
			buildRules = (
			);
			dependencies = (
			);
			name = FitnessExtensions;
			productName = FitnessExtensions;
			productReference = F8FACC2C24F5199F00B52063 /* FitnessExtensions.framework */;
			productType = "com.apple.product-type.framework";
		};
/* End PBXNativeTarget section */

/* Begin PBXProject section */
		F8FACC2324F5199F00B52063 /* Project object */ = {
			isa = PBXProject;
			attributes = {
				LastUpgradeCheck = 1200;
				TargetAttributes = {
					F8FACC2B24F5199F00B52063 = {
						CreatedOnToolsVersion = 12.0;
					};
				};
			};
			buildConfigurationList = F8FACC2624F5199F00B52063 /* Build configuration list for PBXProject "FitnessExtensions" */;
			compatibilityVersion = "Xcode 9.3";
			developmentRegion = en;
			hasScannedForEncodings = 0;
			knownRegions = (
				en,
				Base,
			);
			mainGroup = F8FACC2224F5199F00B52063;
			productRefGroup = F8FACC2D24F5199F00B52063 /* Products */;
			projectDirPath = "";
			projectRoot = "";
			targets = (
				F8FACC2B24F5199F00B52063 /* FitnessExtensions */,
			);
		};
/* End PBXProject section */

/* Begin PBXResourcesBuildPhase section */
		F8FACC2A24F5199F00B52063 /* Resources */ = {
			isa = PBXResourcesBuildPhase;
			buildActionMask = 2147483647;
			files = (
			);
			runOnlyForDeploymentPostprocessing = 0;
		};
/* End PBXResourcesBuildPhase section */

/* Begin PBXShellScriptBuildPhase section */
		F8FACC4924F51C1800B52063 /* swiftlint */ = {
			isa = PBXShellScriptBuildPhase;
			buildActionMask = 2147483647;
			files = (
			);
			inputFileListPaths = (
			);
			inputPaths = (
			);
			name = swiftlint;
			outputFileListPaths = (
			);
			outputPaths = (
			);
			runOnlyForDeploymentPostprocessing = 0;
			shellPath = /bin/sh;
			shellScript = "if which swiftlint >/dev/null; then\n  swiftlint --config ../.swiftlint.yml\nelse\n  echo \"warning: SwiftLint not installed, download from https://github.com/realm/SwiftLint\"\nfi\n";
		};
/* End PBXShellScriptBuildPhase section */

/* Begin PBXSourcesBuildPhase section */
		F8FACC2824F5199F00B52063 /* Sources */ = {
			isa = PBXSourcesBuildPhase;
			buildActionMask = 2147483647;
			files = (
				F8FACC4124F51A8E00B52063 /* UIScrollView+ContentSize.swift in Sources */,
				F8FACC4424F51ABC00B52063 /* UIView+Constraints.swift in Sources */,
				F8FACC4F24F51D2E00B52063 /* String + Extension.swift in Sources */,
				F8FACC4824F51B8100B52063 /* UIView+Nib.swift in Sources */,
			);
			runOnlyForDeploymentPostprocessing = 0;
		};
/* End PBXSourcesBuildPhase section */

/* Begin XCBuildConfiguration section */
		F8FACC3224F5199F00B52063 /* Debug */ = {
			isa = XCBuildConfiguration;
			buildSettings = {
				ALWAYS_SEARCH_USER_PATHS = NO;
				CLANG_ANALYZER_NONNULL = YES;
				CLANG_ANALYZER_NUMBER_OBJECT_CONVERSION = YES_AGGRESSIVE;
				CLANG_CXX_LANGUAGE_STANDARD = "gnu++14";
				CLANG_CXX_LIBRARY = "libc++";
				CLANG_ENABLE_MODULES = YES;
				CLANG_ENABLE_OBJC_ARC = YES;
				CLANG_ENABLE_OBJC_WEAK = YES;
				CLANG_WARN_BLOCK_CAPTURE_AUTORELEASING = YES;
				CLANG_WARN_BOOL_CONVERSION = YES;
				CLANG_WARN_COMMA = YES;
				CLANG_WARN_CONSTANT_CONVERSION = YES;
				CLANG_WARN_DEPRECATED_OBJC_IMPLEMENTATIONS = YES;
				CLANG_WARN_DIRECT_OBJC_ISA_USAGE = YES_ERROR;
				CLANG_WARN_DOCUMENTATION_COMMENTS = YES;
				CLANG_WARN_EMPTY_BODY = YES;
				CLANG_WARN_ENUM_CONVERSION = YES;
				CLANG_WARN_INFINITE_RECURSION = YES;
				CLANG_WARN_INT_CONVERSION = YES;
				CLANG_WARN_NON_LITERAL_NULL_CONVERSION = YES;
				CLANG_WARN_OBJC_IMPLICIT_RETAIN_SELF = YES;
				CLANG_WARN_OBJC_LITERAL_CONVERSION = YES;
				CLANG_WARN_OBJC_ROOT_CLASS = YES_ERROR;
				CLANG_WARN_QUOTED_INCLUDE_IN_FRAMEWORK_HEADER = YES;
				CLANG_WARN_RANGE_LOOP_ANALYSIS = YES;
				CLANG_WARN_STRICT_PROTOTYPES = YES;
				CLANG_WARN_SUSPICIOUS_MOVE = YES;
				CLANG_WARN_UNGUARDED_AVAILABILITY = YES_AGGRESSIVE;
				CLANG_WARN_UNREACHABLE_CODE = YES;
				CLANG_WARN__DUPLICATE_METHOD_MATCH = YES;
				COPY_PHASE_STRIP = NO;
				CURRENT_PROJECT_VERSION = 1;
				DEBUG_INFORMATION_FORMAT = dwarf;
				ENABLE_STRICT_OBJC_MSGSEND = YES;
				ENABLE_TESTABILITY = YES;
				GCC_C_LANGUAGE_STANDARD = gnu11;
				GCC_DYNAMIC_NO_PIC = NO;
				GCC_NO_COMMON_BLOCKS = YES;
				GCC_OPTIMIZATION_LEVEL = 0;
				GCC_PREPROCESSOR_DEFINITIONS = (
					"DEBUG=1",
					"$(inherited)",
				);
				GCC_WARN_64_TO_32_BIT_CONVERSION = YES;
				GCC_WARN_ABOUT_RETURN_TYPE = YES_ERROR;
				GCC_WARN_UNDECLARED_SELECTOR = YES;
				GCC_WARN_UNINITIALIZED_AUTOS = YES_AGGRESSIVE;
				GCC_WARN_UNUSED_FUNCTION = YES;
				GCC_WARN_UNUSED_VARIABLE = YES;
				IPHONEOS_DEPLOYMENT_TARGET = 14.0;
				MTL_ENABLE_DEBUG_INFO = INCLUDE_SOURCE;
				MTL_FAST_MATH = YES;
				ONLY_ACTIVE_ARCH = YES;
				SDKROOT = iphoneos;
				SWIFT_ACTIVE_COMPILATION_CONDITIONS = DEBUG;
				SWIFT_OPTIMIZATION_LEVEL = "-Onone";
				VERSIONING_SYSTEM = "apple-generic";
				VERSION_INFO_PREFIX = "";
			};
			name = Debug;
		};
		F8FACC3324F5199F00B52063 /* Release */ = {
			isa = XCBuildConfiguration;
			buildSettings = {
				ALWAYS_SEARCH_USER_PATHS = NO;
				CLANG_ANALYZER_NONNULL = YES;
				CLANG_ANALYZER_NUMBER_OBJECT_CONVERSION = YES_AGGRESSIVE;
				CLANG_CXX_LANGUAGE_STANDARD = "gnu++14";
				CLANG_CXX_LIBRARY = "libc++";
				CLANG_ENABLE_MODULES = YES;
				CLANG_ENABLE_OBJC_ARC = YES;
				CLANG_ENABLE_OBJC_WEAK = YES;
				CLANG_WARN_BLOCK_CAPTURE_AUTORELEASING = YES;
				CLANG_WARN_BOOL_CONVERSION = YES;
				CLANG_WARN_COMMA = YES;
				CLANG_WARN_CONSTANT_CONVERSION = YES;
				CLANG_WARN_DEPRECATED_OBJC_IMPLEMENTATIONS = YES;
				CLANG_WARN_DIRECT_OBJC_ISA_USAGE = YES_ERROR;
				CLANG_WARN_DOCUMENTATION_COMMENTS = YES;
				CLANG_WARN_EMPTY_BODY = YES;
				CLANG_WARN_ENUM_CONVERSION = YES;
				CLANG_WARN_INFINITE_RECURSION = YES;
				CLANG_WARN_INT_CONVERSION = YES;
				CLANG_WARN_NON_LITERAL_NULL_CONVERSION = YES;
				CLANG_WARN_OBJC_IMPLICIT_RETAIN_SELF = YES;
				CLANG_WARN_OBJC_LITERAL_CONVERSION = YES;
				CLANG_WARN_OBJC_ROOT_CLASS = YES_ERROR;
				CLANG_WARN_QUOTED_INCLUDE_IN_FRAMEWORK_HEADER = YES;
				CLANG_WARN_RANGE_LOOP_ANALYSIS = YES;
				CLANG_WARN_STRICT_PROTOTYPES = YES;
				CLANG_WARN_SUSPICIOUS_MOVE = YES;
				CLANG_WARN_UNGUARDED_AVAILABILITY = YES_AGGRESSIVE;
				CLANG_WARN_UNREACHABLE_CODE = YES;
				CLANG_WARN__DUPLICATE_METHOD_MATCH = YES;
				COPY_PHASE_STRIP = NO;
				CURRENT_PROJECT_VERSION = 1;
				DEBUG_INFORMATION_FORMAT = "dwarf-with-dsym";
				ENABLE_NS_ASSERTIONS = NO;
				ENABLE_STRICT_OBJC_MSGSEND = YES;
				GCC_C_LANGUAGE_STANDARD = gnu11;
				GCC_NO_COMMON_BLOCKS = YES;
				GCC_WARN_64_TO_32_BIT_CONVERSION = YES;
				GCC_WARN_ABOUT_RETURN_TYPE = YES_ERROR;
				GCC_WARN_UNDECLARED_SELECTOR = YES;
				GCC_WARN_UNINITIALIZED_AUTOS = YES_AGGRESSIVE;
				GCC_WARN_UNUSED_FUNCTION = YES;
				GCC_WARN_UNUSED_VARIABLE = YES;
				IPHONEOS_DEPLOYMENT_TARGET = 14.0;
				MTL_ENABLE_DEBUG_INFO = NO;
				MTL_FAST_MATH = YES;
				SDKROOT = iphoneos;
				SWIFT_COMPILATION_MODE = wholemodule;
				SWIFT_OPTIMIZATION_LEVEL = "-O";
				VALIDATE_PRODUCT = YES;
				VERSIONING_SYSTEM = "apple-generic";
				VERSION_INFO_PREFIX = "";
			};
			name = Release;
		};
		F8FACC3524F5199F00B52063 /* Debug */ = {
			isa = XCBuildConfiguration;
			buildSettings = {
				CODE_SIGN_STYLE = Automatic;
				DEFINES_MODULE = YES;
				DEVELOPMENT_TEAM = BA72LHA8D9;
				DYLIB_COMPATIBILITY_VERSION = 1;
				DYLIB_CURRENT_VERSION = 1;
				DYLIB_INSTALL_NAME_BASE = "@rpath";
				INFOPLIST_FILE = FitnessExtensions/Info.plist;
				INSTALL_PATH = "$(LOCAL_LIBRARY_DIR)/Frameworks";
				IPHONEOS_DEPLOYMENT_TARGET = 13.5;
				LD_RUNPATH_SEARCH_PATHS = (
					"$(inherited)",
					"@executable_path/Frameworks",
					"@loader_path/Frameworks",
				);
				PRODUCT_BUNDLE_IDENTIFIER = com.blabla.kek.FitnessExtensions;
				PRODUCT_NAME = "$(TARGET_NAME:c99extidentifier)";
				SKIP_INSTALL = YES;
				SUPPORTS_MACCATALYST = NO;
				SWIFT_VERSION = 5.0;
				TARGETED_DEVICE_FAMILY = "1,2";
			};
			name = Debug;
		};
		F8FACC3624F5199F00B52063 /* Release */ = {
			isa = XCBuildConfiguration;
			buildSettings = {
				CODE_SIGN_STYLE = Automatic;
				DEFINES_MODULE = YES;
				DEVELOPMENT_TEAM = BA72LHA8D9;
				DYLIB_COMPATIBILITY_VERSION = 1;
				DYLIB_CURRENT_VERSION = 1;
				DYLIB_INSTALL_NAME_BASE = "@rpath";
				INFOPLIST_FILE = FitnessExtensions/Info.plist;
				INSTALL_PATH = "$(LOCAL_LIBRARY_DIR)/Frameworks";
				IPHONEOS_DEPLOYMENT_TARGET = 13.5;
				LD_RUNPATH_SEARCH_PATHS = (
					"$(inherited)",
					"@executable_path/Frameworks",
					"@loader_path/Frameworks",
				);
				PRODUCT_BUNDLE_IDENTIFIER = com.blabla.kek.FitnessExtensions;
				PRODUCT_NAME = "$(TARGET_NAME:c99extidentifier)";
				SKIP_INSTALL = YES;
				SUPPORTS_MACCATALYST = NO;
				SWIFT_VERSION = 5.0;
				TARGETED_DEVICE_FAMILY = "1,2";
			};
			name = Release;
		};
/* End XCBuildConfiguration section */

/* Begin XCConfigurationList section */
		F8FACC2624F5199F00B52063 /* Build configuration list for PBXProject "FitnessExtensions" */ = {
			isa = XCConfigurationList;
			buildConfigurations = (
				F8FACC3224F5199F00B52063 /* Debug */,
				F8FACC3324F5199F00B52063 /* Release */,
			);
			defaultConfigurationIsVisible = 0;
			defaultConfigurationName = Release;
		};
		F8FACC3424F5199F00B52063 /* Build configuration list for PBXNativeTarget "FitnessExtensions" */ = {
			isa = XCConfigurationList;
			buildConfigurations = (
				F8FACC3524F5199F00B52063 /* Debug */,
				F8FACC3624F5199F00B52063 /* Release */,
			);
			defaultConfigurationIsVisible = 0;
			defaultConfigurationName = Release;
		};
/* End XCConfigurationList section */
	};
	rootObject = F8FACC2324F5199F00B52063 /* Project object */;
}
