// !$*UTF8*$!
{
	archiveVersion = 1;
	classes = {
	};
	objectVersion = 51;
	objects = {

/* Begin PBXBuildFile section */
		1CECEBE5A56A6F87B8A1A823 /* Pods_fitnes.framework in Frameworks */ = {isa = PBXBuildFile; fileRef = 0B27A6510FA6DA87405D7B53 /* Pods_fitnes.framework */; };
		3E0C1CC724C61B7F001F249A /* PresentRoleProfile.swift in Sources */ = {isa = PBXBuildFile; fileRef = 3E0C1CC624C61B7F001F249A /* PresentRoleProfile.swift */; };
		3E10DA2F24C330F600163F26 /* ProfileViewController.swift in Sources */ = {isa = PBXBuildFile; fileRef = 3E10DA2E24C330F600163F26 /* ProfileViewController.swift */; };
		3E10DA3124C3317900163F26 /* ProfileInfoModel.swift in Sources */ = {isa = PBXBuildFile; fileRef = 3E10DA3024C3317900163F26 /* ProfileInfoModel.swift */; };
		3E10DA3324C37DB000163F26 /* ProfileRoleModel.swift in Sources */ = {isa = PBXBuildFile; fileRef = 3E10DA3224C37DB000163F26 /* ProfileRoleModel.swift */; };
		3E10DA3624C3915D00163F26 /* TrainerViewController.swift in Sources */ = {isa = PBXBuildFile; fileRef = 3E10DA3524C3915D00163F26 /* TrainerViewController.swift */; };
		3E10DA3924C39C0F00163F26 /* TrainerModel.swift in Sources */ = {isa = PBXBuildFile; fileRef = 3E10DA3824C39C0F00163F26 /* TrainerModel.swift */; };
		3E235B3324BE1B0B004DDBD6 /* CustomInventoryTableViewCell.swift in Sources */ = {isa = PBXBuildFile; fileRef = 3E235B3224BE1B0B004DDBD6 /* CustomInventoryTableViewCell.swift */; };
		3E235B3624BE288D004DDBD6 /* InventoryModel.swift in Sources */ = {isa = PBXBuildFile; fileRef = 3E235B3524BE288D004DDBD6 /* InventoryModel.swift */; };
		3E235B3A24BE4729004DDBD6 /* AddInventoryViewController.swift in Sources */ = {isa = PBXBuildFile; fileRef = 3E235B3924BE4729004DDBD6 /* AddInventoryViewController.swift */; };
		3E64BCF624C45DB40014E91B /* FirestoreServiceTrainer.swift in Sources */ = {isa = PBXBuildFile; fileRef = 3E64BCF524C45DB40014E91B /* FirestoreServiceTrainer.swift */; };
		3E64BCF924C45DFC0014E91B /* FirestoreServiceProfile.swift in Sources */ = {isa = PBXBuildFile; fileRef = 3E64BCF824C45DFC0014E91B /* FirestoreServiceProfile.swift */; };
		3E64BCFB24C45F750014E91B /* FirestoreServiceExercise.swift in Sources */ = {isa = PBXBuildFile; fileRef = 3E64BCFA24C45F750014E91B /* FirestoreServiceExercise.swift */; };
		3E64BCFD24C473E60014E91B /* ExerсisesViewController.swift in Sources */ = {isa = PBXBuildFile; fileRef = 3E64BCFC24C473E60014E91B /* ExerсisesViewController.swift */; };
		3E707E2C24C477FE0049BAB6 /* CustomExerciseTableViewCell.swift in Sources */ = {isa = PBXBuildFile; fileRef = 3E707E2B24C477FE0049BAB6 /* CustomExerciseTableViewCell.swift */; };
		3E707E2E24C48C1E0049BAB6 /* ExercisesListModel.swift in Sources */ = {isa = PBXBuildFile; fileRef = 3E707E2D24C48C1E0049BAB6 /* ExercisesListModel.swift */; };
		3E87231F24BF9476005FC365 /* GoogleService-Info.plist in Resources */ = {isa = PBXBuildFile; fileRef = 3E87231E24BF9476005FC365 /* GoogleService-Info.plist */; };
		3E87232224BF9FC4005FC365 /* AuthService.swift in Sources */ = {isa = PBXBuildFile; fileRef = 3E87232124BF9FC4005FC365 /* AuthService.swift */; };
		3E87232424BFA375005FC365 /* RegisterViewController.swift in Sources */ = {isa = PBXBuildFile; fileRef = 3E87232324BFA375005FC365 /* RegisterViewController.swift */; };
		3E87232724BFAD35005FC365 /* Alerts.swift in Sources */ = {isa = PBXBuildFile; fileRef = 3E87232624BFAD35005FC365 /* Alerts.swift */; };
		3E8DE57824CC0A6300DFB220 /* ExerciseViewController.swift in Sources */ = {isa = PBXBuildFile; fileRef = 3E8DE57724CC0A6300DFB220 /* ExerciseViewController.swift */; };
		3E8DE57A24CC3DE800DFB220 /* TrainingViewController.swift in Sources */ = {isa = PBXBuildFile; fileRef = 3E8DE57924CC3DE800DFB220 /* TrainingViewController.swift */; };
		3E8DE57E24CD8A0E00DFB220 /* AddTrainingViewController.swift in Sources */ = {isa = PBXBuildFile; fileRef = 3E8DE57D24CD8A0E00DFB220 /* AddTrainingViewController.swift */; };
		3E8DE58324CD9DFA00DFB220 /* TypeSection.swift in Sources */ = {isa = PBXBuildFile; fileRef = 3E8DE58224CD9DFA00DFB220 /* TypeSection.swift */; };
		3EC3D3BB24C434EF006B2EE1 /* AddExerciseViewController.swift in Sources */ = {isa = PBXBuildFile; fileRef = 3EC3D3BA24C434EF006B2EE1 /* AddExerciseViewController.swift */; };
		3EC3D3BD24C43CE2006B2EE1 /* ExerciseModel.swift in Sources */ = {isa = PBXBuildFile; fileRef = 3EC3D3BC24C43CE2006B2EE1 /* ExerciseModel.swift */; };
		3EE2DDDC24C0CB1000D85CAE /* LoginViewController.swift in Sources */ = {isa = PBXBuildFile; fileRef = 3EE2DDDB24C0CB1000D85CAE /* LoginViewController.swift */; };
		3EE2DDDE24C0CF7E00D85CAE /* FieldValidator.swift in Sources */ = {isa = PBXBuildFile; fileRef = 3EE2DDDD24C0CF7E00D85CAE /* FieldValidator.swift */; };
		3EE2DDE024C0D4D800D85CAE /* FieldValidatorError.swift in Sources */ = {isa = PBXBuildFile; fileRef = 3EE2DDDF24C0D4D800D85CAE /* FieldValidatorError.swift */; };
		3EE2DDEA24C0F7D700D85CAE /* FirestoreService.swift in Sources */ = {isa = PBXBuildFile; fileRef = 3EE2DDE924C0F7D700D85CAE /* FirestoreService.swift */; };
		3EE3900124BCE78A003AF6D8 /* AppDelegate.swift in Sources */ = {isa = PBXBuildFile; fileRef = 3EE3900024BCE78A003AF6D8 /* AppDelegate.swift */; };
		3EE3900324BCE78A003AF6D8 /* SceneDelegate.swift in Sources */ = {isa = PBXBuildFile; fileRef = 3EE3900224BCE78A003AF6D8 /* SceneDelegate.swift */; };
		3EE3900524BCE78A003AF6D8 /* AthleteViewController.swift in Sources */ = {isa = PBXBuildFile; fileRef = 3EE3900424BCE78A003AF6D8 /* AthleteViewController.swift */; };
		3EE3900824BCE78A003AF6D8 /* Main.storyboard in Resources */ = {isa = PBXBuildFile; fileRef = 3EE3900624BCE78A003AF6D8 /* Main.storyboard */; };
		3EE3900D24BCE78D003AF6D8 /* LaunchScreen.storyboard in Resources */ = {isa = PBXBuildFile; fileRef = 3EE3900B24BCE78D003AF6D8 /* LaunchScreen.storyboard */; };
		3EE3901824BCFEF6003AF6D8 /* Assets.xcassets in Resources */ = {isa = PBXBuildFile; fileRef = 3EE3901724BCFEF6003AF6D8 /* Assets.xcassets */; };
/* End PBXBuildFile section */

/* Begin PBXFileReference section */
		0B27A6510FA6DA87405D7B53 /* Pods_fitnes.framework */ = {isa = PBXFileReference; explicitFileType = wrapper.framework; includeInIndex = 0; path = Pods_fitnes.framework; sourceTree = BUILT_PRODUCTS_DIR; };
		0D45113D45CEC2A8132EDF62 /* Pods-fitnes.release.xcconfig */ = {isa = PBXFileReference; includeInIndex = 1; lastKnownFileType = text.xcconfig; name = "Pods-fitnes.release.xcconfig"; path = "Target Support Files/Pods-fitnes/Pods-fitnes.release.xcconfig"; sourceTree = "<group>"; };
		3E0C1CC624C61B7F001F249A /* PresentRoleProfile.swift */ = {isa = PBXFileReference; lastKnownFileType = sourcecode.swift; path = PresentRoleProfile.swift; sourceTree = "<group>"; };
		3E10DA2E24C330F600163F26 /* ProfileViewController.swift */ = {isa = PBXFileReference; lastKnownFileType = sourcecode.swift; path = ProfileViewController.swift; sourceTree = "<group>"; };
		3E10DA3024C3317900163F26 /* ProfileInfoModel.swift */ = {isa = PBXFileReference; lastKnownFileType = sourcecode.swift; path = ProfileInfoModel.swift; sourceTree = "<group>"; };
		3E10DA3224C37DB000163F26 /* ProfileRoleModel.swift */ = {isa = PBXFileReference; lastKnownFileType = sourcecode.swift; path = ProfileRoleModel.swift; sourceTree = "<group>"; };
		3E10DA3524C3915D00163F26 /* TrainerViewController.swift */ = {isa = PBXFileReference; lastKnownFileType = sourcecode.swift; path = TrainerViewController.swift; sourceTree = "<group>"; };
		3E10DA3824C39C0F00163F26 /* TrainerModel.swift */ = {isa = PBXFileReference; lastKnownFileType = sourcecode.swift; path = TrainerModel.swift; sourceTree = "<group>"; };
		3E235B3224BE1B0B004DDBD6 /* CustomInventoryTableViewCell.swift */ = {isa = PBXFileReference; lastKnownFileType = sourcecode.swift; path = CustomInventoryTableViewCell.swift; sourceTree = "<group>"; };
		3E235B3524BE288D004DDBD6 /* InventoryModel.swift */ = {isa = PBXFileReference; lastKnownFileType = sourcecode.swift; path = InventoryModel.swift; sourceTree = "<group>"; };
		3E235B3924BE4729004DDBD6 /* AddInventoryViewController.swift */ = {isa = PBXFileReference; lastKnownFileType = sourcecode.swift; path = AddInventoryViewController.swift; sourceTree = "<group>"; };
		3E64BCF524C45DB40014E91B /* FirestoreServiceTrainer.swift */ = {isa = PBXFileReference; lastKnownFileType = sourcecode.swift; path = FirestoreServiceTrainer.swift; sourceTree = "<group>"; };
		3E64BCF824C45DFC0014E91B /* FirestoreServiceProfile.swift */ = {isa = PBXFileReference; lastKnownFileType = sourcecode.swift; path = FirestoreServiceProfile.swift; sourceTree = "<group>"; };
		3E64BCFA24C45F750014E91B /* FirestoreServiceExercise.swift */ = {isa = PBXFileReference; lastKnownFileType = sourcecode.swift; path = FirestoreServiceExercise.swift; sourceTree = "<group>"; };
		3E64BCFC24C473E60014E91B /* ExerсisesViewController.swift */ = {isa = PBXFileReference; lastKnownFileType = sourcecode.swift; path = "ExerсisesViewController.swift"; sourceTree = "<group>"; };
		3E707E2B24C477FE0049BAB6 /* CustomExerciseTableViewCell.swift */ = {isa = PBXFileReference; lastKnownFileType = sourcecode.swift; path = CustomExerciseTableViewCell.swift; sourceTree = "<group>"; };
		3E707E2D24C48C1E0049BAB6 /* ExercisesListModel.swift */ = {isa = PBXFileReference; lastKnownFileType = sourcecode.swift; path = ExercisesListModel.swift; sourceTree = "<group>"; };
		3E87231E24BF9476005FC365 /* GoogleService-Info.plist */ = {isa = PBXFileReference; fileEncoding = 4; lastKnownFileType = text.plist.xml; path = "GoogleService-Info.plist"; sourceTree = "<group>"; };
		3E87232124BF9FC4005FC365 /* AuthService.swift */ = {isa = PBXFileReference; lastKnownFileType = sourcecode.swift; path = AuthService.swift; sourceTree = "<group>"; };
		3E87232324BFA375005FC365 /* RegisterViewController.swift */ = {isa = PBXFileReference; lastKnownFileType = sourcecode.swift; path = RegisterViewController.swift; sourceTree = "<group>"; };
		3E87232624BFAD35005FC365 /* Alerts.swift */ = {isa = PBXFileReference; lastKnownFileType = sourcecode.swift; path = Alerts.swift; sourceTree = "<group>"; };
		3E8DE57724CC0A6300DFB220 /* ExerciseViewController.swift */ = {isa = PBXFileReference; lastKnownFileType = sourcecode.swift; path = ExerciseViewController.swift; sourceTree = "<group>"; };
		3E8DE57924CC3DE800DFB220 /* TrainingViewController.swift */ = {isa = PBXFileReference; lastKnownFileType = sourcecode.swift; path = TrainingViewController.swift; sourceTree = "<group>"; };
		3E8DE57D24CD8A0E00DFB220 /* AddTrainingViewController.swift */ = {isa = PBXFileReference; lastKnownFileType = sourcecode.swift; path = AddTrainingViewController.swift; sourceTree = "<group>"; };
		3E8DE58224CD9DFA00DFB220 /* TypeSection.swift */ = {isa = PBXFileReference; lastKnownFileType = sourcecode.swift; path = TypeSection.swift; sourceTree = "<group>"; };
		3EC3D3BA24C434EF006B2EE1 /* AddExerciseViewController.swift */ = {isa = PBXFileReference; lastKnownFileType = sourcecode.swift; path = AddExerciseViewController.swift; sourceTree = "<group>"; };
		3EC3D3BC24C43CE2006B2EE1 /* ExerciseModel.swift */ = {isa = PBXFileReference; lastKnownFileType = sourcecode.swift; path = ExerciseModel.swift; sourceTree = "<group>"; };
		3EE2DDDB24C0CB1000D85CAE /* LoginViewController.swift */ = {isa = PBXFileReference; lastKnownFileType = sourcecode.swift; path = LoginViewController.swift; sourceTree = "<group>"; };
		3EE2DDDD24C0CF7E00D85CAE /* FieldValidator.swift */ = {isa = PBXFileReference; lastKnownFileType = sourcecode.swift; path = FieldValidator.swift; sourceTree = "<group>"; };
		3EE2DDDF24C0D4D800D85CAE /* FieldValidatorError.swift */ = {isa = PBXFileReference; lastKnownFileType = sourcecode.swift; path = FieldValidatorError.swift; sourceTree = "<group>"; };
		3EE2DDE924C0F7D700D85CAE /* FirestoreService.swift */ = {isa = PBXFileReference; lastKnownFileType = sourcecode.swift; path = FirestoreService.swift; sourceTree = "<group>"; };
		3EE38FFD24BCE78A003AF6D8 /* fitnes.app */ = {isa = PBXFileReference; explicitFileType = wrapper.application; includeInIndex = 0; path = fitnes.app; sourceTree = BUILT_PRODUCTS_DIR; };
		3EE3900024BCE78A003AF6D8 /* AppDelegate.swift */ = {isa = PBXFileReference; lastKnownFileType = sourcecode.swift; path = AppDelegate.swift; sourceTree = "<group>"; };
		3EE3900224BCE78A003AF6D8 /* SceneDelegate.swift */ = {isa = PBXFileReference; lastKnownFileType = sourcecode.swift; path = SceneDelegate.swift; sourceTree = "<group>"; };
		3EE3900424BCE78A003AF6D8 /* AthleteViewController.swift */ = {isa = PBXFileReference; lastKnownFileType = sourcecode.swift; path = AthleteViewController.swift; sourceTree = "<group>"; };
		3EE3900724BCE78A003AF6D8 /* Base */ = {isa = PBXFileReference; lastKnownFileType = file.storyboard; name = Base; path = Base.lproj/Main.storyboard; sourceTree = "<group>"; };
		3EE3900C24BCE78D003AF6D8 /* Base */ = {isa = PBXFileReference; lastKnownFileType = file.storyboard; name = Base; path = Base.lproj/LaunchScreen.storyboard; sourceTree = "<group>"; };
		3EE3900E24BCE78D003AF6D8 /* Info.plist */ = {isa = PBXFileReference; lastKnownFileType = text.plist.xml; path = Info.plist; sourceTree = "<group>"; };
		3EE3901724BCFEF6003AF6D8 /* Assets.xcassets */ = {isa = PBXFileReference; lastKnownFileType = folder.assetcatalog; path = Assets.xcassets; sourceTree = "<group>"; };
		AE4B935F57350FECA01943F2 /* Pods-fitnes.debug.xcconfig */ = {isa = PBXFileReference; includeInIndex = 1; lastKnownFileType = text.xcconfig; name = "Pods-fitnes.debug.xcconfig"; path = "Target Support Files/Pods-fitnes/Pods-fitnes.debug.xcconfig"; sourceTree = "<group>"; };
/* End PBXFileReference section */

/* Begin PBXFrameworksBuildPhase section */
		3EE38FFA24BCE78A003AF6D8 /* Frameworks */ = {
			isa = PBXFrameworksBuildPhase;
			buildActionMask = 2147483647;
			files = (
				1CECEBE5A56A6F87B8A1A823 /* Pods_fitnes.framework in Frameworks */,
			);
			runOnlyForDeploymentPostprocessing = 0;
		};
/* End PBXFrameworksBuildPhase section */

/* Begin PBXGroup section */
		218FA636ABF33253604A7776 /* Pods */ = {
			isa = PBXGroup;
			children = (
				AE4B935F57350FECA01943F2 /* Pods-fitnes.debug.xcconfig */,
				0D45113D45CEC2A8132EDF62 /* Pods-fitnes.release.xcconfig */,
			);
			path = Pods;
			sourceTree = "<group>";
		};
		3E10DA3424C3914600163F26 /* Trainer */ = {
			isa = PBXGroup;
			children = (
				3E8DE57C24CD895A00DFB220 /* Training */,
				3E8DE57B24CD894600DFB220 /* Exercise */,
				3E10DA3524C3915D00163F26 /* TrainerViewController.swift */,
			);
			path = Trainer;
			sourceTree = "<group>";
		};
		3E10DA3724C3988C00163F26 /* Athlete */ = {
			isa = PBXGroup;
			children = (
				3EE3900424BCE78A003AF6D8 /* AthleteViewController.swift */,
			);
			path = Athlete;
			sourceTree = "<group>";
		};
		3E235B3424BE24C3004DDBD6 /* View */ = {
			isa = PBXGroup;
			children = (
				3E235B3224BE1B0B004DDBD6 /* CustomInventoryTableViewCell.swift */,
				3E707E2B24C477FE0049BAB6 /* CustomExerciseTableViewCell.swift */,
			);
			path = View;
			sourceTree = "<group>";
		};
		3E235B3724BE29D8004DDBD6 /* SupportFiles */ = {
			isa = PBXGroup;
			children = (
				3EE3900024BCE78A003AF6D8 /* AppDelegate.swift */,
				3EE3900224BCE78A003AF6D8 /* SceneDelegate.swift */,
				3EE3900624BCE78A003AF6D8 /* Main.storyboard */,
				3EE3900B24BCE78D003AF6D8 /* LaunchScreen.storyboard */,
				3EE3901724BCFEF6003AF6D8 /* Assets.xcassets */,
			);
			path = SupportFiles;
			sourceTree = "<group>";
		};
		3E235B3824BE2A0E004DDBD6 /* Model */ = {
			isa = PBXGroup;
			children = (
				3E235B3524BE288D004DDBD6 /* InventoryModel.swift */,
				3E10DA3024C3317900163F26 /* ProfileInfoModel.swift */,
				3E10DA3224C37DB000163F26 /* ProfileRoleModel.swift */,
				3E10DA3824C39C0F00163F26 /* TrainerModel.swift */,
				3EC3D3BC24C43CE2006B2EE1 /* ExerciseModel.swift */,
				3E707E2D24C48C1E0049BAB6 /* ExercisesListModel.swift */,
			);
			path = Model;
			sourceTree = "<group>";
		};
		3E64BCF424C45D9B0014E91B /* FIrestore */ = {
			isa = PBXGroup;
			children = (
				3EE2DDE924C0F7D700D85CAE /* FirestoreService.swift */,
				3E64BCF524C45DB40014E91B /* FirestoreServiceTrainer.swift */,
				3E64BCF824C45DFC0014E91B /* FirestoreServiceProfile.swift */,
				3E64BCFA24C45F750014E91B /* FirestoreServiceExercise.swift */,
			);
			path = FIrestore;
			sourceTree = "<group>";
		};
		3E87232024BF9FB2005FC365 /* Firebase */ = {
			isa = PBXGroup;
			children = (
				3E64BCF424C45D9B0014E91B /* FIrestore */,
				3E87232124BF9FC4005FC365 /* AuthService.swift */,
			);
			path = Firebase;
			sourceTree = "<group>";
		};
		3E87232524BFAD1E005FC365 /* Extension */ = {
			isa = PBXGroup;
			children = (
				3E87232624BFAD35005FC365 /* Alerts.swift */,
				3E0C1CC624C61B7F001F249A /* PresentRoleProfile.swift */,
			);
			path = Extension;
			sourceTree = "<group>";
		};
		3E8DE57B24CD894600DFB220 /* Exercise */ = {
			isa = PBXGroup;
			children = (
				3E64BCFC24C473E60014E91B /* ExerсisesViewController.swift */,
				3E8DE57724CC0A6300DFB220 /* ExerciseViewController.swift */,
				3EC3D3BA24C434EF006B2EE1 /* AddExerciseViewController.swift */,
			);
			path = Exercise;
			sourceTree = "<group>";
		};
		3E8DE57C24CD895A00DFB220 /* Training */ = {
			isa = PBXGroup;
			children = (
				3E8DE57924CC3DE800DFB220 /* TrainingViewController.swift */,
				3E8DE57D24CD8A0E00DFB220 /* AddTrainingViewController.swift */,
			);
			path = Training;
			sourceTree = "<group>";
		};
		3E8DE58124CD9DE500DFB220 /* Enums */ = {
			isa = PBXGroup;
			children = (
				3E8DE58224CD9DFA00DFB220 /* TypeSection.swift */,
			);
			path = Enums;
			sourceTree = "<group>";
		};
		3EE2DDE124C0D8A100D85CAE /* Utilities */ = {
			isa = PBXGroup;
			children = (
				3EE2DDDF24C0D4D800D85CAE /* FieldValidatorError.swift */,
				3EE2DDDD24C0CF7E00D85CAE /* FieldValidator.swift */,
			);
			path = Utilities;
			sourceTree = "<group>";
		};
		3EE2DDE224C0DAA800D85CAE /* Auth */ = {
			isa = PBXGroup;
			children = (
				3E87232324BFA375005FC365 /* RegisterViewController.swift */,
				3EE2DDDB24C0CB1000D85CAE /* LoginViewController.swift */,
			);
			path = Auth;
			sourceTree = "<group>";
		};
		3EE38FF424BCE78A003AF6D8 = {
			isa = PBXGroup;
			children = (
				3EE38FFF24BCE78A003AF6D8 /* fitnes */,
				3EE38FFE24BCE78A003AF6D8 /* Products */,
				218FA636ABF33253604A7776 /* Pods */,
				AFF08E7C7FC1742220804DF5 /* Frameworks */,
			);
			sourceTree = "<group>";
		};
		3EE38FFE24BCE78A003AF6D8 /* Products */ = {
			isa = PBXGroup;
			children = (
				3EE38FFD24BCE78A003AF6D8 /* fitnes.app */,
			);
			name = Products;
			sourceTree = "<group>";
		};
		3EE38FFF24BCE78A003AF6D8 /* fitnes */ = {
			isa = PBXGroup;
			children = (
				3E8DE58124CD9DE500DFB220 /* Enums */,
				3EE2DDE124C0D8A100D85CAE /* Utilities */,
				3E87232524BFAD1E005FC365 /* Extension */,
				3E87232024BF9FB2005FC365 /* Firebase */,
				3E235B3824BE2A0E004DDBD6 /* Model */,
				3E235B3424BE24C3004DDBD6 /* View */,
				3EE3901624BCE863003AF6D8 /* Controllers */,
				3E235B3724BE29D8004DDBD6 /* SupportFiles */,
				3EE3900E24BCE78D003AF6D8 /* Info.plist */,
				3E87231E24BF9476005FC365 /* GoogleService-Info.plist */,
			);
			path = fitnes;
			sourceTree = "<group>";
		};
		3EE3901624BCE863003AF6D8 /* Controllers */ = {
			isa = PBXGroup;
			children = (
				3E10DA3724C3988C00163F26 /* Athlete */,
				3E10DA3424C3914600163F26 /* Trainer */,
				3EE2DDE224C0DAA800D85CAE /* Auth */,
				3E235B3924BE4729004DDBD6 /* AddInventoryViewController.swift */,
				3E10DA2E24C330F600163F26 /* ProfileViewController.swift */,
			);
			path = Controllers;
			sourceTree = "<group>";
		};
		AFF08E7C7FC1742220804DF5 /* Frameworks */ = {
			isa = PBXGroup;
			children = (
				0B27A6510FA6DA87405D7B53 /* Pods_fitnes.framework */,
			);
			name = Frameworks;
			sourceTree = "<group>";
		};
/* End PBXGroup section */

/* Begin PBXNativeTarget section */
		3EE38FFC24BCE78A003AF6D8 /* fitnes */ = {
			isa = PBXNativeTarget;
			buildConfigurationList = 3EE3901124BCE78D003AF6D8 /* Build configuration list for PBXNativeTarget "fitnes" */;
			buildPhases = (
				CE586266E805B03A1DE74050 /* [CP] Check Pods Manifest.lock */,
				3EE38FF924BCE78A003AF6D8 /* Sources */,
				3EE38FFA24BCE78A003AF6D8 /* Frameworks */,
				3EE38FFB24BCE78A003AF6D8 /* Resources */,
				A47B03F7329A3A0FC39C1850 /* [CP] Embed Pods Frameworks */,
			);
			buildRules = (
			);
			dependencies = (
			);
			name = fitnes;
			productName = fitnes;
			productReference = 3EE38FFD24BCE78A003AF6D8 /* fitnes.app */;
			productType = "com.apple.product-type.application";
		};
/* End PBXNativeTarget section */

/* Begin PBXProject section */
		3EE38FF524BCE78A003AF6D8 /* Project object */ = {
			isa = PBXProject;
			attributes = {
				LastSwiftUpdateCheck = 1150;
				LastUpgradeCheck = 1150;
				ORGANIZATIONNAME = "yauheni prakapenka";
				TargetAttributes = {
					3EE38FFC24BCE78A003AF6D8 = {
						CreatedOnToolsVersion = 11.5;
					};
				};
			};
			buildConfigurationList = 3EE38FF824BCE78A003AF6D8 /* Build configuration list for PBXProject "fitnes" */;
			compatibilityVersion = "Xcode 9.3";
			developmentRegion = en;
			hasScannedForEncodings = 0;
			knownRegions = (
				en,
				Base,
			);
			mainGroup = 3EE38FF424BCE78A003AF6D8;
			productRefGroup = 3EE38FFE24BCE78A003AF6D8 /* Products */;
			projectDirPath = "";
			projectRoot = "";
			targets = (
				3EE38FFC24BCE78A003AF6D8 /* fitnes */,
			);
		};
/* End PBXProject section */

/* Begin PBXResourcesBuildPhase section */
		3EE38FFB24BCE78A003AF6D8 /* Resources */ = {
			isa = PBXResourcesBuildPhase;
			buildActionMask = 2147483647;
			files = (
				3EE3900D24BCE78D003AF6D8 /* LaunchScreen.storyboard in Resources */,
				3E87231F24BF9476005FC365 /* GoogleService-Info.plist in Resources */,
				3EE3901824BCFEF6003AF6D8 /* Assets.xcassets in Resources */,
				3EE3900824BCE78A003AF6D8 /* Main.storyboard in Resources */,
			);
			runOnlyForDeploymentPostprocessing = 0;
		};
/* End PBXResourcesBuildPhase section */

/* Begin PBXShellScriptBuildPhase section */
		A47B03F7329A3A0FC39C1850 /* [CP] Embed Pods Frameworks */ = {
			isa = PBXShellScriptBuildPhase;
			buildActionMask = 2147483647;
			files = (
			);
			inputFileListPaths = (
				"${PODS_ROOT}/Target Support Files/Pods-fitnes/Pods-fitnes-frameworks-${CONFIGURATION}-input-files.xcfilelist",
			);
			name = "[CP] Embed Pods Frameworks";
			outputFileListPaths = (
				"${PODS_ROOT}/Target Support Files/Pods-fitnes/Pods-fitnes-frameworks-${CONFIGURATION}-output-files.xcfilelist",
			);
			runOnlyForDeploymentPostprocessing = 0;
			shellPath = /bin/sh;
			shellScript = "\"${PODS_ROOT}/Target Support Files/Pods-fitnes/Pods-fitnes-frameworks.sh\"\n";
			showEnvVarsInLog = 0;
		};
		CE586266E805B03A1DE74050 /* [CP] Check Pods Manifest.lock */ = {
			isa = PBXShellScriptBuildPhase;
			buildActionMask = 2147483647;
			files = (
			);
			inputFileListPaths = (
			);
			inputPaths = (
				"${PODS_PODFILE_DIR_PATH}/Podfile.lock",
				"${PODS_ROOT}/Manifest.lock",
			);
			name = "[CP] Check Pods Manifest.lock";
			outputFileListPaths = (
			);
			outputPaths = (
				"$(DERIVED_FILE_DIR)/Pods-fitnes-checkManifestLockResult.txt",
			);
			runOnlyForDeploymentPostprocessing = 0;
			shellPath = /bin/sh;
			shellScript = "diff \"${PODS_PODFILE_DIR_PATH}/Podfile.lock\" \"${PODS_ROOT}/Manifest.lock\" > /dev/null\nif [ $? != 0 ] ; then\n    # print error to STDERR\n    echo \"error: The sandbox is not in sync with the Podfile.lock. Run 'pod install' or update your CocoaPods installation.\" >&2\n    exit 1\nfi\n# This output is used by Xcode 'outputs' to avoid re-running this script phase.\necho \"SUCCESS\" > \"${SCRIPT_OUTPUT_FILE_0}\"\n";
			showEnvVarsInLog = 0;
		};
/* End PBXShellScriptBuildPhase section */

/* Begin PBXSourcesBuildPhase section */
		3EE38FF924BCE78A003AF6D8 /* Sources */ = {
			isa = PBXSourcesBuildPhase;
			buildActionMask = 2147483647;
			files = (
				3E10DA3124C3317900163F26 /* ProfileInfoModel.swift in Sources */,
				3EE3900524BCE78A003AF6D8 /* AthleteViewController.swift in Sources */,
				3E235B3324BE1B0B004DDBD6 /* CustomInventoryTableViewCell.swift in Sources */,
				3E10DA3924C39C0F00163F26 /* TrainerModel.swift in Sources */,
				3E707E2C24C477FE0049BAB6 /* CustomExerciseTableViewCell.swift in Sources */,
				3E8DE57A24CC3DE800DFB220 /* TrainingViewController.swift in Sources */,
				3E235B3A24BE4729004DDBD6 /* AddInventoryViewController.swift in Sources */,
				3EC3D3BB24C434EF006B2EE1 /* AddExerciseViewController.swift in Sources */,
				3E8DE58324CD9DFA00DFB220 /* TypeSection.swift in Sources */,
				3E707E2E24C48C1E0049BAB6 /* ExercisesListModel.swift in Sources */,
				3E235B3624BE288D004DDBD6 /* InventoryModel.swift in Sources */,
				3E8DE57E24CD8A0E00DFB220 /* AddTrainingViewController.swift in Sources */,
				3E10DA2F24C330F600163F26 /* ProfileViewController.swift in Sources */,
				3E87232424BFA375005FC365 /* RegisterViewController.swift in Sources */,
				3E64BCF624C45DB40014E91B /* FirestoreServiceTrainer.swift in Sources */,
				3EE2DDDE24C0CF7E00D85CAE /* FieldValidator.swift in Sources */,
				3E64BCF924C45DFC0014E91B /* FirestoreServiceProfile.swift in Sources */,
				3EE2DDE024C0D4D800D85CAE /* FieldValidatorError.swift in Sources */,
				3EE2DDEA24C0F7D700D85CAE /* FirestoreService.swift in Sources */,
				3E0C1CC724C61B7F001F249A /* PresentRoleProfile.swift in Sources */,
				3E64BCFB24C45F750014E91B /* FirestoreServiceExercise.swift in Sources */,
				3EE3900124BCE78A003AF6D8 /* AppDelegate.swift in Sources */,
				3E87232724BFAD35005FC365 /* Alerts.swift in Sources */,
				3EE3900324BCE78A003AF6D8 /* SceneDelegate.swift in Sources */,
				3E10DA3324C37DB000163F26 /* ProfileRoleModel.swift in Sources */,
				3E8DE57824CC0A6300DFB220 /* ExerciseViewController.swift in Sources */,
				3E10DA3624C3915D00163F26 /* TrainerViewController.swift in Sources */,
				3EE2DDDC24C0CB1000D85CAE /* LoginViewController.swift in Sources */,
				3E87232224BF9FC4005FC365 /* AuthService.swift in Sources */,
				3E64BCFD24C473E60014E91B /* ExerсisesViewController.swift in Sources */,
				3EC3D3BD24C43CE2006B2EE1 /* ExerciseModel.swift in Sources */,
			);
			runOnlyForDeploymentPostprocessing = 0;
		};
/* End PBXSourcesBuildPhase section */

/* Begin PBXVariantGroup section */
		3EE3900624BCE78A003AF6D8 /* Main.storyboard */ = {
			isa = PBXVariantGroup;
			children = (
				3EE3900724BCE78A003AF6D8 /* Base */,
			);
			name = Main.storyboard;
			sourceTree = "<group>";
		};
		3EE3900B24BCE78D003AF6D8 /* LaunchScreen.storyboard */ = {
			isa = PBXVariantGroup;
			children = (
				3EE3900C24BCE78D003AF6D8 /* Base */,
			);
			name = LaunchScreen.storyboard;
			sourceTree = "<group>";
		};
/* End PBXVariantGroup section */

/* Begin XCBuildConfiguration section */
		3EE3900F24BCE78D003AF6D8 /* Debug */ = {
			isa = XCBuildConfiguration;
			buildSettings = {
				ALWAYS_SEARCH_USER_PATHS = NO;
				CLANG_ANALYZER_NONNULL = YES;
				CLANG_ANALYZER_NUMBER_OBJECT_CONVERSION = YES_AGGRESSIVE;
				CLANG_CXX_LANGUAGE_STANDARD = "gnu++14";
				CLANG_CXX_LIBRARY = "libc++";
				CLANG_ENABLE_MODULES = YES;
				CLANG_ENABLE_OBJC_ARC = YES;
				CLANG_ENABLE_OBJC_WEAK = YES;
				CLANG_WARN_BLOCK_CAPTURE_AUTORELEASING = YES;
				CLANG_WARN_BOOL_CONVERSION = YES;
				CLANG_WARN_COMMA = YES;
				CLANG_WARN_CONSTANT_CONVERSION = YES;
				CLANG_WARN_DEPRECATED_OBJC_IMPLEMENTATIONS = YES;
				CLANG_WARN_DIRECT_OBJC_ISA_USAGE = YES_ERROR;
				CLANG_WARN_DOCUMENTATION_COMMENTS = YES;
				CLANG_WARN_EMPTY_BODY = YES;
				CLANG_WARN_ENUM_CONVERSION = YES;
				CLANG_WARN_INFINITE_RECURSION = YES;
				CLANG_WARN_INT_CONVERSION = YES;
				CLANG_WARN_NON_LITERAL_NULL_CONVERSION = YES;
				CLANG_WARN_OBJC_IMPLICIT_RETAIN_SELF = YES;
				CLANG_WARN_OBJC_LITERAL_CONVERSION = YES;
				CLANG_WARN_OBJC_ROOT_CLASS = YES_ERROR;
				CLANG_WARN_RANGE_LOOP_ANALYSIS = YES;
				CLANG_WARN_STRICT_PROTOTYPES = YES;
				CLANG_WARN_SUSPICIOUS_MOVE = YES;
				CLANG_WARN_UNGUARDED_AVAILABILITY = YES_AGGRESSIVE;
				CLANG_WARN_UNREACHABLE_CODE = YES;
				CLANG_WARN__DUPLICATE_METHOD_MATCH = YES;
				COPY_PHASE_STRIP = NO;
				DEBUG_INFORMATION_FORMAT = dwarf;
				ENABLE_STRICT_OBJC_MSGSEND = YES;
				ENABLE_TESTABILITY = YES;
				GCC_C_LANGUAGE_STANDARD = gnu11;
				GCC_DYNAMIC_NO_PIC = NO;
				GCC_NO_COMMON_BLOCKS = YES;
				GCC_OPTIMIZATION_LEVEL = 0;
				GCC_PREPROCESSOR_DEFINITIONS = (
					"DEBUG=1",
					"$(inherited)",
				);
				GCC_WARN_64_TO_32_BIT_CONVERSION = YES;
				GCC_WARN_ABOUT_RETURN_TYPE = YES_ERROR;
				GCC_WARN_UNDECLARED_SELECTOR = YES;
				GCC_WARN_UNINITIALIZED_AUTOS = YES_AGGRESSIVE;
				GCC_WARN_UNUSED_FUNCTION = YES;
				GCC_WARN_UNUSED_VARIABLE = YES;
				IPHONEOS_DEPLOYMENT_TARGET = 13.5;
				MTL_ENABLE_DEBUG_INFO = INCLUDE_SOURCE;
				MTL_FAST_MATH = YES;
				ONLY_ACTIVE_ARCH = YES;
				SDKROOT = iphoneos;
				SWIFT_ACTIVE_COMPILATION_CONDITIONS = DEBUG;
				SWIFT_OPTIMIZATION_LEVEL = "-Onone";
			};
			name = Debug;
		};
		3EE3901024BCE78D003AF6D8 /* Release */ = {
			isa = XCBuildConfiguration;
			buildSettings = {
				ALWAYS_SEARCH_USER_PATHS = NO;
				CLANG_ANALYZER_NONNULL = YES;
				CLANG_ANALYZER_NUMBER_OBJECT_CONVERSION = YES_AGGRESSIVE;
				CLANG_CXX_LANGUAGE_STANDARD = "gnu++14";
				CLANG_CXX_LIBRARY = "libc++";
				CLANG_ENABLE_MODULES = YES;
				CLANG_ENABLE_OBJC_ARC = YES;
				CLANG_ENABLE_OBJC_WEAK = YES;
				CLANG_WARN_BLOCK_CAPTURE_AUTORELEASING = YES;
				CLANG_WARN_BOOL_CONVERSION = YES;
				CLANG_WARN_COMMA = YES;
				CLANG_WARN_CONSTANT_CONVERSION = YES;
				CLANG_WARN_DEPRECATED_OBJC_IMPLEMENTATIONS = YES;
				CLANG_WARN_DIRECT_OBJC_ISA_USAGE = YES_ERROR;
				CLANG_WARN_DOCUMENTATION_COMMENTS = YES;
				CLANG_WARN_EMPTY_BODY = YES;
				CLANG_WARN_ENUM_CONVERSION = YES;
				CLANG_WARN_INFINITE_RECURSION = YES;
				CLANG_WARN_INT_CONVERSION = YES;
				CLANG_WARN_NON_LITERAL_NULL_CONVERSION = YES;
				CLANG_WARN_OBJC_IMPLICIT_RETAIN_SELF = YES;
				CLANG_WARN_OBJC_LITERAL_CONVERSION = YES;
				CLANG_WARN_OBJC_ROOT_CLASS = YES_ERROR;
				CLANG_WARN_RANGE_LOOP_ANALYSIS = YES;
				CLANG_WARN_STRICT_PROTOTYPES = YES;
				CLANG_WARN_SUSPICIOUS_MOVE = YES;
				CLANG_WARN_UNGUARDED_AVAILABILITY = YES_AGGRESSIVE;
				CLANG_WARN_UNREACHABLE_CODE = YES;
				CLANG_WARN__DUPLICATE_METHOD_MATCH = YES;
				COPY_PHASE_STRIP = NO;
				DEBUG_INFORMATION_FORMAT = "dwarf-with-dsym";
				ENABLE_NS_ASSERTIONS = NO;
				ENABLE_STRICT_OBJC_MSGSEND = YES;
				GCC_C_LANGUAGE_STANDARD = gnu11;
				GCC_NO_COMMON_BLOCKS = YES;
				GCC_WARN_64_TO_32_BIT_CONVERSION = YES;
				GCC_WARN_ABOUT_RETURN_TYPE = YES_ERROR;
				GCC_WARN_UNDECLARED_SELECTOR = YES;
				GCC_WARN_UNINITIALIZED_AUTOS = YES_AGGRESSIVE;
				GCC_WARN_UNUSED_FUNCTION = YES;
				GCC_WARN_UNUSED_VARIABLE = YES;
				IPHONEOS_DEPLOYMENT_TARGET = 13.5;
				MTL_ENABLE_DEBUG_INFO = NO;
				MTL_FAST_MATH = YES;
				SDKROOT = iphoneos;
				SWIFT_COMPILATION_MODE = wholemodule;
				SWIFT_OPTIMIZATION_LEVEL = "-O";
				VALIDATE_PRODUCT = YES;
			};
			name = Release;
		};
		3EE3901224BCE78D003AF6D8 /* Debug */ = {
			isa = XCBuildConfiguration;
			baseConfigurationReference = AE4B935F57350FECA01943F2 /* Pods-fitnes.debug.xcconfig */;
			buildSettings = {
				ASSETCATALOG_COMPILER_APPICON_NAME = AppIcon;
				CODE_SIGN_STYLE = Automatic;
				DEVELOPMENT_TEAM = 2H6CKN6S5G;
				INFOPLIST_FILE = fitnes/Info.plist;
				LD_RUNPATH_SEARCH_PATHS = (
					"$(inherited)",
					"@executable_path/Frameworks",
				);
				PRODUCT_BUNDLE_IDENTIFIER = com.yauheniprakapenka.fitnes;
				PRODUCT_NAME = "$(TARGET_NAME)";
				SWIFT_VERSION = 5.0;
				TARGETED_DEVICE_FAMILY = "1,2";
			};
			name = Debug;
		};
		3EE3901324BCE78D003AF6D8 /* Release */ = {
			isa = XCBuildConfiguration;
			baseConfigurationReference = 0D45113D45CEC2A8132EDF62 /* Pods-fitnes.release.xcconfig */;
			buildSettings = {
				ASSETCATALOG_COMPILER_APPICON_NAME = AppIcon;
				CODE_SIGN_STYLE = Automatic;
				DEVELOPMENT_TEAM = 2H6CKN6S5G;
				INFOPLIST_FILE = fitnes/Info.plist;
				LD_RUNPATH_SEARCH_PATHS = (
					"$(inherited)",
					"@executable_path/Frameworks",
				);
				PRODUCT_BUNDLE_IDENTIFIER = com.yauheniprakapenka.fitnes;
				PRODUCT_NAME = "$(TARGET_NAME)";
				SWIFT_VERSION = 5.0;
				TARGETED_DEVICE_FAMILY = "1,2";
			};
			name = Release;
		};
/* End XCBuildConfiguration section */

/* Begin XCConfigurationList section */
		3EE38FF824BCE78A003AF6D8 /* Build configuration list for PBXProject "fitnes" */ = {
			isa = XCConfigurationList;
			buildConfigurations = (
				3EE3900F24BCE78D003AF6D8 /* Debug */,
				3EE3901024BCE78D003AF6D8 /* Release */,
			);
			defaultConfigurationIsVisible = 0;
			defaultConfigurationName = Release;
		};
		3EE3901124BCE78D003AF6D8 /* Build configuration list for PBXNativeTarget "fitnes" */ = {
			isa = XCConfigurationList;
			buildConfigurations = (
				3EE3901224BCE78D003AF6D8 /* Debug */,
				3EE3901324BCE78D003AF6D8 /* Release */,
			);
			defaultConfigurationIsVisible = 0;
			defaultConfigurationName = Release;
		};
/* End XCConfigurationList section */
	};
	rootObject = 3EE38FF524BCE78A003AF6D8 /* Project object */;
}
