// !$*UTF8*$!
{
	archiveVersion = 1;
	classes = {
	};
	objectVersion = 51;
	objects = {

/* Begin PBXBuildFile section */
		3E0435FC24FD70D3003501C5 /* IconImageEnum.swift in Sources */ = {isa = PBXBuildFile; fileRef = 3E0435FB24FD70D3003501C5 /* IconImageEnum.swift */; };
		3E0CDEB424EAFE05001546CD /* AthleteQRAbonementViewController.swift in Sources */ = {isa = PBXBuildFile; fileRef = 3E0CDEB324EAFE05001546CD /* AthleteQRAbonementViewController.swift */; };
		3E10DA3124C3317900163F26 /* ProfileInfoModel.swift in Sources */ = {isa = PBXBuildFile; fileRef = 3E10DA3024C3317900163F26 /* ProfileInfoModel.swift */; };
		3E10DA3324C37DB000163F26 /* ProfileRoleModel.swift in Sources */ = {isa = PBXBuildFile; fileRef = 3E10DA3224C37DB000163F26 /* ProfileRoleModel.swift */; };
		3E10DA3924C39C0F00163F26 /* TrainerModelOld.swift in Sources */ = {isa = PBXBuildFile; fileRef = 3E10DA3824C39C0F00163F26 /* TrainerModelOld.swift */; };
		3E1752C924E169E600F823A8 /* ChatModel.swift in Sources */ = {isa = PBXBuildFile; fileRef = 3E1752C824E169E600F823A8 /* ChatModel.swift */; };
		3E1752CB24E16A1500F823A8 /* TrainerModel.swift in Sources */ = {isa = PBXBuildFile; fileRef = 3E1752CA24E16A1500F823A8 /* TrainerModel.swift */; };
		3E1752D024E1A01500F823A8 /* TrainingModel.swift in Sources */ = {isa = PBXBuildFile; fileRef = 3E1752CF24E1A01500F823A8 /* TrainingModel.swift */; };
		3E1752D224E1A09000F823A8 /* CalendarTrainingModel.swift in Sources */ = {isa = PBXBuildFile; fileRef = 3E1752D124E1A09000F823A8 /* CalendarTrainingModel.swift */; };
		3E1752D824E1E99000F823A8 /* FindPlaceViewController.swift in Sources */ = {isa = PBXBuildFile; fileRef = 3E1752D724E1E99000F823A8 /* FindPlaceViewController.swift */; };
		3E1752E024E2954F00F823A8 /* TrainingCell.swift in Sources */ = {isa = PBXBuildFile; fileRef = 3E1752DF24E2954F00F823A8 /* TrainingCell.swift */; };
		3E3B660424FFEF6100D1068F /* ProfileModel.swift in Sources */ = {isa = PBXBuildFile; fileRef = 3E3B660324FFEF6100D1068F /* ProfileModel.swift */; };
		3E3B66062500231C00D1068F /* ApiGetUser.swift in Sources */ = {isa = PBXBuildFile; fileRef = 3E3B66052500231C00D1068F /* ApiGetUser.swift */; };
		3E3D927B24E8017300EEE0C6 /* CreateAbonementViewController.swift in Sources */ = {isa = PBXBuildFile; fileRef = 3E3D927A24E8017300EEE0C6 /* CreateAbonementViewController.swift */; };
		3E3D927D24E80D4400EEE0C6 /* HapticFeedbackEnum.swift in Sources */ = {isa = PBXBuildFile; fileRef = 3E3D927C24E80D4400EEE0C6 /* HapticFeedbackEnum.swift */; };
		3E3D927F24E813E200EEE0C6 /* LoginViewController.swift in Sources */ = {isa = PBXBuildFile; fileRef = 3E3D927E24E813E200EEE0C6 /* LoginViewController.swift */; };
		3E3D928124E8555800EEE0C6 /* RegistrationViewController.swift in Sources */ = {isa = PBXBuildFile; fileRef = 3E3D928024E8555800EEE0C6 /* RegistrationViewController.swift */; };
		3E3D928324E864F800EEE0C6 /* AbonementModel.swift in Sources */ = {isa = PBXBuildFile; fileRef = 3E3D928224E864F800EEE0C6 /* AbonementModel.swift */; };
		3E3F6FBB24F57F15007A1E67 /* AlertViewController.swift in Sources */ = {isa = PBXBuildFile; fileRef = 3E3F6FBA24F57F15007A1E67 /* AlertViewController.swift */; };
		3E444AA424D1E4B70004B978 /* ComingTrainingCollectionCell.swift in Sources */ = {isa = PBXBuildFile; fileRef = 3E444AA324D1E4B70004B978 /* ComingTrainingCollectionCell.swift */; };
		3E444AA724D1E5230004B978 /* FAvatarImageView.swift in Sources */ = {isa = PBXBuildFile; fileRef = 3E444AA624D1E5230004B978 /* FAvatarImageView.swift */; };
		3E444AAA24D1E5830004B978 /* HeaderViewController.swift in Sources */ = {isa = PBXBuildFile; fileRef = 3E444AA924D1E5830004B978 /* HeaderViewController.swift */; };
		3E444AAC24D1E5A40004B978 /* ComingTrainingViewController.swift in Sources */ = {isa = PBXBuildFile; fileRef = 3E444AAB24D1E5A40004B978 /* ComingTrainingViewController.swift */; };
		3E444AAF24D1E5DD0004B978 /* FLabel.swift in Sources */ = {isa = PBXBuildFile; fileRef = 3E444AAE24D1E5DD0004B978 /* FLabel.swift */; };
		3E444AB224D201350004B978 /* FViewItem.swift in Sources */ = {isa = PBXBuildFile; fileRef = 3E444AB124D201350004B978 /* FViewItem.swift */; };
		3E444AB424D2065E0004B978 /* ItemsTrainerViewController.swift in Sources */ = {isa = PBXBuildFile; fileRef = 3E444AB324D2065E0004B978 /* ItemsTrainerViewController.swift */; };
		3E444AB624D21ACC0004B978 /* FButtonWithBackgroundColor.swift in Sources */ = {isa = PBXBuildFile; fileRef = 3E444AB524D21ACC0004B978 /* FButtonWithBackgroundColor.swift */; };
		3E444ABB24D220760004B978 /* FViewHorisontalLine.swift in Sources */ = {isa = PBXBuildFile; fileRef = 3E444ABA24D220760004B978 /* FViewHorisontalLine.swift */; };
		3E444ABF24D340560004B978 /* FViewShape.swift in Sources */ = {isa = PBXBuildFile; fileRef = 3E444ABE24D340560004B978 /* FViewShape.swift */; };
		3E444AC124D35E2D0004B978 /* FButtonSimple.swift in Sources */ = {isa = PBXBuildFile; fileRef = 3E444AC024D35E2D0004B978 /* FButtonSimple.swift */; };
		3E60118A24E9845A00CAE51B /* ColorConverter.swift in Sources */ = {isa = PBXBuildFile; fileRef = 3E60118924E9845A00CAE51B /* ColorConverter.swift */; };
		3E60118C24E98C4300CAE51B /* FViewColors.swift in Sources */ = {isa = PBXBuildFile; fileRef = 3E60118B24E98C4300CAE51B /* FViewColors.swift */; };
		3E60118E24E9BE4D00CAE51B /* DismissKeyboardWhenTap.swift in Sources */ = {isa = PBXBuildFile; fileRef = 3E60118D24E9BE4D00CAE51B /* DismissKeyboardWhenTap.swift */; };
		3E60119324E9E06700CAE51B /* ViewColorEnum.swift in Sources */ = {isa = PBXBuildFile; fileRef = 3E60119224E9E06700CAE51B /* ViewColorEnum.swift */; };
		3E63718824CF4C7600483A56 /* QRGenerator.swift in Sources */ = {isa = PBXBuildFile; fileRef = 3E63718724CF4C7600483A56 /* QRGenerator.swift */; };
		3E63718C24CF621100483A56 /* QRScannerViewController.swift in Sources */ = {isa = PBXBuildFile; fileRef = 3E63718B24CF621100483A56 /* QRScannerViewController.swift */; };
		3E64BCF624C45DB40014E91B /* FirestoreServiceTrainer.swift in Sources */ = {isa = PBXBuildFile; fileRef = 3E64BCF524C45DB40014E91B /* FirestoreServiceTrainer.swift */; };
		3E64BCF924C45DFC0014E91B /* FirestoreServiceProfile.swift in Sources */ = {isa = PBXBuildFile; fileRef = 3E64BCF824C45DFC0014E91B /* FirestoreServiceProfile.swift */; };
		3E64BCFB24C45F750014E91B /* FirestoreServiceExercise.swift in Sources */ = {isa = PBXBuildFile; fileRef = 3E64BCFA24C45F750014E91B /* FirestoreServiceExercise.swift */; };
		3E707E2E24C48C1E0049BAB6 /* ExercisesListModel.swift in Sources */ = {isa = PBXBuildFile; fileRef = 3E707E2D24C48C1E0049BAB6 /* ExercisesListModel.swift */; };
		3E70A12A250170C300353159 /* UserModel.swift in Sources */ = {isa = PBXBuildFile; fileRef = 3E70A129250170C300353159 /* UserModel.swift */; };
		3E70A12C2503785F00353159 /* IsInvalidPasswordError.swift in Sources */ = {isa = PBXBuildFile; fileRef = 3E70A12B2503785F00353159 /* IsInvalidPasswordError.swift */; };
		3E70A12E25038AAD00353159 /* FRadioButtonView.swift in Sources */ = {isa = PBXBuildFile; fileRef = 3E70A12D25038AAD00353159 /* FRadioButtonView.swift */; };
		3E82C78F24DC72EB00145E9D /* TitleAndCheckboxCell.swift in Sources */ = {isa = PBXBuildFile; fileRef = 3E82C78E24DC72EB00145E9D /* TitleAndCheckboxCell.swift */; };
		3E82C79124DC8CA000145E9D /* FButtonCheckmark.swift in Sources */ = {isa = PBXBuildFile; fileRef = 3E82C79024DC8CA000145E9D /* FButtonCheckmark.swift */; };
		3E82E21C24DCA8B100145E9D /* FButtonWithSFSymbol.swift in Sources */ = {isa = PBXBuildFile; fileRef = 3E82E21B24DCA8B100145E9D /* FButtonWithSFSymbol.swift */; };
		3E82E21E24DCA96500145E9D /* AthleteViewController.swift in Sources */ = {isa = PBXBuildFile; fileRef = 3E82E21D24DCA96500145E9D /* AthleteViewController.swift */; };
		3E82E22024DCAC3800145E9D /* ItemsAthleteViewController.swift in Sources */ = {isa = PBXBuildFile; fileRef = 3E82E21F24DCAC3800145E9D /* ItemsAthleteViewController.swift */; };
		3E87231F24BF9476005FC365 /* GoogleService-Info.plist in Resources */ = {isa = PBXBuildFile; fileRef = 3E87231E24BF9476005FC365 /* GoogleService-Info.plist */; };
		3E87232224BF9FC4005FC365 /* AuthService.swift in Sources */ = {isa = PBXBuildFile; fileRef = 3E87232124BF9FC4005FC365 /* AuthService.swift */; };
		3E87232724BFAD35005FC365 /* UIViewController + Alerts.swift in Sources */ = {isa = PBXBuildFile; fileRef = 3E87232624BFAD35005FC365 /* UIViewController + Alerts.swift */; };
		3E8DE58324CD9DFA00DFB220 /* TypeSectionEnum.swift in Sources */ = {isa = PBXBuildFile; fileRef = 3E8DE58224CD9DFA00DFB220 /* TypeSectionEnum.swift */; };
		3E99FB1124FBADF700F1F1F9 /* NetworkManager.swift in Sources */ = {isa = PBXBuildFile; fileRef = 3E99FB1024FBADF700F1F1F9 /* NetworkManager.swift */; };
		3E99FB1324FBD86300F1F1F9 /* ApiErrorEnum.swift in Sources */ = {isa = PBXBuildFile; fileRef = 3E99FB1224FBD86300F1F1F9 /* ApiErrorEnum.swift */; };
		3E99FB1524FBD8FB00F1F1F9 /* RegistrationModel.swift in Sources */ = {isa = PBXBuildFile; fileRef = 3E99FB1424FBD8FB00F1F1F9 /* RegistrationModel.swift */; };
		3EA3F39424E049A400DA5959 /* ChatViewController.swift in Sources */ = {isa = PBXBuildFile; fileRef = 3EA3F39324E049A400DA5959 /* ChatViewController.swift */; };
		3EA5A5C524E2CD5A00745F73 /* WKWebViewController.swift in Sources */ = {isa = PBXBuildFile; fileRef = 3EA5A5C424E2CD5A00745F73 /* WKWebViewController.swift */; };
		3EAA2E4224FDB3A300C8D08D /* ApiOauthToken.swift in Sources */ = {isa = PBXBuildFile; fileRef = 3EAA2E4124FDB3A300C8D08D /* ApiOauthToken.swift */; };
		3EAA2E4524FEE47300C8D08D /* TokenModel.swift in Sources */ = {isa = PBXBuildFile; fileRef = 3EAA2E4424FEE47300C8D08D /* TokenModel.swift */; };
		3EAD44E924E45D9A0044264C /* BuyAbonementViewController.swift in Sources */ = {isa = PBXBuildFile; fileRef = 3EAD44E824E45D9A0044264C /* BuyAbonementViewController.swift */; };
		3EB0F98024D0B91D00AC97EB /* TrainerViewController.swift in Sources */ = {isa = PBXBuildFile; fileRef = 3EB0F97F24D0B91D00AC97EB /* TrainerViewController.swift */; };
		3EC3D3BD24C43CE2006B2EE1 /* ExerciseModelOld.swift in Sources */ = {isa = PBXBuildFile; fileRef = 3EC3D3BC24C43CE2006B2EE1 /* ExerciseModelOld.swift */; };
		3EC9CD5E24D87C1800B1F8C6 /* ExercisesViewController.swift in Sources */ = {isa = PBXBuildFile; fileRef = 3EC9CD5D24D87C1800B1F8C6 /* ExercisesViewController.swift */; };
		3EC9CD6024D87F7500B1F8C6 /* MyExerciseCollectionCell.swift in Sources */ = {isa = PBXBuildFile; fileRef = 3EC9CD5F24D87F7500B1F8C6 /* MyExerciseCollectionCell.swift */; };
		3EC9CD6224D8A8BD00B1F8C6 /* RoleEnum.swift in Sources */ = {isa = PBXBuildFile; fileRef = 3EC9CD6124D8A8BD00B1F8C6 /* RoleEnum.swift */; };
		3ED7037124DB38B600E4DB9F /* FTextField.swift in Sources */ = {isa = PBXBuildFile; fileRef = 3ED7037024DB38B600E4DB9F /* FTextField.swift */; };
		3ED7037424DB45EE00E4DB9F /* ExerciseModelNew.swift in Sources */ = {isa = PBXBuildFile; fileRef = 3ED7037324DB45EE00E4DB9F /* ExerciseModelNew.swift */; };
		3ED8381524F10A3100C12B42 /* GeolocationConverter.swift in Sources */ = {isa = PBXBuildFile; fileRef = 3ED8381424F10A3100C12B42 /* GeolocationConverter.swift */; };
		3EDB022324ED977200A4808F /* PlaceModel.swift in Sources */ = {isa = PBXBuildFile; fileRef = 3EDB022224ED977200A4808F /* PlaceModel.swift */; };
		3EE2DDDE24C0CF7E00D85CAE /* EmailValidation.swift in Sources */ = {isa = PBXBuildFile; fileRef = 3EE2DDDD24C0CF7E00D85CAE /* EmailValidation.swift */; };
		3EE2DDE024C0D4D800D85CAE /* ValidationError.swift in Sources */ = {isa = PBXBuildFile; fileRef = 3EE2DDDF24C0D4D800D85CAE /* ValidationError.swift */; };
		3EE2DDEA24C0F7D700D85CAE /* FirestoreService.swift in Sources */ = {isa = PBXBuildFile; fileRef = 3EE2DDE924C0F7D700D85CAE /* FirestoreService.swift */; };
		3EE3900124BCE78A003AF6D8 /* AppDelegate.swift in Sources */ = {isa = PBXBuildFile; fileRef = 3EE3900024BCE78A003AF6D8 /* AppDelegate.swift */; };
		3EE3900324BCE78A003AF6D8 /* SceneDelegate.swift in Sources */ = {isa = PBXBuildFile; fileRef = 3EE3900224BCE78A003AF6D8 /* SceneDelegate.swift */; };
		3EE3900824BCE78A003AF6D8 /* Main.storyboard in Resources */ = {isa = PBXBuildFile; fileRef = 3EE3900624BCE78A003AF6D8 /* Main.storyboard */; };
		3EE3900D24BCE78D003AF6D8 /* LaunchScreen.storyboard in Resources */ = {isa = PBXBuildFile; fileRef = 3EE3900B24BCE78D003AF6D8 /* LaunchScreen.storyboard */; };
		3EE3901824BCFEF6003AF6D8 /* Assets.xcassets in Resources */ = {isa = PBXBuildFile; fileRef = 3EE3901724BCFEF6003AF6D8 /* Assets.xcassets */; };
		3EE586DF24DD376200CA0530 /* AbonementsViewController.swift in Sources */ = {isa = PBXBuildFile; fileRef = 3EE586DE24DD376200CA0530 /* AbonementsViewController.swift */; };
		3EE586E124DD3A0500CA0530 /* AbonementsCollectionCell.swift in Sources */ = {isa = PBXBuildFile; fileRef = 3EE586E024DD3A0500CA0530 /* AbonementsCollectionCell.swift */; };
		3EE586E424DD5A8100CA0530 /* AthleteParameterViewController.swift in Sources */ = {isa = PBXBuildFile; fileRef = 3EE586E324DD5A8100CA0530 /* AthleteParameterViewController.swift */; };
		3EE586EA24DDBF9400CA0530 /* FButtonFran.swift in Sources */ = {isa = PBXBuildFile; fileRef = 3EE586E924DDBF9400CA0530 /* FButtonFran.swift */; };
		3EE586EC24DE863600CA0530 /* FindTrainerViewController.swift in Sources */ = {isa = PBXBuildFile; fileRef = 3EE586EB24DE863600CA0530 /* FindTrainerViewController.swift */; };
		3EE586F024DEA0B100CA0530 /* FindTrainerCollectionCell.swift in Sources */ = {isa = PBXBuildFile; fileRef = 3EE586EF24DEA0B100CA0530 /* FindTrainerCollectionCell.swift */; };
		3EE586F224DED1A000CA0530 /* TrainerFromSearchViewController.swift in Sources */ = {isa = PBXBuildFile; fileRef = 3EE586F124DED1A000CA0530 /* TrainerFromSearchViewController.swift */; };
		3EE586F424DEEA1B00CA0530 /* FViewContentPlace.swift in Sources */ = {isa = PBXBuildFile; fileRef = 3EE586F324DEEA1B00CA0530 /* FViewContentPlace.swift */; };
		3EE586F624DF31D000CA0530 /* CalendarViewController.swift in Sources */ = {isa = PBXBuildFile; fileRef = 3EE586F524DF31D000CA0530 /* CalendarViewController.swift */; };
		3EE586F824DF484C00CA0530 /* CalendarTrainingCell.swift in Sources */ = {isa = PBXBuildFile; fileRef = 3EE586F724DF484C00CA0530 /* CalendarTrainingCell.swift */; };
		3EE586FC24DFAFCE00CA0530 /* DayOfWeekConverter.swift in Sources */ = {isa = PBXBuildFile; fileRef = 3EE586FB24DFAFCE00CA0530 /* DayOfWeekConverter.swift */; };
		3EE586FE24DFBEFC00CA0530 /* NumberOfDayConverter.swift in Sources */ = {isa = PBXBuildFile; fileRef = 3EE586FD24DFBEFC00CA0530 /* NumberOfDayConverter.swift */; };
		3EE5870224DFC2DC00CA0530 /* MonthConverter.swift in Sources */ = {isa = PBXBuildFile; fileRef = 3EE5870124DFC2DC00CA0530 /* MonthConverter.swift */; };
		3EE5870424DFCB7000CA0530 /* FImageView.swift in Sources */ = {isa = PBXBuildFile; fileRef = 3EE5870324DFCB7000CA0530 /* FImageView.swift */; };
		3EE5870724E01C1000CA0530 /* HapticFeedback.swift in Sources */ = {isa = PBXBuildFile; fileRef = 3EE5870624E01C1000CA0530 /* HapticFeedback.swift */; };
		3EE5A64C24D7150C004110C6 /* TrainingViewController.swift in Sources */ = {isa = PBXBuildFile; fileRef = 3EE5A64B24D7150C004110C6 /* TrainingViewController.swift */; };
		3EE5A64E24D71631004110C6 /* MyTrainingCollectionCell.swift in Sources */ = {isa = PBXBuildFile; fileRef = 3EE5A64D24D71631004110C6 /* MyTrainingCollectionCell.swift */; };
		3EE5E29324FD9B9B00705B89 /* ApiRegistration.swift in Sources */ = {isa = PBXBuildFile; fileRef = 3EE5E29224FD9B9A00705B89 /* ApiRegistration.swift */; };
		3EEB9C2524D9FEA400E1EC0B /* ConverterFromEnumToString.swift in Sources */ = {isa = PBXBuildFile; fileRef = 3EEB9C2424D9FEA400E1EC0B /* ConverterFromEnumToString.swift */; };
		3EEB9C2724D9FF2C00E1EC0B /* ConverterFromStringToEnum.swift in Sources */ = {isa = PBXBuildFile; fileRef = 3EEB9C2624D9FF2C00E1EC0B /* ConverterFromStringToEnum.swift */; };
		3EF15F8C24EC6A8400ED5A1C /* SetPlaceViewController.swift in Sources */ = {isa = PBXBuildFile; fileRef = 3EF15F8B24EC6A8400ED5A1C /* SetPlaceViewController.swift */; };
		3EF15F8E24EC6BEE00ED5A1C /* FViewBlankPlace.swift in Sources */ = {isa = PBXBuildFile; fileRef = 3EF15F8D24EC6BEE00ED5A1C /* FViewBlankPlace.swift */; };
		D97B8932EFE3294B6EA84B7A /* Pods_fitnes.framework in Frameworks */ = {isa = PBXBuildFile; fileRef = E01013C623807B1D5ED3E017 /* Pods_fitnes.framework */; };
		F843119F24F5678A008CC50D /* TrainingProgramm.framework in Frameworks */ = {isa = PBXBuildFile; fileRef = F843119E24F5678A008CC50D /* TrainingProgramm.framework */; };
		F84311A024F5678A008CC50D /* TrainingProgramm.framework in Embed Frameworks */ = {isa = PBXBuildFile; fileRef = F843119E24F5678A008CC50D /* TrainingProgramm.framework */; settings = {ATTRIBUTES = (CodeSignOnCopy, RemoveHeadersOnCopy, ); }; };
		F870DC2224F464A2003C3A29 /* RoundedTextField.swift in Sources */ = {isa = PBXBuildFile; fileRef = F870DC2124F464A2003C3A29 /* RoundedTextField.swift */; };
		F8FACC5224F51D6C00B52063 /* FitnessExtensions.framework in Frameworks */ = {isa = PBXBuildFile; fileRef = F8FACC5124F51D6C00B52063 /* FitnessExtensions.framework */; };
		F8FACC5324F51D6C00B52063 /* FitnessExtensions.framework in Embed Frameworks */ = {isa = PBXBuildFile; fileRef = F8FACC5124F51D6C00B52063 /* FitnessExtensions.framework */; settings = {ATTRIBUTES = (CodeSignOnCopy, RemoveHeadersOnCopy, ); }; };
/* End PBXBuildFile section */

/* Begin PBXCopyFilesBuildPhase section */
		F8FACC2124F5167900B52063 /* Embed Frameworks */ = {
			isa = PBXCopyFilesBuildPhase;
			buildActionMask = 2147483647;
			dstPath = "";
			dstSubfolderSpec = 10;
			files = (
				F8FACC5324F51D6C00B52063 /* FitnessExtensions.framework in Embed Frameworks */,
				F84311A024F5678A008CC50D /* TrainingProgramm.framework in Embed Frameworks */,
			);
			name = "Embed Frameworks";
			runOnlyForDeploymentPostprocessing = 0;
		};
/* End PBXCopyFilesBuildPhase section */

/* Begin PBXFileReference section */
		0D45113D45CEC2A8132EDF62 /* Pods-fitnes.release.xcconfig */ = {isa = PBXFileReference; includeInIndex = 1; lastKnownFileType = text.xcconfig; name = "Pods-fitnes.release.xcconfig"; path = "Target Support Files/Pods-fitnes/Pods-fitnes.release.xcconfig"; sourceTree = "<group>"; };
		3E0435FB24FD70D3003501C5 /* IconImageEnum.swift */ = {isa = PBXFileReference; lastKnownFileType = sourcecode.swift; path = IconImageEnum.swift; sourceTree = "<group>"; };
		3E0CDEB324EAFE05001546CD /* AthleteQRAbonementViewController.swift */ = {isa = PBXFileReference; lastKnownFileType = sourcecode.swift; path = AthleteQRAbonementViewController.swift; sourceTree = "<group>"; };
		3E10DA3024C3317900163F26 /* ProfileInfoModel.swift */ = {isa = PBXFileReference; lastKnownFileType = sourcecode.swift; path = ProfileInfoModel.swift; sourceTree = "<group>"; };
		3E10DA3224C37DB000163F26 /* ProfileRoleModel.swift */ = {isa = PBXFileReference; lastKnownFileType = sourcecode.swift; path = ProfileRoleModel.swift; sourceTree = "<group>"; };
		3E10DA3824C39C0F00163F26 /* TrainerModelOld.swift */ = {isa = PBXFileReference; lastKnownFileType = sourcecode.swift; path = TrainerModelOld.swift; sourceTree = "<group>"; };
		3E1752C824E169E600F823A8 /* ChatModel.swift */ = {isa = PBXFileReference; lastKnownFileType = sourcecode.swift; path = ChatModel.swift; sourceTree = "<group>"; };
		3E1752CA24E16A1500F823A8 /* TrainerModel.swift */ = {isa = PBXFileReference; lastKnownFileType = sourcecode.swift; path = TrainerModel.swift; sourceTree = "<group>"; };
		3E1752CF24E1A01500F823A8 /* TrainingModel.swift */ = {isa = PBXFileReference; lastKnownFileType = sourcecode.swift; path = TrainingModel.swift; sourceTree = "<group>"; };
		3E1752D124E1A09000F823A8 /* CalendarTrainingModel.swift */ = {isa = PBXFileReference; lastKnownFileType = sourcecode.swift; path = CalendarTrainingModel.swift; sourceTree = "<group>"; };
		3E1752D724E1E99000F823A8 /* FindPlaceViewController.swift */ = {isa = PBXFileReference; fileEncoding = 4; lastKnownFileType = sourcecode.swift; path = FindPlaceViewController.swift; sourceTree = "<group>"; };
		3E1752DF24E2954F00F823A8 /* TrainingCell.swift */ = {isa = PBXFileReference; lastKnownFileType = sourcecode.swift; path = TrainingCell.swift; sourceTree = "<group>"; };
		3E3B660324FFEF6100D1068F /* ProfileModel.swift */ = {isa = PBXFileReference; lastKnownFileType = sourcecode.swift; path = ProfileModel.swift; sourceTree = "<group>"; };
		3E3B66052500231C00D1068F /* ApiGetUser.swift */ = {isa = PBXFileReference; lastKnownFileType = sourcecode.swift; path = ApiGetUser.swift; sourceTree = "<group>"; };
		3E3D927A24E8017300EEE0C6 /* CreateAbonementViewController.swift */ = {isa = PBXFileReference; lastKnownFileType = sourcecode.swift; path = CreateAbonementViewController.swift; sourceTree = "<group>"; };
		3E3D927C24E80D4400EEE0C6 /* HapticFeedbackEnum.swift */ = {isa = PBXFileReference; lastKnownFileType = sourcecode.swift; path = HapticFeedbackEnum.swift; sourceTree = "<group>"; };
		3E3D927E24E813E200EEE0C6 /* LoginViewController.swift */ = {isa = PBXFileReference; lastKnownFileType = sourcecode.swift; path = LoginViewController.swift; sourceTree = "<group>"; };
		3E3D928024E8555800EEE0C6 /* RegistrationViewController.swift */ = {isa = PBXFileReference; lastKnownFileType = sourcecode.swift; path = RegistrationViewController.swift; sourceTree = "<group>"; };
		3E3D928224E864F800EEE0C6 /* AbonementModel.swift */ = {isa = PBXFileReference; lastKnownFileType = sourcecode.swift; path = AbonementModel.swift; sourceTree = "<group>"; };
		3E3F6FBA24F57F15007A1E67 /* AlertViewController.swift */ = {isa = PBXFileReference; lastKnownFileType = sourcecode.swift; path = AlertViewController.swift; sourceTree = "<group>"; };
		3E444AA324D1E4B70004B978 /* ComingTrainingCollectionCell.swift */ = {isa = PBXFileReference; lastKnownFileType = sourcecode.swift; path = ComingTrainingCollectionCell.swift; sourceTree = "<group>"; };
		3E444AA624D1E5230004B978 /* FAvatarImageView.swift */ = {isa = PBXFileReference; lastKnownFileType = sourcecode.swift; path = FAvatarImageView.swift; sourceTree = "<group>"; };
		3E444AA924D1E5830004B978 /* HeaderViewController.swift */ = {isa = PBXFileReference; lastKnownFileType = sourcecode.swift; path = HeaderViewController.swift; sourceTree = "<group>"; };
		3E444AAB24D1E5A40004B978 /* ComingTrainingViewController.swift */ = {isa = PBXFileReference; lastKnownFileType = sourcecode.swift; path = ComingTrainingViewController.swift; sourceTree = "<group>"; };
		3E444AAE24D1E5DD0004B978 /* FLabel.swift */ = {isa = PBXFileReference; lastKnownFileType = sourcecode.swift; path = FLabel.swift; sourceTree = "<group>"; };
		3E444AB124D201350004B978 /* FViewItem.swift */ = {isa = PBXFileReference; lastKnownFileType = sourcecode.swift; path = FViewItem.swift; sourceTree = "<group>"; };
		3E444AB324D2065E0004B978 /* ItemsTrainerViewController.swift */ = {isa = PBXFileReference; lastKnownFileType = sourcecode.swift; path = ItemsTrainerViewController.swift; sourceTree = "<group>"; };
		3E444AB524D21ACC0004B978 /* FButtonWithBackgroundColor.swift */ = {isa = PBXFileReference; lastKnownFileType = sourcecode.swift; path = FButtonWithBackgroundColor.swift; sourceTree = "<group>"; };
		3E444ABA24D220760004B978 /* FViewHorisontalLine.swift */ = {isa = PBXFileReference; lastKnownFileType = sourcecode.swift; path = FViewHorisontalLine.swift; sourceTree = "<group>"; };
		3E444ABE24D340560004B978 /* FViewShape.swift */ = {isa = PBXFileReference; lastKnownFileType = sourcecode.swift; path = FViewShape.swift; sourceTree = "<group>"; };
		3E444AC024D35E2D0004B978 /* FButtonSimple.swift */ = {isa = PBXFileReference; lastKnownFileType = sourcecode.swift; path = FButtonSimple.swift; sourceTree = "<group>"; };
		3E60118924E9845A00CAE51B /* ColorConverter.swift */ = {isa = PBXFileReference; lastKnownFileType = sourcecode.swift; path = ColorConverter.swift; sourceTree = "<group>"; };
		3E60118B24E98C4300CAE51B /* FViewColors.swift */ = {isa = PBXFileReference; lastKnownFileType = sourcecode.swift; path = FViewColors.swift; sourceTree = "<group>"; };
		3E60118D24E9BE4D00CAE51B /* DismissKeyboardWhenTap.swift */ = {isa = PBXFileReference; lastKnownFileType = sourcecode.swift; path = DismissKeyboardWhenTap.swift; sourceTree = "<group>"; };
		3E60119224E9E06700CAE51B /* ViewColorEnum.swift */ = {isa = PBXFileReference; lastKnownFileType = sourcecode.swift; path = ViewColorEnum.swift; sourceTree = "<group>"; };
		3E63718724CF4C7600483A56 /* QRGenerator.swift */ = {isa = PBXFileReference; lastKnownFileType = sourcecode.swift; path = QRGenerator.swift; sourceTree = "<group>"; };
		3E63718B24CF621100483A56 /* QRScannerViewController.swift */ = {isa = PBXFileReference; lastKnownFileType = sourcecode.swift; path = QRScannerViewController.swift; sourceTree = "<group>"; };
		3E64BCF524C45DB40014E91B /* FirestoreServiceTrainer.swift */ = {isa = PBXFileReference; lastKnownFileType = sourcecode.swift; path = FirestoreServiceTrainer.swift; sourceTree = "<group>"; };
		3E64BCF824C45DFC0014E91B /* FirestoreServiceProfile.swift */ = {isa = PBXFileReference; lastKnownFileType = sourcecode.swift; path = FirestoreServiceProfile.swift; sourceTree = "<group>"; };
		3E64BCFA24C45F750014E91B /* FirestoreServiceExercise.swift */ = {isa = PBXFileReference; lastKnownFileType = sourcecode.swift; path = FirestoreServiceExercise.swift; sourceTree = "<group>"; };
		3E707E2D24C48C1E0049BAB6 /* ExercisesListModel.swift */ = {isa = PBXFileReference; lastKnownFileType = sourcecode.swift; path = ExercisesListModel.swift; sourceTree = "<group>"; };
		3E70A129250170C300353159 /* UserModel.swift */ = {isa = PBXFileReference; lastKnownFileType = sourcecode.swift; path = UserModel.swift; sourceTree = "<group>"; };
		3E70A12B2503785F00353159 /* IsInvalidPasswordError.swift */ = {isa = PBXFileReference; lastKnownFileType = sourcecode.swift; path = IsInvalidPasswordError.swift; sourceTree = "<group>"; };
		3E70A12D25038AAD00353159 /* FRadioButtonView.swift */ = {isa = PBXFileReference; lastKnownFileType = sourcecode.swift; path = FRadioButtonView.swift; sourceTree = "<group>"; };
		3E82C78E24DC72EB00145E9D /* TitleAndCheckboxCell.swift */ = {isa = PBXFileReference; lastKnownFileType = sourcecode.swift; path = TitleAndCheckboxCell.swift; sourceTree = "<group>"; };
		3E82C79024DC8CA000145E9D /* FButtonCheckmark.swift */ = {isa = PBXFileReference; lastKnownFileType = sourcecode.swift; path = FButtonCheckmark.swift; sourceTree = "<group>"; };
		3E82E21B24DCA8B100145E9D /* FButtonWithSFSymbol.swift */ = {isa = PBXFileReference; lastKnownFileType = sourcecode.swift; path = FButtonWithSFSymbol.swift; sourceTree = "<group>"; };
		3E82E21D24DCA96500145E9D /* AthleteViewController.swift */ = {isa = PBXFileReference; lastKnownFileType = sourcecode.swift; path = AthleteViewController.swift; sourceTree = "<group>"; };
		3E82E21F24DCAC3800145E9D /* ItemsAthleteViewController.swift */ = {isa = PBXFileReference; lastKnownFileType = sourcecode.swift; path = ItemsAthleteViewController.swift; sourceTree = "<group>"; };
		3E87231E24BF9476005FC365 /* GoogleService-Info.plist */ = {isa = PBXFileReference; fileEncoding = 4; lastKnownFileType = text.plist.xml; path = "GoogleService-Info.plist"; sourceTree = "<group>"; };
		3E87232124BF9FC4005FC365 /* AuthService.swift */ = {isa = PBXFileReference; lastKnownFileType = sourcecode.swift; path = AuthService.swift; sourceTree = "<group>"; };
		3E87232624BFAD35005FC365 /* UIViewController + Alerts.swift */ = {isa = PBXFileReference; lastKnownFileType = sourcecode.swift; path = "UIViewController + Alerts.swift"; sourceTree = "<group>"; };
		3E8DE58224CD9DFA00DFB220 /* TypeSectionEnum.swift */ = {isa = PBXFileReference; lastKnownFileType = sourcecode.swift; path = TypeSectionEnum.swift; sourceTree = "<group>"; };
		3E99FB1024FBADF700F1F1F9 /* NetworkManager.swift */ = {isa = PBXFileReference; lastKnownFileType = sourcecode.swift; path = NetworkManager.swift; sourceTree = "<group>"; };
		3E99FB1224FBD86300F1F1F9 /* ApiErrorEnum.swift */ = {isa = PBXFileReference; lastKnownFileType = sourcecode.swift; path = ApiErrorEnum.swift; sourceTree = "<group>"; };
		3E99FB1424FBD8FB00F1F1F9 /* RegistrationModel.swift */ = {isa = PBXFileReference; lastKnownFileType = sourcecode.swift; path = RegistrationModel.swift; sourceTree = "<group>"; };
		3EA3F39324E049A400DA5959 /* ChatViewController.swift */ = {isa = PBXFileReference; lastKnownFileType = sourcecode.swift; path = ChatViewController.swift; sourceTree = "<group>"; };
		3EA5A5C424E2CD5A00745F73 /* WKWebViewController.swift */ = {isa = PBXFileReference; lastKnownFileType = sourcecode.swift; path = WKWebViewController.swift; sourceTree = "<group>"; };
		3EAA2E4124FDB3A300C8D08D /* ApiOauthToken.swift */ = {isa = PBXFileReference; lastKnownFileType = sourcecode.swift; path = ApiOauthToken.swift; sourceTree = "<group>"; };
		3EAA2E4424FEE47300C8D08D /* TokenModel.swift */ = {isa = PBXFileReference; lastKnownFileType = sourcecode.swift; path = TokenModel.swift; sourceTree = "<group>"; };
		3EAD44E824E45D9A0044264C /* BuyAbonementViewController.swift */ = {isa = PBXFileReference; lastKnownFileType = sourcecode.swift; path = BuyAbonementViewController.swift; sourceTree = "<group>"; };
		3EB0F97F24D0B91D00AC97EB /* TrainerViewController.swift */ = {isa = PBXFileReference; lastKnownFileType = sourcecode.swift; path = TrainerViewController.swift; sourceTree = "<group>"; };
		3EC3D3BC24C43CE2006B2EE1 /* ExerciseModelOld.swift */ = {isa = PBXFileReference; lastKnownFileType = sourcecode.swift; path = ExerciseModelOld.swift; sourceTree = "<group>"; };
		3EC9CD5D24D87C1800B1F8C6 /* ExercisesViewController.swift */ = {isa = PBXFileReference; lastKnownFileType = sourcecode.swift; path = ExercisesViewController.swift; sourceTree = "<group>"; };
		3EC9CD5F24D87F7500B1F8C6 /* MyExerciseCollectionCell.swift */ = {isa = PBXFileReference; lastKnownFileType = sourcecode.swift; path = MyExerciseCollectionCell.swift; sourceTree = "<group>"; };
		3EC9CD6124D8A8BD00B1F8C6 /* RoleEnum.swift */ = {isa = PBXFileReference; lastKnownFileType = sourcecode.swift; path = RoleEnum.swift; sourceTree = "<group>"; };
		3ED7037024DB38B600E4DB9F /* FTextField.swift */ = {isa = PBXFileReference; lastKnownFileType = sourcecode.swift; path = FTextField.swift; sourceTree = "<group>"; };
		3ED7037324DB45EE00E4DB9F /* ExerciseModelNew.swift */ = {isa = PBXFileReference; lastKnownFileType = sourcecode.swift; path = ExerciseModelNew.swift; sourceTree = "<group>"; };
		3ED8381424F10A3100C12B42 /* GeolocationConverter.swift */ = {isa = PBXFileReference; lastKnownFileType = sourcecode.swift; path = GeolocationConverter.swift; sourceTree = "<group>"; };
		3EDB022224ED977200A4808F /* PlaceModel.swift */ = {isa = PBXFileReference; lastKnownFileType = sourcecode.swift; path = PlaceModel.swift; sourceTree = "<group>"; };
		3EE2DDDD24C0CF7E00D85CAE /* EmailValidation.swift */ = {isa = PBXFileReference; lastKnownFileType = sourcecode.swift; path = EmailValidation.swift; sourceTree = "<group>"; };
		3EE2DDDF24C0D4D800D85CAE /* ValidationError.swift */ = {isa = PBXFileReference; lastKnownFileType = sourcecode.swift; path = ValidationError.swift; sourceTree = "<group>"; };
		3EE2DDE924C0F7D700D85CAE /* FirestoreService.swift */ = {isa = PBXFileReference; lastKnownFileType = sourcecode.swift; path = FirestoreService.swift; sourceTree = "<group>"; };
		3EE38FFD24BCE78A003AF6D8 /* fitnes.app */ = {isa = PBXFileReference; explicitFileType = wrapper.application; includeInIndex = 0; path = fitnes.app; sourceTree = BUILT_PRODUCTS_DIR; };
		3EE3900024BCE78A003AF6D8 /* AppDelegate.swift */ = {isa = PBXFileReference; lastKnownFileType = sourcecode.swift; path = AppDelegate.swift; sourceTree = "<group>"; };
		3EE3900224BCE78A003AF6D8 /* SceneDelegate.swift */ = {isa = PBXFileReference; lastKnownFileType = sourcecode.swift; path = SceneDelegate.swift; sourceTree = "<group>"; };
		3EE3900724BCE78A003AF6D8 /* Base */ = {isa = PBXFileReference; lastKnownFileType = file.storyboard; name = Base; path = Base.lproj/Main.storyboard; sourceTree = "<group>"; };
		3EE3900C24BCE78D003AF6D8 /* Base */ = {isa = PBXFileReference; lastKnownFileType = file.storyboard; name = Base; path = Base.lproj/LaunchScreen.storyboard; sourceTree = "<group>"; };
		3EE3900E24BCE78D003AF6D8 /* Info.plist */ = {isa = PBXFileReference; lastKnownFileType = text.plist.xml; path = Info.plist; sourceTree = "<group>"; };
		3EE3901724BCFEF6003AF6D8 /* Assets.xcassets */ = {isa = PBXFileReference; lastKnownFileType = folder.assetcatalog; path = Assets.xcassets; sourceTree = "<group>"; };
		3EE586DE24DD376200CA0530 /* AbonementsViewController.swift */ = {isa = PBXFileReference; lastKnownFileType = sourcecode.swift; path = AbonementsViewController.swift; sourceTree = "<group>"; };
		3EE586E024DD3A0500CA0530 /* AbonementsCollectionCell.swift */ = {isa = PBXFileReference; lastKnownFileType = sourcecode.swift; path = AbonementsCollectionCell.swift; sourceTree = "<group>"; };
		3EE586E324DD5A8100CA0530 /* AthleteParameterViewController.swift */ = {isa = PBXFileReference; lastKnownFileType = sourcecode.swift; path = AthleteParameterViewController.swift; sourceTree = "<group>"; };
		3EE586E924DDBF9400CA0530 /* FButtonFran.swift */ = {isa = PBXFileReference; lastKnownFileType = sourcecode.swift; path = FButtonFran.swift; sourceTree = "<group>"; };
		3EE586EB24DE863600CA0530 /* FindTrainerViewController.swift */ = {isa = PBXFileReference; lastKnownFileType = sourcecode.swift; path = FindTrainerViewController.swift; sourceTree = "<group>"; };
		3EE586EF24DEA0B100CA0530 /* FindTrainerCollectionCell.swift */ = {isa = PBXFileReference; lastKnownFileType = sourcecode.swift; path = FindTrainerCollectionCell.swift; sourceTree = "<group>"; };
		3EE586F124DED1A000CA0530 /* TrainerFromSearchViewController.swift */ = {isa = PBXFileReference; lastKnownFileType = sourcecode.swift; path = TrainerFromSearchViewController.swift; sourceTree = "<group>"; };
		3EE586F324DEEA1B00CA0530 /* FViewContentPlace.swift */ = {isa = PBXFileReference; lastKnownFileType = sourcecode.swift; path = FViewContentPlace.swift; sourceTree = "<group>"; };
		3EE586F524DF31D000CA0530 /* CalendarViewController.swift */ = {isa = PBXFileReference; lastKnownFileType = sourcecode.swift; path = CalendarViewController.swift; sourceTree = "<group>"; };
		3EE586F724DF484C00CA0530 /* CalendarTrainingCell.swift */ = {isa = PBXFileReference; lastKnownFileType = sourcecode.swift; path = CalendarTrainingCell.swift; sourceTree = "<group>"; };
		3EE586FB24DFAFCE00CA0530 /* DayOfWeekConverter.swift */ = {isa = PBXFileReference; lastKnownFileType = sourcecode.swift; path = DayOfWeekConverter.swift; sourceTree = "<group>"; };
		3EE586FD24DFBEFC00CA0530 /* NumberOfDayConverter.swift */ = {isa = PBXFileReference; lastKnownFileType = sourcecode.swift; path = NumberOfDayConverter.swift; sourceTree = "<group>"; };
		3EE5870124DFC2DC00CA0530 /* MonthConverter.swift */ = {isa = PBXFileReference; lastKnownFileType = sourcecode.swift; path = MonthConverter.swift; sourceTree = "<group>"; };
		3EE5870324DFCB7000CA0530 /* FImageView.swift */ = {isa = PBXFileReference; lastKnownFileType = sourcecode.swift; path = FImageView.swift; sourceTree = "<group>"; };
		3EE5870624E01C1000CA0530 /* HapticFeedback.swift */ = {isa = PBXFileReference; lastKnownFileType = sourcecode.swift; path = HapticFeedback.swift; sourceTree = "<group>"; };
		3EE5A64B24D7150C004110C6 /* TrainingViewController.swift */ = {isa = PBXFileReference; lastKnownFileType = sourcecode.swift; path = TrainingViewController.swift; sourceTree = "<group>"; };
		3EE5A64D24D71631004110C6 /* MyTrainingCollectionCell.swift */ = {isa = PBXFileReference; lastKnownFileType = sourcecode.swift; path = MyTrainingCollectionCell.swift; sourceTree = "<group>"; };
		3EE5E29224FD9B9A00705B89 /* ApiRegistration.swift */ = {isa = PBXFileReference; lastKnownFileType = sourcecode.swift; path = ApiRegistration.swift; sourceTree = "<group>"; };
		3EEB9C2424D9FEA400E1EC0B /* ConverterFromEnumToString.swift */ = {isa = PBXFileReference; lastKnownFileType = sourcecode.swift; path = ConverterFromEnumToString.swift; sourceTree = "<group>"; };
		3EEB9C2624D9FF2C00E1EC0B /* ConverterFromStringToEnum.swift */ = {isa = PBXFileReference; lastKnownFileType = sourcecode.swift; path = ConverterFromStringToEnum.swift; sourceTree = "<group>"; };
		3EF15F8B24EC6A8400ED5A1C /* SetPlaceViewController.swift */ = {isa = PBXFileReference; lastKnownFileType = sourcecode.swift; path = SetPlaceViewController.swift; sourceTree = "<group>"; };
		3EF15F8D24EC6BEE00ED5A1C /* FViewBlankPlace.swift */ = {isa = PBXFileReference; lastKnownFileType = sourcecode.swift; path = FViewBlankPlace.swift; sourceTree = "<group>"; };
		AE4B935F57350FECA01943F2 /* Pods-fitnes.debug.xcconfig */ = {isa = PBXFileReference; includeInIndex = 1; lastKnownFileType = text.xcconfig; name = "Pods-fitnes.debug.xcconfig"; path = "Target Support Files/Pods-fitnes/Pods-fitnes.debug.xcconfig"; sourceTree = "<group>"; };
		E01013C623807B1D5ED3E017 /* Pods_fitnes.framework */ = {isa = PBXFileReference; explicitFileType = wrapper.framework; includeInIndex = 0; path = Pods_fitnes.framework; sourceTree = BUILT_PRODUCTS_DIR; };
		F843119E24F5678A008CC50D /* TrainingProgramm.framework */ = {isa = PBXFileReference; explicitFileType = wrapper.framework; path = TrainingProgramm.framework; sourceTree = BUILT_PRODUCTS_DIR; };
		F870DC2124F464A2003C3A29 /* RoundedTextField.swift */ = {isa = PBXFileReference; lastKnownFileType = sourcecode.swift; path = RoundedTextField.swift; sourceTree = "<group>"; };
		F8FACC5124F51D6C00B52063 /* FitnessExtensions.framework */ = {isa = PBXFileReference; explicitFileType = wrapper.framework; path = FitnessExtensions.framework; sourceTree = BUILT_PRODUCTS_DIR; };
		F8FACC5424F51E1400B52063 /* fitnes-Bridging-Header.h */ = {isa = PBXFileReference; lastKnownFileType = sourcecode.c.h; path = "fitnes-Bridging-Header.h"; sourceTree = "<group>"; };
/* End PBXFileReference section */

/* Begin PBXFrameworksBuildPhase section */
		3EE38FFA24BCE78A003AF6D8 /* Frameworks */ = {
			isa = PBXFrameworksBuildPhase;
			buildActionMask = 2147483647;
			files = (
				F8FACC5224F51D6C00B52063 /* FitnessExtensions.framework in Frameworks */,
				F843119F24F5678A008CC50D /* TrainingProgramm.framework in Frameworks */,
				D97B8932EFE3294B6EA84B7A /* Pods_fitnes.framework in Frameworks */,
			);
			runOnlyForDeploymentPostprocessing = 0;
		};
/* End PBXFrameworksBuildPhase section */

/* Begin PBXGroup section */
		218FA636ABF33253604A7776 /* Pods */ = {
			isa = PBXGroup;
			children = (
				AE4B935F57350FECA01943F2 /* Pods-fitnes.debug.xcconfig */,
				0D45113D45CEC2A8132EDF62 /* Pods-fitnes.release.xcconfig */,
			);
			path = Pods;
			sourceTree = "<group>";
		};
		3E0CDEB124EAE652001546CD /* Calendar */ = {
			isa = PBXGroup;
			children = (
				3EE586F524DF31D000CA0530 /* CalendarViewController.swift */,
			);
			path = Calendar;
			sourceTree = "<group>";
		};
		3E0CDEB224EAE671001546CD /* Abonement */ = {
			isa = PBXGroup;
			children = (
				3E0CDEB324EAFE05001546CD /* AthleteQRAbonementViewController.swift */,
				3EAD44E824E45D9A0044264C /* BuyAbonementViewController.swift */,
				3E3D927A24E8017300EEE0C6 /* CreateAbonementViewController.swift */,
			);
			path = Abonement;
			sourceTree = "<group>";
		};
		3E0CDED724EB2EE3001546CD /* QRGenerator */ = {
			isa = PBXGroup;
			children = (
				3E63718724CF4C7600483A56 /* QRGenerator.swift */,
			);
			path = QRGenerator;
			sourceTree = "<group>";
		};
		3E10DA3424C3914600163F26 /* Trainer */ = {
			isa = PBXGroup;
			children = (
				3EE586EB24DE863600CA0530 /* FindTrainerViewController.swift */,
				3EE586F124DED1A000CA0530 /* TrainerFromSearchViewController.swift */,
				3EB0F97F24D0B91D00AC97EB /* TrainerViewController.swift */,
			);
			path = Trainer;
			sourceTree = "<group>";
		};
		3E10DA3724C3988C00163F26 /* Athlete */ = {
			isa = PBXGroup;
			children = (
				3E82E21D24DCA96500145E9D /* AthleteViewController.swift */,
				3EE586E324DD5A8100CA0530 /* AthleteParameterViewController.swift */,
			);
			path = Athlete;
			sourceTree = "<group>";
		};
		3E1752C524E15C9000F823A8 /* Chat */ = {
			isa = PBXGroup;
			children = (
				3EA3F39324E049A400DA5959 /* ChatViewController.swift */,
			);
			path = Chat;
			sourceTree = "<group>";
		};
		3E235B3724BE29D8004DDBD6 /* Storyboard */ = {
			isa = PBXGroup;
			children = (
				3EE3900624BCE78A003AF6D8 /* Main.storyboard */,
				3EE3900B24BCE78D003AF6D8 /* LaunchScreen.storyboard */,
			);
			path = Storyboard;
			sourceTree = "<group>";
		};
		3E235B3824BE2A0E004DDBD6 /* ModelsOldForFirebase */ = {
			isa = PBXGroup;
			children = (
				3E10DA3024C3317900163F26 /* ProfileInfoModel.swift */,
				3E10DA3224C37DB000163F26 /* ProfileRoleModel.swift */,
				3E10DA3824C39C0F00163F26 /* TrainerModelOld.swift */,
				3EC3D3BC24C43CE2006B2EE1 /* ExerciseModelOld.swift */,
				3E707E2D24C48C1E0049BAB6 /* ExercisesListModel.swift */,
			);
			path = ModelsOldForFirebase;
			sourceTree = "<group>";
		};
		3E444A6F24D1C7880004B978 /* CustomViews */ = {
			isa = PBXGroup;
			children = (
				3E444AB724D21AD10004B978 /* Buttons */,
				3E444AA224D1E4AC0004B978 /* Cells */,
				3E82E21A24DCA6B600145E9D /* CollectionCells */,
				3E444AA524D1E5110004B978 /* ImageViews */,
				3E444AAD24D1E5CB0004B978 /* Labels */,
				3ED7036F24DB38A900E4DB9F /* TextFields */,
				3E444AB024D201090004B978 /* Views */,
				3E444AA824D1E5370004B978 /* ViewControllers */,
			);
			path = CustomViews;
			sourceTree = "<group>";
		};
		3E444AA224D1E4AC0004B978 /* Cells */ = {
			isa = PBXGroup;
			children = (
				3EE586F724DF484C00CA0530 /* CalendarTrainingCell.swift */,
				3E82C78E24DC72EB00145E9D /* TitleAndCheckboxCell.swift */,
				3E1752DF24E2954F00F823A8 /* TrainingCell.swift */,
			);
			path = Cells;
			sourceTree = "<group>";
		};
		3E444AA524D1E5110004B978 /* ImageViews */ = {
			isa = PBXGroup;
			children = (
				3E444AA624D1E5230004B978 /* FAvatarImageView.swift */,
				3EE5870324DFCB7000CA0530 /* FImageView.swift */,
			);
			path = ImageViews;
			sourceTree = "<group>";
		};
		3E444AA824D1E5370004B978 /* ViewControllers */ = {
			isa = PBXGroup;
			children = (
				3EE586DE24DD376200CA0530 /* AbonementsViewController.swift */,
				3E3F6FBA24F57F15007A1E67 /* AlertViewController.swift */,
				3E444AAB24D1E5A40004B978 /* ComingTrainingViewController.swift */,
				3EC9CD5D24D87C1800B1F8C6 /* ExercisesViewController.swift */,
				3E444AA924D1E5830004B978 /* HeaderViewController.swift */,
				3E82E21F24DCAC3800145E9D /* ItemsAthleteViewController.swift */,
				3E444AB324D2065E0004B978 /* ItemsTrainerViewController.swift */,
				3EE5A64B24D7150C004110C6 /* TrainingViewController.swift */,
			);
			path = ViewControllers;
			sourceTree = "<group>";
		};
		3E444AAD24D1E5CB0004B978 /* Labels */ = {
			isa = PBXGroup;
			children = (
				3E444AAE24D1E5DD0004B978 /* FLabel.swift */,
			);
			path = Labels;
			sourceTree = "<group>";
		};
		3E444AB024D201090004B978 /* Views */ = {
			isa = PBXGroup;
			children = (
				3E70A12D25038AAD00353159 /* FRadioButtonView.swift */,
				3EF15F8D24EC6BEE00ED5A1C /* FViewBlankPlace.swift */,
				3E60118B24E98C4300CAE51B /* FViewColors.swift */,
				3EE586F324DEEA1B00CA0530 /* FViewContentPlace.swift */,
				3E444ABA24D220760004B978 /* FViewHorisontalLine.swift */,
				3E444AB124D201350004B978 /* FViewItem.swift */,
				3E444ABE24D340560004B978 /* FViewShape.swift */,
			);
			path = Views;
			sourceTree = "<group>";
		};
		3E444AB724D21AD10004B978 /* Buttons */ = {
			isa = PBXGroup;
			children = (
				3E82C79024DC8CA000145E9D /* FButtonCheckmark.swift */,
				3EE586E924DDBF9400CA0530 /* FButtonFran.swift */,
				3E444AC024D35E2D0004B978 /* FButtonSimple.swift */,
				3E444AB524D21ACC0004B978 /* FButtonWithBackgroundColor.swift */,
				3E82E21B24DCA8B100145E9D /* FButtonWithSFSymbol.swift */,
			);
			path = Buttons;
			sourceTree = "<group>";
		};
		3E60118824E9844800CAE51B /* ColorConverter */ = {
			isa = PBXGroup;
			children = (
				3E60118924E9845A00CAE51B /* ColorConverter.swift */,
			);
			path = ColorConverter;
			sourceTree = "<group>";
		};
		3E60118F24E9BEBA00CAE51B /* KeyboardHandler */ = {
			isa = PBXGroup;
			children = (
				3E60118D24E9BE4D00CAE51B /* DismissKeyboardWhenTap.swift */,
			);
			path = KeyboardHandler;
			sourceTree = "<group>";
		};
		3E63718624CF4C5D00483A56 /* QR */ = {
			isa = PBXGroup;
			children = (
				3E63718B24CF621100483A56 /* QRScannerViewController.swift */,
			);
			path = QR;
			sourceTree = "<group>";
		};
		3E64BCF424C45D9B0014E91B /* Database */ = {
			isa = PBXGroup;
			children = (
				3EE2DDE924C0F7D700D85CAE /* FirestoreService.swift */,
				3E64BCF524C45DB40014E91B /* FirestoreServiceTrainer.swift */,
				3E64BCF824C45DFC0014E91B /* FirestoreServiceProfile.swift */,
				3E64BCFA24C45F750014E91B /* FirestoreServiceExercise.swift */,
			);
			path = Database;
			sourceTree = "<group>";
		};
		3E82E21A24DCA6B600145E9D /* CollectionCells */ = {
			isa = PBXGroup;
			children = (
				3EE586E024DD3A0500CA0530 /* AbonementsCollectionCell.swift */,
				3E444AA324D1E4B70004B978 /* ComingTrainingCollectionCell.swift */,
				3EE586EF24DEA0B100CA0530 /* FindTrainerCollectionCell.swift */,
				3EC9CD5F24D87F7500B1F8C6 /* MyExerciseCollectionCell.swift */,
				3EE5A64D24D71631004110C6 /* MyTrainingCollectionCell.swift */,
			);
			path = CollectionCells;
			sourceTree = "<group>";
		};
		3E87232024BF9FB2005FC365 /* Firebase */ = {
			isa = PBXGroup;
			children = (
				3EC9CD6324D8AF8500B1F8C6 /* Login */,
				3E64BCF424C45D9B0014E91B /* Database */,
			);
			path = Firebase;
			sourceTree = "<group>";
		};
		3E87232524BFAD1E005FC365 /* Extension */ = {
			isa = PBXGroup;
			children = (
				3E87232624BFAD35005FC365 /* UIViewController + Alerts.swift */,
			);
			path = Extension;
			sourceTree = "<group>";
		};
		3E8DE58124CD9DE500DFB220 /* Enums */ = {
			isa = PBXGroup;
			children = (
				3E99FB1224FBD86300F1F1F9 /* ApiErrorEnum.swift */,
				3E3D927C24E80D4400EEE0C6 /* HapticFeedbackEnum.swift */,
				3E0435FB24FD70D3003501C5 /* IconImageEnum.swift */,
				3EC9CD6124D8A8BD00B1F8C6 /* RoleEnum.swift */,
				3E8DE58224CD9DFA00DFB220 /* TypeSectionEnum.swift */,
				3E60119224E9E06700CAE51B /* ViewColorEnum.swift */,
			);
			path = Enums;
			sourceTree = "<group>";
		};
		3E99FB0F24FBADA600F1F1F9 /* URLSession */ = {
			isa = PBXGroup;
			children = (
				3E3B66052500231C00D1068F /* ApiGetUser.swift */,
				3EAA2E4124FDB3A300C8D08D /* ApiOauthToken.swift */,
				3EE5E29224FD9B9A00705B89 /* ApiRegistration.swift */,
				3E99FB1024FBADF700F1F1F9 /* NetworkManager.swift */,
			);
			path = URLSession;
			sourceTree = "<group>";
		};
		3EAA2E4324FDB59700C8D08D /* ModelApi */ = {
			isa = PBXGroup;
			children = (
				3E99FB1424FBD8FB00F1F1F9 /* RegistrationModel.swift */,
				3EAA2E4424FEE47300C8D08D /* TokenModel.swift */,
				3E70A129250170C300353159 /* UserModel.swift */,
			);
			path = ModelApi;
			sourceTree = "<group>";
		};
		3EB0F97924D0B09600AC97EB /* Assets */ = {
			isa = PBXGroup;
			children = (
				3EE3901724BCFEF6003AF6D8 /* Assets.xcassets */,
			);
			path = Assets;
			sourceTree = "<group>";
		};
		3EB0F97A24D0B0B100AC97EB /* AppDelegate */ = {
			isa = PBXGroup;
			children = (
				3EE3900024BCE78A003AF6D8 /* AppDelegate.swift */,
				3EE3900224BCE78A003AF6D8 /* SceneDelegate.swift */,
			);
			path = AppDelegate;
			sourceTree = "<group>";
		};
		3EB0F97D24D0B25C00AC97EB /* Network */ = {
			isa = PBXGroup;
			children = (
				3E99FB0F24FBADA600F1F1F9 /* URLSession */,
				3E87232024BF9FB2005FC365 /* Firebase */,
			);
			path = Network;
			sourceTree = "<group>";
		};
		3EB0F97E24D0B4A200AC97EB /* Plist */ = {
			isa = PBXGroup;
			children = (
				3EE3900E24BCE78D003AF6D8 /* Info.plist */,
				3E87231E24BF9476005FC365 /* GoogleService-Info.plist */,
			);
			path = Plist;
			sourceTree = "<group>";
		};
		3EC9CD6324D8AF8500B1F8C6 /* Login */ = {
			isa = PBXGroup;
			children = (
				3E87232124BF9FC4005FC365 /* AuthService.swift */,
			);
			path = Login;
			sourceTree = "<group>";
		};
		3ED7036F24DB38A900E4DB9F /* TextFields */ = {
			isa = PBXGroup;
			children = (
				3ED7037024DB38B600E4DB9F /* FTextField.swift */,
				F870DC2124F464A2003C3A29 /* RoundedTextField.swift */,
			);
			path = TextFields;
			sourceTree = "<group>";
		};
		3ED7037224DB45CC00E4DB9F /* ModelsNew */ = {
			isa = PBXGroup;
			children = (
				3E3D928224E864F800EEE0C6 /* AbonementModel.swift */,
				3E1752D124E1A09000F823A8 /* CalendarTrainingModel.swift */,
				3E1752C824E169E600F823A8 /* ChatModel.swift */,
				3ED7037324DB45EE00E4DB9F /* ExerciseModelNew.swift */,
				3EDB022224ED977200A4808F /* PlaceModel.swift */,
				3E1752CA24E16A1500F823A8 /* TrainerModel.swift */,
				3E1752CF24E1A01500F823A8 /* TrainingModel.swift */,
				3E3B660324FFEF6100D1068F /* ProfileModel.swift */,
			);
			path = ModelsNew;
			sourceTree = "<group>";
		};
		3ED8381624F10A3D00C12B42 /* GeolocationConverter */ = {
			isa = PBXGroup;
			children = (
				3ED8381424F10A3100C12B42 /* GeolocationConverter.swift */,
			);
			path = GeolocationConverter;
			sourceTree = "<group>";
		};
		3EE2DDE124C0D8A100D85CAE /* Utils */ = {
			isa = PBXGroup;
			children = (
				3ED8381624F10A3D00C12B42 /* GeolocationConverter */,
				3EE586FA24DFAFB100CA0530 /* CalendarConverter */,
				3E60118824E9844800CAE51B /* ColorConverter */,
				3EE5870524E01BF700CA0530 /* HapticFeedback */,
				3E60118F24E9BEBA00CAE51B /* KeyboardHandler */,
				3E0CDED724EB2EE3001546CD /* QRGenerator */,
				3EEB9C2324D9FE6B00E1EC0B /* RoleConverter */,
				3EE586F924DFAFA000CA0530 /* Validation */,
			);
			path = Utils;
			sourceTree = "<group>";
		};
		3EE2DDE224C0DAA800D85CAE /* Login */ = {
			isa = PBXGroup;
			children = (
				3E3D927E24E813E200EEE0C6 /* LoginViewController.swift */,
				3E3D928024E8555800EEE0C6 /* RegistrationViewController.swift */,
			);
			path = Login;
			sourceTree = "<group>";
		};
		3EE38FF424BCE78A003AF6D8 = {
			isa = PBXGroup;
			children = (
				3EE38FFF24BCE78A003AF6D8 /* fitnes */,
				3EE38FFE24BCE78A003AF6D8 /* Products */,
				218FA636ABF33253604A7776 /* Pods */,
				F8FACC5024F51D6C00B52063 /* Frameworks */,
			);
			sourceTree = "<group>";
		};
		3EE38FFE24BCE78A003AF6D8 /* Products */ = {
			isa = PBXGroup;
			children = (
				3EE38FFD24BCE78A003AF6D8 /* fitnes.app */,
			);
			name = Products;
			sourceTree = "<group>";
		};
		3EE38FFF24BCE78A003AF6D8 /* fitnes */ = {
			isa = PBXGroup;
			children = (
				3EB0F97A24D0B0B100AC97EB /* AppDelegate */,
				3EB0F97924D0B09600AC97EB /* Assets */,
				3E444A6F24D1C7880004B978 /* CustomViews */,
				3E8DE58124CD9DE500DFB220 /* Enums */,
				3E87232524BFAD1E005FC365 /* Extension */,
				3ED7037224DB45CC00E4DB9F /* ModelsNew */,
				3EAA2E4324FDB59700C8D08D /* ModelApi */,
				3E235B3824BE2A0E004DDBD6 /* ModelsOldForFirebase */,
				3EB0F97D24D0B25C00AC97EB /* Network */,
				F8FACC5524F51F8A00B52063 /* Other */,
				3EB0F97E24D0B4A200AC97EB /* Plist */,
				3EE3901624BCE863003AF6D8 /* Screens */,
				3E235B3724BE29D8004DDBD6 /* Storyboard */,
				3EE2DDE124C0D8A100D85CAE /* Utils */,
			);
			path = fitnes;
			sourceTree = "<group>";
		};
		3EE3901624BCE863003AF6D8 /* Screens */ = {
			isa = PBXGroup;
			children = (
				3E0CDEB224EAE671001546CD /* Abonement */,
				3E10DA3724C3988C00163F26 /* Athlete */,
				3E0CDEB124EAE652001546CD /* Calendar */,
				3E1752C524E15C9000F823A8 /* Chat */,
				3EE2DDE224C0DAA800D85CAE /* Login */,
				3EF15F8A24EC69DA00ED5A1C /* Map */,
				3E63718624CF4C5D00483A56 /* QR */,
				3E10DA3424C3914600163F26 /* Trainer */,
				3EA5A5C424E2CD5A00745F73 /* WKWebViewController.swift */,
			);
			path = Screens;
			sourceTree = "<group>";
		};
		3EE586F924DFAFA000CA0530 /* Validation */ = {
			isa = PBXGroup;
			children = (
				3EE2DDDF24C0D4D800D85CAE /* ValidationError.swift */,
				3EE2DDDD24C0CF7E00D85CAE /* EmailValidation.swift */,
				3E70A12B2503785F00353159 /* IsInvalidPasswordError.swift */,
			);
			path = Validation;
			sourceTree = "<group>";
		};
		3EE586FA24DFAFB100CA0530 /* CalendarConverter */ = {
			isa = PBXGroup;
			children = (
				3EE586FB24DFAFCE00CA0530 /* DayOfWeekConverter.swift */,
				3EE586FD24DFBEFC00CA0530 /* NumberOfDayConverter.swift */,
				3EE5870124DFC2DC00CA0530 /* MonthConverter.swift */,
			);
			path = CalendarConverter;
			sourceTree = "<group>";
		};
		3EE5870524E01BF700CA0530 /* HapticFeedback */ = {
			isa = PBXGroup;
			children = (
				3EE5870624E01C1000CA0530 /* HapticFeedback.swift */,
			);
			path = HapticFeedback;
			sourceTree = "<group>";
		};
		3EEB9C2324D9FE6B00E1EC0B /* RoleConverter */ = {
			isa = PBXGroup;
			children = (
				3EEB9C2424D9FEA400E1EC0B /* ConverterFromEnumToString.swift */,
				3EEB9C2624D9FF2C00E1EC0B /* ConverterFromStringToEnum.swift */,
			);
			path = RoleConverter;
			sourceTree = "<group>";
		};
		3EF15F8A24EC69DA00ED5A1C /* Map */ = {
			isa = PBXGroup;
			children = (
				3E1752D724E1E99000F823A8 /* FindPlaceViewController.swift */,
				3EF15F8B24EC6A8400ED5A1C /* SetPlaceViewController.swift */,
			);
			path = Map;
			sourceTree = "<group>";
		};
		F8FACC5024F51D6C00B52063 /* Frameworks */ = {
			isa = PBXGroup;
			children = (
				F843119E24F5678A008CC50D /* TrainingProgramm.framework */,
				F8FACC5124F51D6C00B52063 /* FitnessExtensions.framework */,
				E01013C623807B1D5ED3E017 /* Pods_fitnes.framework */,
			);
			name = Frameworks;
			sourceTree = "<group>";
		};
		F8FACC5524F51F8A00B52063 /* Other */ = {
			isa = PBXGroup;
			children = (
				F8FACC5424F51E1400B52063 /* fitnes-Bridging-Header.h */,
			);
			path = Other;
			sourceTree = "<group>";
		};
/* End PBXGroup section */

/* Begin PBXNativeTarget section */
		3EE38FFC24BCE78A003AF6D8 /* fitnes */ = {
			isa = PBXNativeTarget;
			buildConfigurationList = 3EE3901124BCE78D003AF6D8 /* Build configuration list for PBXNativeTarget "fitnes" */;
			buildPhases = (
				CE586266E805B03A1DE74050 /* [CP] Check Pods Manifest.lock */,
				F870DC1D24F42C6A003C3A29 /* swiftlint */,
				3EE38FF924BCE78A003AF6D8 /* Sources */,
				3EE38FFA24BCE78A003AF6D8 /* Frameworks */,
				3EE38FFB24BCE78A003AF6D8 /* Resources */,
				A47B03F7329A3A0FC39C1850 /* [CP] Embed Pods Frameworks */,
				F8FACC2124F5167900B52063 /* Embed Frameworks */,
			);
			buildRules = (
			);
			dependencies = (
			);
			name = fitnes;
			productName = fitnes;
			productReference = 3EE38FFD24BCE78A003AF6D8 /* fitnes.app */;
			productType = "com.apple.product-type.application";
		};
/* End PBXNativeTarget section */

/* Begin PBXProject section */
		3EE38FF524BCE78A003AF6D8 /* Project object */ = {
			isa = PBXProject;
			attributes = {
				LastSwiftUpdateCheck = 1150;
				LastUpgradeCheck = 1200;
				ORGANIZATIONNAME = "yauheni prakapenka";
				TargetAttributes = {
					3EE38FFC24BCE78A003AF6D8 = {
						CreatedOnToolsVersion = 11.5;
					};
				};
			};
			buildConfigurationList = 3EE38FF824BCE78A003AF6D8 /* Build configuration list for PBXProject "fitnes" */;
			compatibilityVersion = "Xcode 9.3";
			developmentRegion = en;
			hasScannedForEncodings = 0;
			knownRegions = (
				en,
				Base,
			);
			mainGroup = 3EE38FF424BCE78A003AF6D8;
			productRefGroup = 3EE38FFE24BCE78A003AF6D8 /* Products */;
			projectDirPath = "";
			projectRoot = "";
			targets = (
				3EE38FFC24BCE78A003AF6D8 /* fitnes */,
			);
		};
/* End PBXProject section */

/* Begin PBXResourcesBuildPhase section */
		3EE38FFB24BCE78A003AF6D8 /* Resources */ = {
			isa = PBXResourcesBuildPhase;
			buildActionMask = 2147483647;
			files = (
				3EE3900D24BCE78D003AF6D8 /* LaunchScreen.storyboard in Resources */,
				3E87231F24BF9476005FC365 /* GoogleService-Info.plist in Resources */,
				3EE3901824BCFEF6003AF6D8 /* Assets.xcassets in Resources */,
				3EE3900824BCE78A003AF6D8 /* Main.storyboard in Resources */,
			);
			runOnlyForDeploymentPostprocessing = 0;
		};
/* End PBXResourcesBuildPhase section */

/* Begin PBXShellScriptBuildPhase section */
		A47B03F7329A3A0FC39C1850 /* [CP] Embed Pods Frameworks */ = {
			isa = PBXShellScriptBuildPhase;
			buildActionMask = 2147483647;
			files = (
			);
			inputFileListPaths = (
				"${PODS_ROOT}/Target Support Files/Pods-fitnes/Pods-fitnes-frameworks-${CONFIGURATION}-input-files.xcfilelist",
			);
			name = "[CP] Embed Pods Frameworks";
			outputFileListPaths = (
				"${PODS_ROOT}/Target Support Files/Pods-fitnes/Pods-fitnes-frameworks-${CONFIGURATION}-output-files.xcfilelist",
			);
			runOnlyForDeploymentPostprocessing = 0;
			shellPath = /bin/sh;
			shellScript = "\"${PODS_ROOT}/Target Support Files/Pods-fitnes/Pods-fitnes-frameworks.sh\"\n";
			showEnvVarsInLog = 0;
		};
		CE586266E805B03A1DE74050 /* [CP] Check Pods Manifest.lock */ = {
			isa = PBXShellScriptBuildPhase;
			buildActionMask = 2147483647;
			files = (
			);
			inputFileListPaths = (
			);
			inputPaths = (
				"${PODS_PODFILE_DIR_PATH}/Podfile.lock",
				"${PODS_ROOT}/Manifest.lock",
			);
			name = "[CP] Check Pods Manifest.lock";
			outputFileListPaths = (
			);
			outputPaths = (
				"$(DERIVED_FILE_DIR)/Pods-fitnes-checkManifestLockResult.txt",
			);
			runOnlyForDeploymentPostprocessing = 0;
			shellPath = /bin/sh;
			shellScript = "diff \"${PODS_PODFILE_DIR_PATH}/Podfile.lock\" \"${PODS_ROOT}/Manifest.lock\" > /dev/null\nif [ $? != 0 ] ; then\n    # print error to STDERR\n    echo \"error: The sandbox is not in sync with the Podfile.lock. Run 'pod install' or update your CocoaPods installation.\" >&2\n    exit 1\nfi\n# This output is used by Xcode 'outputs' to avoid re-running this script phase.\necho \"SUCCESS\" > \"${SCRIPT_OUTPUT_FILE_0}\"\n";
			showEnvVarsInLog = 0;
		};
		F870DC1D24F42C6A003C3A29 /* swiftlint */ = {
			isa = PBXShellScriptBuildPhase;
			buildActionMask = 2147483647;
			files = (
			);
			inputFileListPaths = (
			);
			inputPaths = (
			);
			name = swiftlint;
			outputFileListPaths = (
			);
			outputPaths = (
			);
			runOnlyForDeploymentPostprocessing = 0;
			shellPath = /bin/sh;
			shellScript = "if which swiftlint >/dev/null; then\n  swiftlint\nelse\n  echo \"warning: SwiftLint not installed, download from https://github.com/realm/SwiftLint\"\nfi\n";
		};
/* End PBXShellScriptBuildPhase section */

/* Begin PBXSourcesBuildPhase section */
		3EE38FF924BCE78A003AF6D8 /* Sources */ = {
			isa = PBXSourcesBuildPhase;
			buildActionMask = 2147483647;
			files = (
				3EE586EA24DDBF9400CA0530 /* FButtonFran.swift in Sources */,
				3EE586FE24DFBEFC00CA0530 /* NumberOfDayConverter.swift in Sources */,
				3E10DA3124C3317900163F26 /* ProfileInfoModel.swift in Sources */,
				3EE5A64E24D71631004110C6 /* MyTrainingCollectionCell.swift in Sources */,
				3EAA2E4224FDB3A300C8D08D /* ApiOauthToken.swift in Sources */,
				3EE586DF24DD376200CA0530 /* AbonementsViewController.swift in Sources */,
				3E444AA424D1E4B70004B978 /* ComingTrainingCollectionCell.swift in Sources */,
				3E444AAA24D1E5830004B978 /* HeaderViewController.swift in Sources */,
				3E82C78F24DC72EB00145E9D /* TitleAndCheckboxCell.swift in Sources */,
				3EE5870424DFCB7000CA0530 /* FImageView.swift in Sources */,
				3EE586EC24DE863600CA0530 /* FindTrainerViewController.swift in Sources */,
				3E10DA3924C39C0F00163F26 /* TrainerModelOld.swift in Sources */,
				3E1752C924E169E600F823A8 /* ChatModel.swift in Sources */,
				3E444ABB24D220760004B978 /* FViewHorisontalLine.swift in Sources */,
				3E444ABF24D340560004B978 /* FViewShape.swift in Sources */,
				3EB0F98024D0B91D00AC97EB /* TrainerViewController.swift in Sources */,
				3E444AAF24D1E5DD0004B978 /* FLabel.swift in Sources */,
				3E8DE58324CD9DFA00DFB220 /* TypeSectionEnum.swift in Sources */,
				3E70A12A250170C300353159 /* UserModel.swift in Sources */,
				3E82E21E24DCA96500145E9D /* AthleteViewController.swift in Sources */,
				3E3B660424FFEF6100D1068F /* ProfileModel.swift in Sources */,
				3E63718824CF4C7600483A56 /* QRGenerator.swift in Sources */,
				3E82E22024DCAC3800145E9D /* ItemsAthleteViewController.swift in Sources */,
				3EC9CD6224D8A8BD00B1F8C6 /* RoleEnum.swift in Sources */,
				3E707E2E24C48C1E0049BAB6 /* ExercisesListModel.swift in Sources */,
				3EE586F424DEEA1B00CA0530 /* FViewContentPlace.swift in Sources */,
				3E444AA724D1E5230004B978 /* FAvatarImageView.swift in Sources */,
				3E64BCF624C45DB40014E91B /* FirestoreServiceTrainer.swift in Sources */,
				3EE2DDDE24C0CF7E00D85CAE /* EmailValidation.swift in Sources */,
				3E60118E24E9BE4D00CAE51B /* DismissKeyboardWhenTap.swift in Sources */,
				3E70A12C2503785F00353159 /* IsInvalidPasswordError.swift in Sources */,
				3E99FB1124FBADF700F1F1F9 /* NetworkManager.swift in Sources */,
				3ED8381524F10A3100C12B42 /* GeolocationConverter.swift in Sources */,
				3E1752D224E1A09000F823A8 /* CalendarTrainingModel.swift in Sources */,
				3E3D927B24E8017300EEE0C6 /* CreateAbonementViewController.swift in Sources */,
				3EEB9C2724D9FF2C00E1EC0B /* ConverterFromStringToEnum.swift in Sources */,
				3E1752D824E1E99000F823A8 /* FindPlaceViewController.swift in Sources */,
				3E444AB224D201350004B978 /* FViewItem.swift in Sources */,
				3ED7037424DB45EE00E4DB9F /* ExerciseModelNew.swift in Sources */,
				3EC9CD6024D87F7500B1F8C6 /* MyExerciseCollectionCell.swift in Sources */,
				3E82E21C24DCA8B100145E9D /* FButtonWithSFSymbol.swift in Sources */,
				3E444AC124D35E2D0004B978 /* FButtonSimple.swift in Sources */,
				3E60118C24E98C4300CAE51B /* FViewColors.swift in Sources */,
				3EE5870724E01C1000CA0530 /* HapticFeedback.swift in Sources */,
				3E63718C24CF621100483A56 /* QRScannerViewController.swift in Sources */,
				3E64BCF924C45DFC0014E91B /* FirestoreServiceProfile.swift in Sources */,
				3EA5A5C524E2CD5A00745F73 /* WKWebViewController.swift in Sources */,
				3EAD44E924E45D9A0044264C /* BuyAbonementViewController.swift in Sources */,
				3EE2DDE024C0D4D800D85CAE /* ValidationError.swift in Sources */,
				3EE2DDEA24C0F7D700D85CAE /* FirestoreService.swift in Sources */,
				3EE586E124DD3A0500CA0530 /* AbonementsCollectionCell.swift in Sources */,
				3EF15F8C24EC6A8400ED5A1C /* SetPlaceViewController.swift in Sources */,
				3EC9CD5E24D87C1800B1F8C6 /* ExercisesViewController.swift in Sources */,
				3E1752D024E1A01500F823A8 /* TrainingModel.swift in Sources */,
				3EAA2E4524FEE47300C8D08D /* TokenModel.swift in Sources */,
				3E3F6FBB24F57F15007A1E67 /* AlertViewController.swift in Sources */,
				3E444AB624D21ACC0004B978 /* FButtonWithBackgroundColor.swift in Sources */,
				3E3D928324E864F800EEE0C6 /* AbonementModel.swift in Sources */,
				3E99FB1524FBD8FB00F1F1F9 /* RegistrationModel.swift in Sources */,
				3E0CDEB424EAFE05001546CD /* AthleteQRAbonementViewController.swift in Sources */,
				3E0435FC24FD70D3003501C5 /* IconImageEnum.swift in Sources */,
				3EE5A64C24D7150C004110C6 /* TrainingViewController.swift in Sources */,
				3E70A12E25038AAD00353159 /* FRadioButtonView.swift in Sources */,
				3EDB022324ED977200A4808F /* PlaceModel.swift in Sources */,
				3E444AAC24D1E5A40004B978 /* ComingTrainingViewController.swift in Sources */,
				3EE5870224DFC2DC00CA0530 /* MonthConverter.swift in Sources */,
				3E64BCFB24C45F750014E91B /* FirestoreServiceExercise.swift in Sources */,
				3E3D927D24E80D4400EEE0C6 /* HapticFeedbackEnum.swift in Sources */,
				3E60118A24E9845A00CAE51B /* ColorConverter.swift in Sources */,
				3E3B66062500231C00D1068F /* ApiGetUser.swift in Sources */,
				3EE586FC24DFAFCE00CA0530 /* DayOfWeekConverter.swift in Sources */,
				3E60119324E9E06700CAE51B /* ViewColorEnum.swift in Sources */,
				3EE3900124BCE78A003AF6D8 /* AppDelegate.swift in Sources */,
				3E1752CB24E16A1500F823A8 /* TrainerModel.swift in Sources */,
				3EE5E29324FD9B9B00705B89 /* ApiRegistration.swift in Sources */,
				3E87232724BFAD35005FC365 /* UIViewController + Alerts.swift in Sources */,
				3EE3900324BCE78A003AF6D8 /* SceneDelegate.swift in Sources */,
				3E1752E024E2954F00F823A8 /* TrainingCell.swift in Sources */,
				3EEB9C2524D9FEA400E1EC0B /* ConverterFromEnumToString.swift in Sources */,
				3E10DA3324C37DB000163F26 /* ProfileRoleModel.swift in Sources */,
				3E99FB1324FBD86300F1F1F9 /* ApiErrorEnum.swift in Sources */,
				3E3D928124E8555800EEE0C6 /* RegistrationViewController.swift in Sources */,
				F870DC2224F464A2003C3A29 /* RoundedTextField.swift in Sources */,
				3ED7037124DB38B600E4DB9F /* FTextField.swift in Sources */,
				3EE586E424DD5A8100CA0530 /* AthleteParameterViewController.swift in Sources */,
				3E3D927F24E813E200EEE0C6 /* LoginViewController.swift in Sources */,
				3E444AB424D2065E0004B978 /* ItemsTrainerViewController.swift in Sources */,
				3EE586F024DEA0B100CA0530 /* FindTrainerCollectionCell.swift in Sources */,
				3E82C79124DC8CA000145E9D /* FButtonCheckmark.swift in Sources */,
				3EA3F39424E049A400DA5959 /* ChatViewController.swift in Sources */,
				3EE586F824DF484C00CA0530 /* CalendarTrainingCell.swift in Sources */,
				3EF15F8E24EC6BEE00ED5A1C /* FViewBlankPlace.swift in Sources */,
				3E87232224BF9FC4005FC365 /* AuthService.swift in Sources */,
				3EE586F224DED1A000CA0530 /* TrainerFromSearchViewController.swift in Sources */,
				3EC3D3BD24C43CE2006B2EE1 /* ExerciseModelOld.swift in Sources */,
				3EE586F624DF31D000CA0530 /* CalendarViewController.swift in Sources */,
			);
			runOnlyForDeploymentPostprocessing = 0;
		};
/* End PBXSourcesBuildPhase section */

/* Begin PBXVariantGroup section */
		3EE3900624BCE78A003AF6D8 /* Main.storyboard */ = {
			isa = PBXVariantGroup;
			children = (
				3EE3900724BCE78A003AF6D8 /* Base */,
			);
			name = Main.storyboard;
			sourceTree = "<group>";
		};
		3EE3900B24BCE78D003AF6D8 /* LaunchScreen.storyboard */ = {
			isa = PBXVariantGroup;
			children = (
				3EE3900C24BCE78D003AF6D8 /* Base */,
			);
			name = LaunchScreen.storyboard;
			sourceTree = "<group>";
		};
/* End PBXVariantGroup section */

/* Begin XCBuildConfiguration section */
		3EE3900F24BCE78D003AF6D8 /* Debug */ = {
			isa = XCBuildConfiguration;
			buildSettings = {
				ALWAYS_SEARCH_USER_PATHS = NO;
				CLANG_ANALYZER_NONNULL = YES;
				CLANG_ANALYZER_NUMBER_OBJECT_CONVERSION = YES_AGGRESSIVE;
				CLANG_CXX_LANGUAGE_STANDARD = "gnu++14";
				CLANG_CXX_LIBRARY = "libc++";
				CLANG_ENABLE_MODULES = YES;
				CLANG_ENABLE_OBJC_ARC = YES;
				CLANG_ENABLE_OBJC_WEAK = YES;
				CLANG_WARN_BLOCK_CAPTURE_AUTORELEASING = YES;
				CLANG_WARN_BOOL_CONVERSION = YES;
				CLANG_WARN_COMMA = YES;
				CLANG_WARN_CONSTANT_CONVERSION = YES;
				CLANG_WARN_DEPRECATED_OBJC_IMPLEMENTATIONS = YES;
				CLANG_WARN_DIRECT_OBJC_ISA_USAGE = YES_ERROR;
				CLANG_WARN_DOCUMENTATION_COMMENTS = YES;
				CLANG_WARN_EMPTY_BODY = YES;
				CLANG_WARN_ENUM_CONVERSION = YES;
				CLANG_WARN_INFINITE_RECURSION = YES;
				CLANG_WARN_INT_CONVERSION = YES;
				CLANG_WARN_NON_LITERAL_NULL_CONVERSION = YES;
				CLANG_WARN_OBJC_IMPLICIT_RETAIN_SELF = YES;
				CLANG_WARN_OBJC_LITERAL_CONVERSION = YES;
				CLANG_WARN_OBJC_ROOT_CLASS = YES_ERROR;
				CLANG_WARN_QUOTED_INCLUDE_IN_FRAMEWORK_HEADER = YES;
				CLANG_WARN_RANGE_LOOP_ANALYSIS = YES;
				CLANG_WARN_STRICT_PROTOTYPES = YES;
				CLANG_WARN_SUSPICIOUS_MOVE = YES;
				CLANG_WARN_UNGUARDED_AVAILABILITY = YES_AGGRESSIVE;
				CLANG_WARN_UNREACHABLE_CODE = YES;
				CLANG_WARN__DUPLICATE_METHOD_MATCH = YES;
				COPY_PHASE_STRIP = NO;
				DEBUG_INFORMATION_FORMAT = dwarf;
				ENABLE_STRICT_OBJC_MSGSEND = YES;
				ENABLE_TESTABILITY = YES;
				GCC_C_LANGUAGE_STANDARD = gnu11;
				GCC_DYNAMIC_NO_PIC = NO;
				GCC_NO_COMMON_BLOCKS = YES;
				GCC_OPTIMIZATION_LEVEL = 0;
				GCC_PREPROCESSOR_DEFINITIONS = (
					"DEBUG=1",
					"$(inherited)",
				);
				GCC_WARN_64_TO_32_BIT_CONVERSION = YES;
				GCC_WARN_ABOUT_RETURN_TYPE = YES_ERROR;
				GCC_WARN_UNDECLARED_SELECTOR = YES;
				GCC_WARN_UNINITIALIZED_AUTOS = YES_AGGRESSIVE;
				GCC_WARN_UNUSED_FUNCTION = YES;
				GCC_WARN_UNUSED_VARIABLE = YES;
				IPHONEOS_DEPLOYMENT_TARGET = 13.5;
				MTL_ENABLE_DEBUG_INFO = INCLUDE_SOURCE;
				MTL_FAST_MATH = YES;
				ONLY_ACTIVE_ARCH = YES;
				SDKROOT = iphoneos;
				SWIFT_ACTIVE_COMPILATION_CONDITIONS = DEBUG;
				SWIFT_OPTIMIZATION_LEVEL = "-Onone";
			};
			name = Debug;
		};
		3EE3901024BCE78D003AF6D8 /* Release */ = {
			isa = XCBuildConfiguration;
			buildSettings = {
				ALWAYS_SEARCH_USER_PATHS = NO;
				CLANG_ANALYZER_NONNULL = YES;
				CLANG_ANALYZER_NUMBER_OBJECT_CONVERSION = YES_AGGRESSIVE;
				CLANG_CXX_LANGUAGE_STANDARD = "gnu++14";
				CLANG_CXX_LIBRARY = "libc++";
				CLANG_ENABLE_MODULES = YES;
				CLANG_ENABLE_OBJC_ARC = YES;
				CLANG_ENABLE_OBJC_WEAK = YES;
				CLANG_WARN_BLOCK_CAPTURE_AUTORELEASING = YES;
				CLANG_WARN_BOOL_CONVERSION = YES;
				CLANG_WARN_COMMA = YES;
				CLANG_WARN_CONSTANT_CONVERSION = YES;
				CLANG_WARN_DEPRECATED_OBJC_IMPLEMENTATIONS = YES;
				CLANG_WARN_DIRECT_OBJC_ISA_USAGE = YES_ERROR;
				CLANG_WARN_DOCUMENTATION_COMMENTS = YES;
				CLANG_WARN_EMPTY_BODY = YES;
				CLANG_WARN_ENUM_CONVERSION = YES;
				CLANG_WARN_INFINITE_RECURSION = YES;
				CLANG_WARN_INT_CONVERSION = YES;
				CLANG_WARN_NON_LITERAL_NULL_CONVERSION = YES;
				CLANG_WARN_OBJC_IMPLICIT_RETAIN_SELF = YES;
				CLANG_WARN_OBJC_LITERAL_CONVERSION = YES;
				CLANG_WARN_OBJC_ROOT_CLASS = YES_ERROR;
				CLANG_WARN_QUOTED_INCLUDE_IN_FRAMEWORK_HEADER = YES;
				CLANG_WARN_RANGE_LOOP_ANALYSIS = YES;
				CLANG_WARN_STRICT_PROTOTYPES = YES;
				CLANG_WARN_SUSPICIOUS_MOVE = YES;
				CLANG_WARN_UNGUARDED_AVAILABILITY = YES_AGGRESSIVE;
				CLANG_WARN_UNREACHABLE_CODE = YES;
				CLANG_WARN__DUPLICATE_METHOD_MATCH = YES;
				COPY_PHASE_STRIP = NO;
				DEBUG_INFORMATION_FORMAT = "dwarf-with-dsym";
				ENABLE_NS_ASSERTIONS = NO;
				ENABLE_STRICT_OBJC_MSGSEND = YES;
				GCC_C_LANGUAGE_STANDARD = gnu11;
				GCC_NO_COMMON_BLOCKS = YES;
				GCC_WARN_64_TO_32_BIT_CONVERSION = YES;
				GCC_WARN_ABOUT_RETURN_TYPE = YES_ERROR;
				GCC_WARN_UNDECLARED_SELECTOR = YES;
				GCC_WARN_UNINITIALIZED_AUTOS = YES_AGGRESSIVE;
				GCC_WARN_UNUSED_FUNCTION = YES;
				GCC_WARN_UNUSED_VARIABLE = YES;
				IPHONEOS_DEPLOYMENT_TARGET = 13.5;
				MTL_ENABLE_DEBUG_INFO = NO;
				MTL_FAST_MATH = YES;
				SDKROOT = iphoneos;
				SWIFT_COMPILATION_MODE = wholemodule;
				SWIFT_OPTIMIZATION_LEVEL = "-O";
				VALIDATE_PRODUCT = YES;
			};
			name = Release;
		};
		3EE3901224BCE78D003AF6D8 /* Debug */ = {
			isa = XCBuildConfiguration;
			baseConfigurationReference = AE4B935F57350FECA01943F2 /* Pods-fitnes.debug.xcconfig */;
			buildSettings = {
				ASSETCATALOG_COMPILER_APPICON_NAME = AppIcon;
				CODE_SIGN_STYLE = Automatic;
				DEVELOPMENT_TEAM = BA72LHA8D9;
				INFOPLIST_FILE = fitnes/Plist/Info.plist;
				LD_RUNPATH_SEARCH_PATHS = (
					"$(inherited)",
					"@executable_path/Frameworks",
				);
				PRODUCT_BUNDLE_IDENTIFIER = com.yauheniprakapenka.fitnes1;
				PRODUCT_NAME = "$(TARGET_NAME)";
				SWIFT_OBJC_BRIDGING_HEADER = "fitnes/other/fitnes-Bridging-Header.h";
				SWIFT_VERSION = 5.0;
				TARGETED_DEVICE_FAMILY = "1,2";
			};
			name = Debug;
		};
		3EE3901324BCE78D003AF6D8 /* Release */ = {
			isa = XCBuildConfiguration;
			baseConfigurationReference = 0D45113D45CEC2A8132EDF62 /* Pods-fitnes.release.xcconfig */;
			buildSettings = {
				ASSETCATALOG_COMPILER_APPICON_NAME = AppIcon;
				CODE_SIGN_STYLE = Automatic;
				DEVELOPMENT_TEAM = BA72LHA8D9;
				INFOPLIST_FILE = fitnes/Plist/Info.plist;
				LD_RUNPATH_SEARCH_PATHS = (
					"$(inherited)",
					"@executable_path/Frameworks",
				);
				PRODUCT_BUNDLE_IDENTIFIER = com.yauheniprakapenka.fitnes1;
				PRODUCT_NAME = "$(TARGET_NAME)";
				SWIFT_OBJC_BRIDGING_HEADER = "fitnes/other/fitnes-Bridging-Header.h";
				SWIFT_VERSION = 5.0;
				TARGETED_DEVICE_FAMILY = "1,2";
			};
			name = Release;
		};
/* End XCBuildConfiguration section */

/* Begin XCConfigurationList section */
		3EE38FF824BCE78A003AF6D8 /* Build configuration list for PBXProject "fitnes" */ = {
			isa = XCConfigurationList;
			buildConfigurations = (
				3EE3900F24BCE78D003AF6D8 /* Debug */,
				3EE3901024BCE78D003AF6D8 /* Release */,
			);
			defaultConfigurationIsVisible = 0;
			defaultConfigurationName = Release;
		};
		3EE3901124BCE78D003AF6D8 /* Build configuration list for PBXNativeTarget "fitnes" */ = {
			isa = XCConfigurationList;
			buildConfigurations = (
				3EE3901224BCE78D003AF6D8 /* Debug */,
				3EE3901324BCE78D003AF6D8 /* Release */,
			);
			defaultConfigurationIsVisible = 0;
			defaultConfigurationName = Release;
		};
/* End XCConfigurationList section */
	};
	rootObject = 3EE38FF524BCE78A003AF6D8 /* Project object */;
}
