// !$*UTF8*$!
{
	archiveVersion = 1;
	classes = {
	};
	objectVersion = 51;
	objects = {

/* Begin PBXBuildFile section */
		1CECEBE5A56A6F87B8A1A823 /* Pods_fitnes.framework in Frameworks */ = {isa = PBXBuildFile; fileRef = 0B27A6510FA6DA87405D7B53 /* Pods_fitnes.framework */; };
		3E10DA3124C3317900163F26 /* ProfileInfoModel.swift in Sources */ = {isa = PBXBuildFile; fileRef = 3E10DA3024C3317900163F26 /* ProfileInfoModel.swift */; };
		3E10DA3324C37DB000163F26 /* ProfileRoleModel.swift in Sources */ = {isa = PBXBuildFile; fileRef = 3E10DA3224C37DB000163F26 /* ProfileRoleModel.swift */; };
		3E10DA3924C39C0F00163F26 /* TrainerModel.swift in Sources */ = {isa = PBXBuildFile; fileRef = 3E10DA3824C39C0F00163F26 /* TrainerModel.swift */; };
		3E444AA424D1E4B70004B978 /* ComingTrainingCollectionCell.swift in Sources */ = {isa = PBXBuildFile; fileRef = 3E444AA324D1E4B70004B978 /* ComingTrainingCollectionCell.swift */; };
		3E444AA724D1E5230004B978 /* FAvatarImageView.swift in Sources */ = {isa = PBXBuildFile; fileRef = 3E444AA624D1E5230004B978 /* FAvatarImageView.swift */; };
		3E444AAA24D1E5830004B978 /* HeaderViewController.swift in Sources */ = {isa = PBXBuildFile; fileRef = 3E444AA924D1E5830004B978 /* HeaderViewController.swift */; };
		3E444AAC24D1E5A40004B978 /* ComingTrainingViewController.swift in Sources */ = {isa = PBXBuildFile; fileRef = 3E444AAB24D1E5A40004B978 /* ComingTrainingViewController.swift */; };
		3E444AAF24D1E5DD0004B978 /* FLabel.swift in Sources */ = {isa = PBXBuildFile; fileRef = 3E444AAE24D1E5DD0004B978 /* FLabel.swift */; };
		3E444AB224D201350004B978 /* ItemView.swift in Sources */ = {isa = PBXBuildFile; fileRef = 3E444AB124D201350004B978 /* ItemView.swift */; };
		3E444AB424D2065E0004B978 /* ItemsTrainerViewController.swift in Sources */ = {isa = PBXBuildFile; fileRef = 3E444AB324D2065E0004B978 /* ItemsTrainerViewController.swift */; };
		3E444AB624D21ACC0004B978 /* FButtonWithColor.swift in Sources */ = {isa = PBXBuildFile; fileRef = 3E444AB524D21ACC0004B978 /* FButtonWithColor.swift */; };
		3E444ABB24D220760004B978 /* HorisontalLineView.swift in Sources */ = {isa = PBXBuildFile; fileRef = 3E444ABA24D220760004B978 /* HorisontalLineView.swift */; };
		3E444ABF24D340560004B978 /* FCircleView.swift in Sources */ = {isa = PBXBuildFile; fileRef = 3E444ABE24D340560004B978 /* FCircleView.swift */; };
		3E444AC124D35E2D0004B978 /* FSimpleButton.swift in Sources */ = {isa = PBXBuildFile; fileRef = 3E444AC024D35E2D0004B978 /* FSimpleButton.swift */; };
		3E63718824CF4C7600483A56 /* QRGeneratorViewController.swift in Sources */ = {isa = PBXBuildFile; fileRef = 3E63718724CF4C7600483A56 /* QRGeneratorViewController.swift */; };
		3E63718C24CF621100483A56 /* QRScannerViewController.swift in Sources */ = {isa = PBXBuildFile; fileRef = 3E63718B24CF621100483A56 /* QRScannerViewController.swift */; };
		3E64BCF624C45DB40014E91B /* FirestoreServiceTrainer.swift in Sources */ = {isa = PBXBuildFile; fileRef = 3E64BCF524C45DB40014E91B /* FirestoreServiceTrainer.swift */; };
		3E64BCF924C45DFC0014E91B /* FirestoreServiceProfile.swift in Sources */ = {isa = PBXBuildFile; fileRef = 3E64BCF824C45DFC0014E91B /* FirestoreServiceProfile.swift */; };
		3E64BCFB24C45F750014E91B /* FirestoreServiceExercise.swift in Sources */ = {isa = PBXBuildFile; fileRef = 3E64BCFA24C45F750014E91B /* FirestoreServiceExercise.swift */; };
		3E707E2E24C48C1E0049BAB6 /* ExercisesListModel.swift in Sources */ = {isa = PBXBuildFile; fileRef = 3E707E2D24C48C1E0049BAB6 /* ExercisesListModel.swift */; };
		3E82C78F24DC72EB00145E9D /* TitleWithCheckboxCell.swift in Sources */ = {isa = PBXBuildFile; fileRef = 3E82C78E24DC72EB00145E9D /* TitleWithCheckboxCell.swift */; };
		3E82C79124DC8CA000145E9D /* FCheckmarkButton.swift in Sources */ = {isa = PBXBuildFile; fileRef = 3E82C79024DC8CA000145E9D /* FCheckmarkButton.swift */; };
		3E82E21C24DCA8B100145E9D /* FSFSymbolButton.swift in Sources */ = {isa = PBXBuildFile; fileRef = 3E82E21B24DCA8B100145E9D /* FSFSymbolButton.swift */; };
		3E82E21E24DCA96500145E9D /* AthleteViewController.swift in Sources */ = {isa = PBXBuildFile; fileRef = 3E82E21D24DCA96500145E9D /* AthleteViewController.swift */; };
		3E82E22024DCAC3800145E9D /* ItemsAthleteViewController.swift in Sources */ = {isa = PBXBuildFile; fileRef = 3E82E21F24DCAC3800145E9D /* ItemsAthleteViewController.swift */; };
		3E87231F24BF9476005FC365 /* GoogleService-Info.plist in Resources */ = {isa = PBXBuildFile; fileRef = 3E87231E24BF9476005FC365 /* GoogleService-Info.plist */; };
		3E87232224BF9FC4005FC365 /* AuthService.swift in Sources */ = {isa = PBXBuildFile; fileRef = 3E87232124BF9FC4005FC365 /* AuthService.swift */; };
		3E87232424BFA375005FC365 /* RegisterViewController.swift in Sources */ = {isa = PBXBuildFile; fileRef = 3E87232324BFA375005FC365 /* RegisterViewController.swift */; };
		3E87232724BFAD35005FC365 /* Alerts.swift in Sources */ = {isa = PBXBuildFile; fileRef = 3E87232624BFAD35005FC365 /* Alerts.swift */; };
		3E8DE58324CD9DFA00DFB220 /* TypeSectionEnum.swift in Sources */ = {isa = PBXBuildFile; fileRef = 3E8DE58224CD9DFA00DFB220 /* TypeSectionEnum.swift */; };
		3E8DE58A24CDAB5C00DFB220 /* TrainingModel.swift in Sources */ = {isa = PBXBuildFile; fileRef = 3E8DE58924CDAB5C00DFB220 /* TrainingModel.swift */; };
		3EB0F98024D0B91D00AC97EB /* TrainerViewController.swift in Sources */ = {isa = PBXBuildFile; fileRef = 3EB0F97F24D0B91D00AC97EB /* TrainerViewController.swift */; };
		3EC3D3BD24C43CE2006B2EE1 /* ExerciseModel.swift in Sources */ = {isa = PBXBuildFile; fileRef = 3EC3D3BC24C43CE2006B2EE1 /* ExerciseModel.swift */; };
		3EC9CD5E24D87C1800B1F8C6 /* ExercisesViewController.swift in Sources */ = {isa = PBXBuildFile; fileRef = 3EC9CD5D24D87C1800B1F8C6 /* ExercisesViewController.swift */; };
		3EC9CD6024D87F7500B1F8C6 /* MyExerciseCollectionCell.swift in Sources */ = {isa = PBXBuildFile; fileRef = 3EC9CD5F24D87F7500B1F8C6 /* MyExerciseCollectionCell.swift */; };
		3EC9CD6224D8A8BD00B1F8C6 /* ProfileRoleEnum.swift in Sources */ = {isa = PBXBuildFile; fileRef = 3EC9CD6124D8A8BD00B1F8C6 /* ProfileRoleEnum.swift */; };
		3ED7036D24DB202D00E4DB9F /* TrainerAddExerciseViewController.swift in Sources */ = {isa = PBXBuildFile; fileRef = 3ED7036C24DB202D00E4DB9F /* TrainerAddExerciseViewController.swift */; };
		3ED7037124DB38B600E4DB9F /* FTextField.swift in Sources */ = {isa = PBXBuildFile; fileRef = 3ED7037024DB38B600E4DB9F /* FTextField.swift */; };
		3ED7037424DB45EE00E4DB9F /* ExerciseModelNew.swift in Sources */ = {isa = PBXBuildFile; fileRef = 3ED7037324DB45EE00E4DB9F /* ExerciseModelNew.swift */; };
		3ED7037824DB490C00E4DB9F /* TrainingModelNew.swift in Sources */ = {isa = PBXBuildFile; fileRef = 3ED7037724DB490C00E4DB9F /* TrainingModelNew.swift */; };
		3EE2DDDC24C0CB1000D85CAE /* LoginViewController.swift in Sources */ = {isa = PBXBuildFile; fileRef = 3EE2DDDB24C0CB1000D85CAE /* LoginViewController.swift */; };
		3EE2DDDE24C0CF7E00D85CAE /* EmailValidation.swift in Sources */ = {isa = PBXBuildFile; fileRef = 3EE2DDDD24C0CF7E00D85CAE /* EmailValidation.swift */; };
		3EE2DDE024C0D4D800D85CAE /* ValidationError.swift in Sources */ = {isa = PBXBuildFile; fileRef = 3EE2DDDF24C0D4D800D85CAE /* ValidationError.swift */; };
		3EE2DDEA24C0F7D700D85CAE /* FirestoreService.swift in Sources */ = {isa = PBXBuildFile; fileRef = 3EE2DDE924C0F7D700D85CAE /* FirestoreService.swift */; };
		3EE3900124BCE78A003AF6D8 /* AppDelegate.swift in Sources */ = {isa = PBXBuildFile; fileRef = 3EE3900024BCE78A003AF6D8 /* AppDelegate.swift */; };
		3EE3900324BCE78A003AF6D8 /* SceneDelegate.swift in Sources */ = {isa = PBXBuildFile; fileRef = 3EE3900224BCE78A003AF6D8 /* SceneDelegate.swift */; };
		3EE3900824BCE78A003AF6D8 /* Main.storyboard in Resources */ = {isa = PBXBuildFile; fileRef = 3EE3900624BCE78A003AF6D8 /* Main.storyboard */; };
		3EE3900D24BCE78D003AF6D8 /* LaunchScreen.storyboard in Resources */ = {isa = PBXBuildFile; fileRef = 3EE3900B24BCE78D003AF6D8 /* LaunchScreen.storyboard */; };
		3EE3901824BCFEF6003AF6D8 /* Assets.xcassets in Resources */ = {isa = PBXBuildFile; fileRef = 3EE3901724BCFEF6003AF6D8 /* Assets.xcassets */; };
		3EE586DF24DD376200CA0530 /* AbonementsViewController.swift in Sources */ = {isa = PBXBuildFile; fileRef = 3EE586DE24DD376200CA0530 /* AbonementsViewController.swift */; };
		3EE586E124DD3A0500CA0530 /* MyAbonementsCollectionCell.swift in Sources */ = {isa = PBXBuildFile; fileRef = 3EE586E024DD3A0500CA0530 /* MyAbonementsCollectionCell.swift */; };
		3EE586E424DD5A8100CA0530 /* AthleteParameterViewController.swift in Sources */ = {isa = PBXBuildFile; fileRef = 3EE586E324DD5A8100CA0530 /* AthleteParameterViewController.swift */; };
		3EE586EA24DDBF9400CA0530 /* FFranButton.swift in Sources */ = {isa = PBXBuildFile; fileRef = 3EE586E924DDBF9400CA0530 /* FFranButton.swift */; };
		3EE586EC24DE863600CA0530 /* FindTrainerViewController.swift in Sources */ = {isa = PBXBuildFile; fileRef = 3EE586EB24DE863600CA0530 /* FindTrainerViewController.swift */; };
		3EE586EE24DE89D400CA0530 /* SFSymbolEnum.swift in Sources */ = {isa = PBXBuildFile; fileRef = 3EE586ED24DE89D400CA0530 /* SFSymbolEnum.swift */; };
		3EE586F024DEA0B100CA0530 /* FindTrainerCollectionCell.swift in Sources */ = {isa = PBXBuildFile; fileRef = 3EE586EF24DEA0B100CA0530 /* FindTrainerCollectionCell.swift */; };
		3EE586F224DED1A000CA0530 /* FromSearchTrainerViewController.swift in Sources */ = {isa = PBXBuildFile; fileRef = 3EE586F124DED1A000CA0530 /* FromSearchTrainerViewController.swift */; };
		3EE586F424DEEA1B00CA0530 /* TrainingPlaceView.swift in Sources */ = {isa = PBXBuildFile; fileRef = 3EE586F324DEEA1B00CA0530 /* TrainingPlaceView.swift */; };
		3EE586F624DF31D000CA0530 /* CalendarViewController.swift in Sources */ = {isa = PBXBuildFile; fileRef = 3EE586F524DF31D000CA0530 /* CalendarViewController.swift */; };
		3EE586F824DF484C00CA0530 /* CalendarTrainingCell.swift in Sources */ = {isa = PBXBuildFile; fileRef = 3EE586F724DF484C00CA0530 /* CalendarTrainingCell.swift */; };
		3EE5A64C24D7150C004110C6 /* MyTrainingViewController.swift in Sources */ = {isa = PBXBuildFile; fileRef = 3EE5A64B24D7150C004110C6 /* MyTrainingViewController.swift */; };
		3EE5A64E24D71631004110C6 /* MyTrainingCollectionCell.swift in Sources */ = {isa = PBXBuildFile; fileRef = 3EE5A64D24D71631004110C6 /* MyTrainingCollectionCell.swift */; };
		3EEB9C2524D9FEA400E1EC0B /* ConverterRoleToString.swift in Sources */ = {isa = PBXBuildFile; fileRef = 3EEB9C2424D9FEA400E1EC0B /* ConverterRoleToString.swift */; };
		3EEB9C2724D9FF2C00E1EC0B /* ConverterRoleToEnum.swift in Sources */ = {isa = PBXBuildFile; fileRef = 3EEB9C2624D9FF2C00E1EC0B /* ConverterRoleToEnum.swift */; };
/* End PBXBuildFile section */

/* Begin PBXFileReference section */
		0B27A6510FA6DA87405D7B53 /* Pods_fitnes.framework */ = {isa = PBXFileReference; explicitFileType = wrapper.framework; includeInIndex = 0; path = Pods_fitnes.framework; sourceTree = BUILT_PRODUCTS_DIR; };
		0D45113D45CEC2A8132EDF62 /* Pods-fitnes.release.xcconfig */ = {isa = PBXFileReference; includeInIndex = 1; lastKnownFileType = text.xcconfig; name = "Pods-fitnes.release.xcconfig"; path = "Target Support Files/Pods-fitnes/Pods-fitnes.release.xcconfig"; sourceTree = "<group>"; };
		3E10DA3024C3317900163F26 /* ProfileInfoModel.swift */ = {isa = PBXFileReference; lastKnownFileType = sourcecode.swift; path = ProfileInfoModel.swift; sourceTree = "<group>"; };
		3E10DA3224C37DB000163F26 /* ProfileRoleModel.swift */ = {isa = PBXFileReference; lastKnownFileType = sourcecode.swift; path = ProfileRoleModel.swift; sourceTree = "<group>"; };
		3E10DA3824C39C0F00163F26 /* TrainerModel.swift */ = {isa = PBXFileReference; lastKnownFileType = sourcecode.swift; path = TrainerModel.swift; sourceTree = "<group>"; };
		3E444AA324D1E4B70004B978 /* ComingTrainingCollectionCell.swift */ = {isa = PBXFileReference; lastKnownFileType = sourcecode.swift; path = ComingTrainingCollectionCell.swift; sourceTree = "<group>"; };
		3E444AA624D1E5230004B978 /* FAvatarImageView.swift */ = {isa = PBXFileReference; lastKnownFileType = sourcecode.swift; path = FAvatarImageView.swift; sourceTree = "<group>"; };
		3E444AA924D1E5830004B978 /* HeaderViewController.swift */ = {isa = PBXFileReference; lastKnownFileType = sourcecode.swift; path = HeaderViewController.swift; sourceTree = "<group>"; };
		3E444AAB24D1E5A40004B978 /* ComingTrainingViewController.swift */ = {isa = PBXFileReference; lastKnownFileType = sourcecode.swift; path = ComingTrainingViewController.swift; sourceTree = "<group>"; };
		3E444AAE24D1E5DD0004B978 /* FLabel.swift */ = {isa = PBXFileReference; lastKnownFileType = sourcecode.swift; path = FLabel.swift; sourceTree = "<group>"; };
		3E444AB124D201350004B978 /* ItemView.swift */ = {isa = PBXFileReference; lastKnownFileType = sourcecode.swift; path = ItemView.swift; sourceTree = "<group>"; };
		3E444AB324D2065E0004B978 /* ItemsTrainerViewController.swift */ = {isa = PBXFileReference; lastKnownFileType = sourcecode.swift; path = ItemsTrainerViewController.swift; sourceTree = "<group>"; };
		3E444AB524D21ACC0004B978 /* FButtonWithColor.swift */ = {isa = PBXFileReference; lastKnownFileType = sourcecode.swift; path = FButtonWithColor.swift; sourceTree = "<group>"; };
		3E444ABA24D220760004B978 /* HorisontalLineView.swift */ = {isa = PBXFileReference; lastKnownFileType = sourcecode.swift; path = HorisontalLineView.swift; sourceTree = "<group>"; };
		3E444ABE24D340560004B978 /* FCircleView.swift */ = {isa = PBXFileReference; lastKnownFileType = sourcecode.swift; path = FCircleView.swift; sourceTree = "<group>"; };
		3E444AC024D35E2D0004B978 /* FSimpleButton.swift */ = {isa = PBXFileReference; lastKnownFileType = sourcecode.swift; path = FSimpleButton.swift; sourceTree = "<group>"; };
		3E63718724CF4C7600483A56 /* QRGeneratorViewController.swift */ = {isa = PBXFileReference; lastKnownFileType = sourcecode.swift; path = QRGeneratorViewController.swift; sourceTree = "<group>"; };
		3E63718B24CF621100483A56 /* QRScannerViewController.swift */ = {isa = PBXFileReference; lastKnownFileType = sourcecode.swift; path = QRScannerViewController.swift; sourceTree = "<group>"; };
		3E64BCF524C45DB40014E91B /* FirestoreServiceTrainer.swift */ = {isa = PBXFileReference; lastKnownFileType = sourcecode.swift; path = FirestoreServiceTrainer.swift; sourceTree = "<group>"; };
		3E64BCF824C45DFC0014E91B /* FirestoreServiceProfile.swift */ = {isa = PBXFileReference; lastKnownFileType = sourcecode.swift; path = FirestoreServiceProfile.swift; sourceTree = "<group>"; };
		3E64BCFA24C45F750014E91B /* FirestoreServiceExercise.swift */ = {isa = PBXFileReference; lastKnownFileType = sourcecode.swift; path = FirestoreServiceExercise.swift; sourceTree = "<group>"; };
		3E707E2D24C48C1E0049BAB6 /* ExercisesListModel.swift */ = {isa = PBXFileReference; lastKnownFileType = sourcecode.swift; path = ExercisesListModel.swift; sourceTree = "<group>"; };
		3E82C78E24DC72EB00145E9D /* TitleWithCheckboxCell.swift */ = {isa = PBXFileReference; lastKnownFileType = sourcecode.swift; path = TitleWithCheckboxCell.swift; sourceTree = "<group>"; };
		3E82C79024DC8CA000145E9D /* FCheckmarkButton.swift */ = {isa = PBXFileReference; lastKnownFileType = sourcecode.swift; path = FCheckmarkButton.swift; sourceTree = "<group>"; };
		3E82E21B24DCA8B100145E9D /* FSFSymbolButton.swift */ = {isa = PBXFileReference; lastKnownFileType = sourcecode.swift; path = FSFSymbolButton.swift; sourceTree = "<group>"; };
		3E82E21D24DCA96500145E9D /* AthleteViewController.swift */ = {isa = PBXFileReference; lastKnownFileType = sourcecode.swift; path = AthleteViewController.swift; sourceTree = "<group>"; };
		3E82E21F24DCAC3800145E9D /* ItemsAthleteViewController.swift */ = {isa = PBXFileReference; lastKnownFileType = sourcecode.swift; path = ItemsAthleteViewController.swift; sourceTree = "<group>"; };
		3E87231E24BF9476005FC365 /* GoogleService-Info.plist */ = {isa = PBXFileReference; fileEncoding = 4; lastKnownFileType = text.plist.xml; path = "GoogleService-Info.plist"; sourceTree = "<group>"; };
		3E87232124BF9FC4005FC365 /* AuthService.swift */ = {isa = PBXFileReference; lastKnownFileType = sourcecode.swift; path = AuthService.swift; sourceTree = "<group>"; };
		3E87232324BFA375005FC365 /* RegisterViewController.swift */ = {isa = PBXFileReference; lastKnownFileType = sourcecode.swift; path = RegisterViewController.swift; sourceTree = "<group>"; };
		3E87232624BFAD35005FC365 /* Alerts.swift */ = {isa = PBXFileReference; lastKnownFileType = sourcecode.swift; path = Alerts.swift; sourceTree = "<group>"; };
		3E8DE58224CD9DFA00DFB220 /* TypeSectionEnum.swift */ = {isa = PBXFileReference; lastKnownFileType = sourcecode.swift; path = TypeSectionEnum.swift; sourceTree = "<group>"; };
		3E8DE58924CDAB5C00DFB220 /* TrainingModel.swift */ = {isa = PBXFileReference; lastKnownFileType = sourcecode.swift; path = TrainingModel.swift; sourceTree = "<group>"; };
		3EB0F97F24D0B91D00AC97EB /* TrainerViewController.swift */ = {isa = PBXFileReference; lastKnownFileType = sourcecode.swift; path = TrainerViewController.swift; sourceTree = "<group>"; };
		3EC3D3BC24C43CE2006B2EE1 /* ExerciseModel.swift */ = {isa = PBXFileReference; lastKnownFileType = sourcecode.swift; path = ExerciseModel.swift; sourceTree = "<group>"; };
		3EC9CD5D24D87C1800B1F8C6 /* ExercisesViewController.swift */ = {isa = PBXFileReference; lastKnownFileType = sourcecode.swift; path = ExercisesViewController.swift; sourceTree = "<group>"; };
		3EC9CD5F24D87F7500B1F8C6 /* MyExerciseCollectionCell.swift */ = {isa = PBXFileReference; lastKnownFileType = sourcecode.swift; path = MyExerciseCollectionCell.swift; sourceTree = "<group>"; };
		3EC9CD6124D8A8BD00B1F8C6 /* ProfileRoleEnum.swift */ = {isa = PBXFileReference; lastKnownFileType = sourcecode.swift; path = ProfileRoleEnum.swift; sourceTree = "<group>"; };
		3ED7036C24DB202D00E4DB9F /* TrainerAddExerciseViewController.swift */ = {isa = PBXFileReference; lastKnownFileType = sourcecode.swift; path = TrainerAddExerciseViewController.swift; sourceTree = "<group>"; };
		3ED7037024DB38B600E4DB9F /* FTextField.swift */ = {isa = PBXFileReference; lastKnownFileType = sourcecode.swift; path = FTextField.swift; sourceTree = "<group>"; };
		3ED7037324DB45EE00E4DB9F /* ExerciseModelNew.swift */ = {isa = PBXFileReference; lastKnownFileType = sourcecode.swift; path = ExerciseModelNew.swift; sourceTree = "<group>"; };
		3ED7037724DB490C00E4DB9F /* TrainingModelNew.swift */ = {isa = PBXFileReference; lastKnownFileType = sourcecode.swift; path = TrainingModelNew.swift; sourceTree = "<group>"; };
		3EE2DDDB24C0CB1000D85CAE /* LoginViewController.swift */ = {isa = PBXFileReference; lastKnownFileType = sourcecode.swift; path = LoginViewController.swift; sourceTree = "<group>"; };
		3EE2DDDD24C0CF7E00D85CAE /* EmailValidation.swift */ = {isa = PBXFileReference; lastKnownFileType = sourcecode.swift; path = EmailValidation.swift; sourceTree = "<group>"; };
		3EE2DDDF24C0D4D800D85CAE /* ValidationError.swift */ = {isa = PBXFileReference; lastKnownFileType = sourcecode.swift; path = ValidationError.swift; sourceTree = "<group>"; };
		3EE2DDE924C0F7D700D85CAE /* FirestoreService.swift */ = {isa = PBXFileReference; lastKnownFileType = sourcecode.swift; path = FirestoreService.swift; sourceTree = "<group>"; };
		3EE38FFD24BCE78A003AF6D8 /* fitnes.app */ = {isa = PBXFileReference; explicitFileType = wrapper.application; includeInIndex = 0; path = fitnes.app; sourceTree = BUILT_PRODUCTS_DIR; };
		3EE3900024BCE78A003AF6D8 /* AppDelegate.swift */ = {isa = PBXFileReference; lastKnownFileType = sourcecode.swift; path = AppDelegate.swift; sourceTree = "<group>"; };
		3EE3900224BCE78A003AF6D8 /* SceneDelegate.swift */ = {isa = PBXFileReference; lastKnownFileType = sourcecode.swift; path = SceneDelegate.swift; sourceTree = "<group>"; };
		3EE3900724BCE78A003AF6D8 /* Base */ = {isa = PBXFileReference; lastKnownFileType = file.storyboard; name = Base; path = Base.lproj/Main.storyboard; sourceTree = "<group>"; };
		3EE3900C24BCE78D003AF6D8 /* Base */ = {isa = PBXFileReference; lastKnownFileType = file.storyboard; name = Base; path = Base.lproj/LaunchScreen.storyboard; sourceTree = "<group>"; };
		3EE3900E24BCE78D003AF6D8 /* Info.plist */ = {isa = PBXFileReference; lastKnownFileType = text.plist.xml; path = Info.plist; sourceTree = "<group>"; };
		3EE3901724BCFEF6003AF6D8 /* Assets.xcassets */ = {isa = PBXFileReference; lastKnownFileType = folder.assetcatalog; path = Assets.xcassets; sourceTree = "<group>"; };
		3EE586DE24DD376200CA0530 /* AbonementsViewController.swift */ = {isa = PBXFileReference; lastKnownFileType = sourcecode.swift; path = AbonementsViewController.swift; sourceTree = "<group>"; };
		3EE586E024DD3A0500CA0530 /* MyAbonementsCollectionCell.swift */ = {isa = PBXFileReference; lastKnownFileType = sourcecode.swift; path = MyAbonementsCollectionCell.swift; sourceTree = "<group>"; };
		3EE586E324DD5A8100CA0530 /* AthleteParameterViewController.swift */ = {isa = PBXFileReference; lastKnownFileType = sourcecode.swift; path = AthleteParameterViewController.swift; sourceTree = "<group>"; };
		3EE586E924DDBF9400CA0530 /* FFranButton.swift */ = {isa = PBXFileReference; lastKnownFileType = sourcecode.swift; path = FFranButton.swift; sourceTree = "<group>"; };
		3EE586EB24DE863600CA0530 /* FindTrainerViewController.swift */ = {isa = PBXFileReference; lastKnownFileType = sourcecode.swift; path = FindTrainerViewController.swift; sourceTree = "<group>"; };
		3EE586ED24DE89D400CA0530 /* SFSymbolEnum.swift */ = {isa = PBXFileReference; lastKnownFileType = sourcecode.swift; path = SFSymbolEnum.swift; sourceTree = "<group>"; };
		3EE586EF24DEA0B100CA0530 /* FindTrainerCollectionCell.swift */ = {isa = PBXFileReference; lastKnownFileType = sourcecode.swift; path = FindTrainerCollectionCell.swift; sourceTree = "<group>"; };
		3EE586F124DED1A000CA0530 /* FromSearchTrainerViewController.swift */ = {isa = PBXFileReference; lastKnownFileType = sourcecode.swift; path = FromSearchTrainerViewController.swift; sourceTree = "<group>"; };
		3EE586F324DEEA1B00CA0530 /* TrainingPlaceView.swift */ = {isa = PBXFileReference; lastKnownFileType = sourcecode.swift; path = TrainingPlaceView.swift; sourceTree = "<group>"; };
		3EE586F524DF31D000CA0530 /* CalendarViewController.swift */ = {isa = PBXFileReference; lastKnownFileType = sourcecode.swift; path = CalendarViewController.swift; sourceTree = "<group>"; };
		3EE586F724DF484C00CA0530 /* CalendarTrainingCell.swift */ = {isa = PBXFileReference; lastKnownFileType = sourcecode.swift; path = CalendarTrainingCell.swift; sourceTree = "<group>"; };
		3EE5A64B24D7150C004110C6 /* MyTrainingViewController.swift */ = {isa = PBXFileReference; lastKnownFileType = sourcecode.swift; path = MyTrainingViewController.swift; sourceTree = "<group>"; };
		3EE5A64D24D71631004110C6 /* MyTrainingCollectionCell.swift */ = {isa = PBXFileReference; lastKnownFileType = sourcecode.swift; path = MyTrainingCollectionCell.swift; sourceTree = "<group>"; };
		3EEB9C2424D9FEA400E1EC0B /* ConverterRoleToString.swift */ = {isa = PBXFileReference; lastKnownFileType = sourcecode.swift; path = ConverterRoleToString.swift; sourceTree = "<group>"; };
		3EEB9C2624D9FF2C00E1EC0B /* ConverterRoleToEnum.swift */ = {isa = PBXFileReference; lastKnownFileType = sourcecode.swift; path = ConverterRoleToEnum.swift; sourceTree = "<group>"; };
		AE4B935F57350FECA01943F2 /* Pods-fitnes.debug.xcconfig */ = {isa = PBXFileReference; includeInIndex = 1; lastKnownFileType = text.xcconfig; name = "Pods-fitnes.debug.xcconfig"; path = "Target Support Files/Pods-fitnes/Pods-fitnes.debug.xcconfig"; sourceTree = "<group>"; };
/* End PBXFileReference section */

/* Begin PBXFrameworksBuildPhase section */
		3EE38FFA24BCE78A003AF6D8 /* Frameworks */ = {
			isa = PBXFrameworksBuildPhase;
			buildActionMask = 2147483647;
			files = (
				1CECEBE5A56A6F87B8A1A823 /* Pods_fitnes.framework in Frameworks */,
			);
			runOnlyForDeploymentPostprocessing = 0;
		};
/* End PBXFrameworksBuildPhase section */

/* Begin PBXGroup section */
		218FA636ABF33253604A7776 /* Pods */ = {
			isa = PBXGroup;
			children = (
				AE4B935F57350FECA01943F2 /* Pods-fitnes.debug.xcconfig */,
				0D45113D45CEC2A8132EDF62 /* Pods-fitnes.release.xcconfig */,
			);
			path = Pods;
			sourceTree = "<group>";
		};
		3E10DA3424C3914600163F26 /* Trainer */ = {
			isa = PBXGroup;
			children = (
				3EB0F97F24D0B91D00AC97EB /* TrainerViewController.swift */,
				3ED7036C24DB202D00E4DB9F /* TrainerAddExerciseViewController.swift */,
				3EE586F124DED1A000CA0530 /* FromSearchTrainerViewController.swift */,
				3EE586F524DF31D000CA0530 /* CalendarViewController.swift */,
			);
			path = Trainer;
			sourceTree = "<group>";
		};
		3E10DA3724C3988C00163F26 /* Athlete */ = {
			isa = PBXGroup;
			children = (
				3E82E21D24DCA96500145E9D /* AthleteViewController.swift */,
				3EE586E324DD5A8100CA0530 /* AthleteParameterViewController.swift */,
				3EE586EB24DE863600CA0530 /* FindTrainerViewController.swift */,
			);
			path = Athlete;
			sourceTree = "<group>";
		};
		3E235B3724BE29D8004DDBD6 /* Storyboard */ = {
			isa = PBXGroup;
			children = (
				3EE3900624BCE78A003AF6D8 /* Main.storyboard */,
				3EE3900B24BCE78D003AF6D8 /* LaunchScreen.storyboard */,
			);
			path = Storyboard;
			sourceTree = "<group>";
		};
		3E235B3824BE2A0E004DDBD6 /* Models */ = {
			isa = PBXGroup;
			children = (
				3E10DA3024C3317900163F26 /* ProfileInfoModel.swift */,
				3E10DA3224C37DB000163F26 /* ProfileRoleModel.swift */,
				3E10DA3824C39C0F00163F26 /* TrainerModel.swift */,
				3EC3D3BC24C43CE2006B2EE1 /* ExerciseModel.swift */,
				3E707E2D24C48C1E0049BAB6 /* ExercisesListModel.swift */,
				3E8DE58924CDAB5C00DFB220 /* TrainingModel.swift */,
			);
			path = Models;
			sourceTree = "<group>";
		};
		3E444A6F24D1C7880004B978 /* Views */ = {
			isa = PBXGroup;
			children = (
				3E444AB724D21AD10004B978 /* Buttons */,
				3E444AA224D1E4AC0004B978 /* Cells */,
				3E82E21A24DCA6B600145E9D /* CollectionCells */,
				3E444AA524D1E5110004B978 /* ImageViews */,
				3E444AAD24D1E5CB0004B978 /* Labels */,
				3ED7036F24DB38A900E4DB9F /* TextFields */,
				3E444AA824D1E5370004B978 /* ViewControllers */,
				3E444AB024D201090004B978 /* Views */,
			);
			path = Views;
			sourceTree = "<group>";
		};
		3E444AA224D1E4AC0004B978 /* Cells */ = {
			isa = PBXGroup;
			children = (
				3E82C78E24DC72EB00145E9D /* TitleWithCheckboxCell.swift */,
				3EE586F724DF484C00CA0530 /* CalendarTrainingCell.swift */,
			);
			path = Cells;
			sourceTree = "<group>";
		};
		3E444AA524D1E5110004B978 /* ImageViews */ = {
			isa = PBXGroup;
			children = (
				3E444AA624D1E5230004B978 /* FAvatarImageView.swift */,
			);
			path = ImageViews;
			sourceTree = "<group>";
		};
		3E444AA824D1E5370004B978 /* ViewControllers */ = {
			isa = PBXGroup;
			children = (
				3EE586DE24DD376200CA0530 /* AbonementsViewController.swift */,
				3E444AAB24D1E5A40004B978 /* ComingTrainingViewController.swift */,
				3EC9CD5D24D87C1800B1F8C6 /* ExercisesViewController.swift */,
				3E444AA924D1E5830004B978 /* HeaderViewController.swift */,
				3E82E21F24DCAC3800145E9D /* ItemsAthleteViewController.swift */,
				3E444AB324D2065E0004B978 /* ItemsTrainerViewController.swift */,
				3EE5A64B24D7150C004110C6 /* MyTrainingViewController.swift */,
			);
			path = ViewControllers;
			sourceTree = "<group>";
		};
		3E444AAD24D1E5CB0004B978 /* Labels */ = {
			isa = PBXGroup;
			children = (
				3E444AAE24D1E5DD0004B978 /* FLabel.swift */,
			);
			path = Labels;
			sourceTree = "<group>";
		};
		3E444AB024D201090004B978 /* Views */ = {
			isa = PBXGroup;
			children = (
				3E444ABE24D340560004B978 /* FCircleView.swift */,
				3E444ABA24D220760004B978 /* HorisontalLineView.swift */,
				3E444AB124D201350004B978 /* ItemView.swift */,
				3EE586F324DEEA1B00CA0530 /* TrainingPlaceView.swift */,
			);
			path = Views;
			sourceTree = "<group>";
		};
		3E444AB724D21AD10004B978 /* Buttons */ = {
			isa = PBXGroup;
			children = (
				3E444AB524D21ACC0004B978 /* FButtonWithColor.swift */,
				3E82C79024DC8CA000145E9D /* FCheckmarkButton.swift */,
				3E82E21B24DCA8B100145E9D /* FSFSymbolButton.swift */,
				3E444AC024D35E2D0004B978 /* FSimpleButton.swift */,
				3EE586E924DDBF9400CA0530 /* FFranButton.swift */,
			);
			path = Buttons;
			sourceTree = "<group>";
		};
		3E63718624CF4C5D00483A56 /* QR */ = {
			isa = PBXGroup;
			children = (
				3E63718724CF4C7600483A56 /* QRGeneratorViewController.swift */,
				3E63718B24CF621100483A56 /* QRScannerViewController.swift */,
			);
			path = QR;
			sourceTree = "<group>";
		};
		3E64BCF424C45D9B0014E91B /* Database */ = {
			isa = PBXGroup;
			children = (
				3EE2DDE924C0F7D700D85CAE /* FirestoreService.swift */,
				3E64BCF524C45DB40014E91B /* FirestoreServiceTrainer.swift */,
				3E64BCF824C45DFC0014E91B /* FirestoreServiceProfile.swift */,
				3E64BCFA24C45F750014E91B /* FirestoreServiceExercise.swift */,
			);
			path = Database;
			sourceTree = "<group>";
		};
		3E82E21A24DCA6B600145E9D /* CollectionCells */ = {
			isa = PBXGroup;
			children = (
				3E444AA324D1E4B70004B978 /* ComingTrainingCollectionCell.swift */,
				3EE586EF24DEA0B100CA0530 /* FindTrainerCollectionCell.swift */,
				3EE586E024DD3A0500CA0530 /* MyAbonementsCollectionCell.swift */,
				3EC9CD5F24D87F7500B1F8C6 /* MyExerciseCollectionCell.swift */,
				3EE5A64D24D71631004110C6 /* MyTrainingCollectionCell.swift */,
			);
			path = CollectionCells;
			sourceTree = "<group>";
		};
		3E87232024BF9FB2005FC365 /* Firebase */ = {
			isa = PBXGroup;
			children = (
				3EC9CD6324D8AF8500B1F8C6 /* Authentification */,
				3E64BCF424C45D9B0014E91B /* Database */,
			);
			path = Firebase;
			sourceTree = "<group>";
		};
		3E87232524BFAD1E005FC365 /* Extension */ = {
			isa = PBXGroup;
			children = (
				3E87232624BFAD35005FC365 /* Alerts.swift */,
			);
			path = Extension;
			sourceTree = "<group>";
		};
		3E8DE58124CD9DE500DFB220 /* Enums */ = {
			isa = PBXGroup;
			children = (
				3E8DE58224CD9DFA00DFB220 /* TypeSectionEnum.swift */,
				3EC9CD6124D8A8BD00B1F8C6 /* ProfileRoleEnum.swift */,
				3EE586ED24DE89D400CA0530 /* SFSymbolEnum.swift */,
			);
			path = Enums;
			sourceTree = "<group>";
		};
		3EB0F97924D0B09600AC97EB /* Assets */ = {
			isa = PBXGroup;
			children = (
				3EE3901724BCFEF6003AF6D8 /* Assets.xcassets */,
			);
			path = Assets;
			sourceTree = "<group>";
		};
		3EB0F97A24D0B0B100AC97EB /* AppDelegate */ = {
			isa = PBXGroup;
			children = (
				3EE3900024BCE78A003AF6D8 /* AppDelegate.swift */,
				3EE3900224BCE78A003AF6D8 /* SceneDelegate.swift */,
			);
			path = AppDelegate;
			sourceTree = "<group>";
		};
		3EB0F97D24D0B25C00AC97EB /* Networking */ = {
			isa = PBXGroup;
			children = (
				3E87232024BF9FB2005FC365 /* Firebase */,
			);
			path = Networking;
			sourceTree = "<group>";
		};
		3EB0F97E24D0B4A200AC97EB /* Plist */ = {
			isa = PBXGroup;
			children = (
				3EE3900E24BCE78D003AF6D8 /* Info.plist */,
				3E87231E24BF9476005FC365 /* GoogleService-Info.plist */,
			);
			path = Plist;
			sourceTree = "<group>";
		};
		3EC9CD6324D8AF8500B1F8C6 /* Authentification */ = {
			isa = PBXGroup;
			children = (
				3E87232124BF9FC4005FC365 /* AuthService.swift */,
			);
			path = Authentification;
			sourceTree = "<group>";
		};
		3ED7036F24DB38A900E4DB9F /* TextFields */ = {
			isa = PBXGroup;
			children = (
				3ED7037024DB38B600E4DB9F /* FTextField.swift */,
			);
			path = TextFields;
			sourceTree = "<group>";
		};
		3ED7037224DB45CC00E4DB9F /* ModelsNew */ = {
			isa = PBXGroup;
			children = (
				3ED7037324DB45EE00E4DB9F /* ExerciseModelNew.swift */,
				3ED7037724DB490C00E4DB9F /* TrainingModelNew.swift */,
			);
			path = ModelsNew;
			sourceTree = "<group>";
		};
		3EE2DDE124C0D8A100D85CAE /* Utils */ = {
			isa = PBXGroup;
			children = (
				3EEB9C2324D9FE6B00E1EC0B /* RoleConverter */,
				3EE2DDDF24C0D4D800D85CAE /* ValidationError.swift */,
				3EE2DDDD24C0CF7E00D85CAE /* EmailValidation.swift */,
			);
			path = Utils;
			sourceTree = "<group>";
		};
		3EE2DDE224C0DAA800D85CAE /* Auth */ = {
			isa = PBXGroup;
			children = (
				3E87232324BFA375005FC365 /* RegisterViewController.swift */,
				3EE2DDDB24C0CB1000D85CAE /* LoginViewController.swift */,
			);
			path = Auth;
			sourceTree = "<group>";
		};
		3EE38FF424BCE78A003AF6D8 = {
			isa = PBXGroup;
			children = (
				3EE38FFF24BCE78A003AF6D8 /* fitnes */,
				3EE38FFE24BCE78A003AF6D8 /* Products */,
				218FA636ABF33253604A7776 /* Pods */,
				AFF08E7C7FC1742220804DF5 /* Frameworks */,
			);
			sourceTree = "<group>";
		};
		3EE38FFE24BCE78A003AF6D8 /* Products */ = {
			isa = PBXGroup;
			children = (
				3EE38FFD24BCE78A003AF6D8 /* fitnes.app */,
			);
			name = Products;
			sourceTree = "<group>";
		};
		3EE38FFF24BCE78A003AF6D8 /* fitnes */ = {
			isa = PBXGroup;
			children = (
				3EB0F97A24D0B0B100AC97EB /* AppDelegate */,
				3EB0F97924D0B09600AC97EB /* Assets */,
				3E8DE58124CD9DE500DFB220 /* Enums */,
				3E87232524BFAD1E005FC365 /* Extension */,
				3E235B3824BE2A0E004DDBD6 /* Models */,
				3ED7037224DB45CC00E4DB9F /* ModelsNew */,
				3EB0F97D24D0B25C00AC97EB /* Networking */,
				3EB0F97E24D0B4A200AC97EB /* Plist */,
				3EE3901624BCE863003AF6D8 /* Screens */,
				3E235B3724BE29D8004DDBD6 /* Storyboard */,
				3EE2DDE124C0D8A100D85CAE /* Utils */,
				3E444A6F24D1C7880004B978 /* Views */,
			);
			path = fitnes;
			sourceTree = "<group>";
		};
		3EE3901624BCE863003AF6D8 /* Screens */ = {
			isa = PBXGroup;
			children = (
				3EE2DDE224C0DAA800D85CAE /* Auth */,
				3E63718624CF4C5D00483A56 /* QR */,
				3E10DA3724C3988C00163F26 /* Athlete */,
				3E10DA3424C3914600163F26 /* Trainer */,
			);
			path = Screens;
			sourceTree = "<group>";
		};
		3EEB9C2324D9FE6B00E1EC0B /* RoleConverter */ = {
			isa = PBXGroup;
			children = (
				3EEB9C2424D9FEA400E1EC0B /* ConverterRoleToString.swift */,
				3EEB9C2624D9FF2C00E1EC0B /* ConverterRoleToEnum.swift */,
			);
			path = RoleConverter;
			sourceTree = "<group>";
		};
		AFF08E7C7FC1742220804DF5 /* Frameworks */ = {
			isa = PBXGroup;
			children = (
				0B27A6510FA6DA87405D7B53 /* Pods_fitnes.framework */,
			);
			name = Frameworks;
			sourceTree = "<group>";
		};
/* End PBXGroup section */

/* Begin PBXNativeTarget section */
		3EE38FFC24BCE78A003AF6D8 /* fitnes */ = {
			isa = PBXNativeTarget;
			buildConfigurationList = 3EE3901124BCE78D003AF6D8 /* Build configuration list for PBXNativeTarget "fitnes" */;
			buildPhases = (
				CE586266E805B03A1DE74050 /* [CP] Check Pods Manifest.lock */,
				3EE38FF924BCE78A003AF6D8 /* Sources */,
				3EE38FFA24BCE78A003AF6D8 /* Frameworks */,
				3EE38FFB24BCE78A003AF6D8 /* Resources */,
				A47B03F7329A3A0FC39C1850 /* [CP] Embed Pods Frameworks */,
			);
			buildRules = (
			);
			dependencies = (
			);
			name = fitnes;
			productName = fitnes;
			productReference = 3EE38FFD24BCE78A003AF6D8 /* fitnes.app */;
			productType = "com.apple.product-type.application";
		};
/* End PBXNativeTarget section */

/* Begin PBXProject section */
		3EE38FF524BCE78A003AF6D8 /* Project object */ = {
			isa = PBXProject;
			attributes = {
				LastSwiftUpdateCheck = 1150;
				LastUpgradeCheck = 1150;
				ORGANIZATIONNAME = "yauheni prakapenka";
				TargetAttributes = {
					3EE38FFC24BCE78A003AF6D8 = {
						CreatedOnToolsVersion = 11.5;
					};
				};
			};
			buildConfigurationList = 3EE38FF824BCE78A003AF6D8 /* Build configuration list for PBXProject "fitnes" */;
			compatibilityVersion = "Xcode 9.3";
			developmentRegion = en;
			hasScannedForEncodings = 0;
			knownRegions = (
				en,
				Base,
			);
			mainGroup = 3EE38FF424BCE78A003AF6D8;
			productRefGroup = 3EE38FFE24BCE78A003AF6D8 /* Products */;
			projectDirPath = "";
			projectRoot = "";
			targets = (
				3EE38FFC24BCE78A003AF6D8 /* fitnes */,
			);
		};
/* End PBXProject section */

/* Begin PBXResourcesBuildPhase section */
		3EE38FFB24BCE78A003AF6D8 /* Resources */ = {
			isa = PBXResourcesBuildPhase;
			buildActionMask = 2147483647;
			files = (
				3EE3900D24BCE78D003AF6D8 /* LaunchScreen.storyboard in Resources */,
				3E87231F24BF9476005FC365 /* GoogleService-Info.plist in Resources */,
				3EE3901824BCFEF6003AF6D8 /* Assets.xcassets in Resources */,
				3EE3900824BCE78A003AF6D8 /* Main.storyboard in Resources */,
			);
			runOnlyForDeploymentPostprocessing = 0;
		};
/* End PBXResourcesBuildPhase section */

/* Begin PBXShellScriptBuildPhase section */
		A47B03F7329A3A0FC39C1850 /* [CP] Embed Pods Frameworks */ = {
			isa = PBXShellScriptBuildPhase;
			buildActionMask = 2147483647;
			files = (
			);
			inputFileListPaths = (
				"${PODS_ROOT}/Target Support Files/Pods-fitnes/Pods-fitnes-frameworks-${CONFIGURATION}-input-files.xcfilelist",
			);
			name = "[CP] Embed Pods Frameworks";
			outputFileListPaths = (
				"${PODS_ROOT}/Target Support Files/Pods-fitnes/Pods-fitnes-frameworks-${CONFIGURATION}-output-files.xcfilelist",
			);
			runOnlyForDeploymentPostprocessing = 0;
			shellPath = /bin/sh;
			shellScript = "\"${PODS_ROOT}/Target Support Files/Pods-fitnes/Pods-fitnes-frameworks.sh\"\n";
			showEnvVarsInLog = 0;
		};
		CE586266E805B03A1DE74050 /* [CP] Check Pods Manifest.lock */ = {
			isa = PBXShellScriptBuildPhase;
			buildActionMask = 2147483647;
			files = (
			);
			inputFileListPaths = (
			);
			inputPaths = (
				"${PODS_PODFILE_DIR_PATH}/Podfile.lock",
				"${PODS_ROOT}/Manifest.lock",
			);
			name = "[CP] Check Pods Manifest.lock";
			outputFileListPaths = (
			);
			outputPaths = (
				"$(DERIVED_FILE_DIR)/Pods-fitnes-checkManifestLockResult.txt",
			);
			runOnlyForDeploymentPostprocessing = 0;
			shellPath = /bin/sh;
			shellScript = "diff \"${PODS_PODFILE_DIR_PATH}/Podfile.lock\" \"${PODS_ROOT}/Manifest.lock\" > /dev/null\nif [ $? != 0 ] ; then\n    # print error to STDERR\n    echo \"error: The sandbox is not in sync with the Podfile.lock. Run 'pod install' or update your CocoaPods installation.\" >&2\n    exit 1\nfi\n# This output is used by Xcode 'outputs' to avoid re-running this script phase.\necho \"SUCCESS\" > \"${SCRIPT_OUTPUT_FILE_0}\"\n";
			showEnvVarsInLog = 0;
		};
/* End PBXShellScriptBuildPhase section */

/* Begin PBXSourcesBuildPhase section */
		3EE38FF924BCE78A003AF6D8 /* Sources */ = {
			isa = PBXSourcesBuildPhase;
			buildActionMask = 2147483647;
			files = (
				3EE586EA24DDBF9400CA0530 /* FFranButton.swift in Sources */,
				3E10DA3124C3317900163F26 /* ProfileInfoModel.swift in Sources */,
				3EE5A64E24D71631004110C6 /* MyTrainingCollectionCell.swift in Sources */,
				3EE586DF24DD376200CA0530 /* AbonementsViewController.swift in Sources */,
				3E444AA424D1E4B70004B978 /* ComingTrainingCollectionCell.swift in Sources */,
				3E444AAA24D1E5830004B978 /* HeaderViewController.swift in Sources */,
				3E82C78F24DC72EB00145E9D /* TitleWithCheckboxCell.swift in Sources */,
				3EE586EC24DE863600CA0530 /* FindTrainerViewController.swift in Sources */,
				3E10DA3924C39C0F00163F26 /* TrainerModel.swift in Sources */,
				3E444ABB24D220760004B978 /* HorisontalLineView.swift in Sources */,
				3E444ABF24D340560004B978 /* FCircleView.swift in Sources */,
				3EB0F98024D0B91D00AC97EB /* TrainerViewController.swift in Sources */,
				3E8DE58A24CDAB5C00DFB220 /* TrainingModel.swift in Sources */,
				3E444AAF24D1E5DD0004B978 /* FLabel.swift in Sources */,
				3E8DE58324CD9DFA00DFB220 /* TypeSectionEnum.swift in Sources */,
				3E82E21E24DCA96500145E9D /* AthleteViewController.swift in Sources */,
				3E63718824CF4C7600483A56 /* QRGeneratorViewController.swift in Sources */,
				3E82E22024DCAC3800145E9D /* ItemsAthleteViewController.swift in Sources */,
				3EC9CD6224D8A8BD00B1F8C6 /* ProfileRoleEnum.swift in Sources */,
				3E707E2E24C48C1E0049BAB6 /* ExercisesListModel.swift in Sources */,
				3EE586F424DEEA1B00CA0530 /* TrainingPlaceView.swift in Sources */,
				3E87232424BFA375005FC365 /* RegisterViewController.swift in Sources */,
				3E444AA724D1E5230004B978 /* FAvatarImageView.swift in Sources */,
				3E64BCF624C45DB40014E91B /* FirestoreServiceTrainer.swift in Sources */,
				3EE2DDDE24C0CF7E00D85CAE /* EmailValidation.swift in Sources */,
				3EE586EE24DE89D400CA0530 /* SFSymbolEnum.swift in Sources */,
				3EEB9C2724D9FF2C00E1EC0B /* ConverterRoleToEnum.swift in Sources */,
				3E444AB224D201350004B978 /* ItemView.swift in Sources */,
				3ED7037424DB45EE00E4DB9F /* ExerciseModelNew.swift in Sources */,
				3EC9CD6024D87F7500B1F8C6 /* MyExerciseCollectionCell.swift in Sources */,
				3E82E21C24DCA8B100145E9D /* FSFSymbolButton.swift in Sources */,
				3E444AC124D35E2D0004B978 /* FSimpleButton.swift in Sources */,
				3E63718C24CF621100483A56 /* QRScannerViewController.swift in Sources */,
				3E64BCF924C45DFC0014E91B /* FirestoreServiceProfile.swift in Sources */,
				3EE2DDE024C0D4D800D85CAE /* ValidationError.swift in Sources */,
				3EE2DDEA24C0F7D700D85CAE /* FirestoreService.swift in Sources */,
				3ED7036D24DB202D00E4DB9F /* TrainerAddExerciseViewController.swift in Sources */,
				3EE586E124DD3A0500CA0530 /* MyAbonementsCollectionCell.swift in Sources */,
				3EC9CD5E24D87C1800B1F8C6 /* ExercisesViewController.swift in Sources */,
				3E444AB624D21ACC0004B978 /* FButtonWithColor.swift in Sources */,
				3EE5A64C24D7150C004110C6 /* MyTrainingViewController.swift in Sources */,
				3E444AAC24D1E5A40004B978 /* ComingTrainingViewController.swift in Sources */,
				3ED7037824DB490C00E4DB9F /* TrainingModelNew.swift in Sources */,
				3E64BCFB24C45F750014E91B /* FirestoreServiceExercise.swift in Sources */,
				3EE3900124BCE78A003AF6D8 /* AppDelegate.swift in Sources */,
				3E87232724BFAD35005FC365 /* Alerts.swift in Sources */,
				3EE3900324BCE78A003AF6D8 /* SceneDelegate.swift in Sources */,
				3EEB9C2524D9FEA400E1EC0B /* ConverterRoleToString.swift in Sources */,
				3E10DA3324C37DB000163F26 /* ProfileRoleModel.swift in Sources */,
				3ED7037124DB38B600E4DB9F /* FTextField.swift in Sources */,
				3EE586E424DD5A8100CA0530 /* AthleteParameterViewController.swift in Sources */,
				3EE2DDDC24C0CB1000D85CAE /* LoginViewController.swift in Sources */,
				3E444AB424D2065E0004B978 /* ItemsTrainerViewController.swift in Sources */,
				3EE586F024DEA0B100CA0530 /* FindTrainerCollectionCell.swift in Sources */,
				3E82C79124DC8CA000145E9D /* FCheckmarkButton.swift in Sources */,
				3EE586F824DF484C00CA0530 /* CalendarTrainingCell.swift in Sources */,
				3E87232224BF9FC4005FC365 /* AuthService.swift in Sources */,
				3EE586F224DED1A000CA0530 /* FromSearchTrainerViewController.swift in Sources */,
				3EC3D3BD24C43CE2006B2EE1 /* ExerciseModel.swift in Sources */,
				3EE586F624DF31D000CA0530 /* CalendarViewController.swift in Sources */,
			);
			runOnlyForDeploymentPostprocessing = 0;
		};
/* End PBXSourcesBuildPhase section */

/* Begin PBXVariantGroup section */
		3EE3900624BCE78A003AF6D8 /* Main.storyboard */ = {
			isa = PBXVariantGroup;
			children = (
				3EE3900724BCE78A003AF6D8 /* Base */,
			);
			name = Main.storyboard;
			sourceTree = "<group>";
		};
		3EE3900B24BCE78D003AF6D8 /* LaunchScreen.storyboard */ = {
			isa = PBXVariantGroup;
			children = (
				3EE3900C24BCE78D003AF6D8 /* Base */,
			);
			name = LaunchScreen.storyboard;
			sourceTree = "<group>";
		};
/* End PBXVariantGroup section */

/* Begin XCBuildConfiguration section */
		3EE3900F24BCE78D003AF6D8 /* Debug */ = {
			isa = XCBuildConfiguration;
			buildSettings = {
				ALWAYS_SEARCH_USER_PATHS = NO;
				CLANG_ANALYZER_NONNULL = YES;
				CLANG_ANALYZER_NUMBER_OBJECT_CONVERSION = YES_AGGRESSIVE;
				CLANG_CXX_LANGUAGE_STANDARD = "gnu++14";
				CLANG_CXX_LIBRARY = "libc++";
				CLANG_ENABLE_MODULES = YES;
				CLANG_ENABLE_OBJC_ARC = YES;
				CLANG_ENABLE_OBJC_WEAK = YES;
				CLANG_WARN_BLOCK_CAPTURE_AUTORELEASING = YES;
				CLANG_WARN_BOOL_CONVERSION = YES;
				CLANG_WARN_COMMA = YES;
				CLANG_WARN_CONSTANT_CONVERSION = YES;
				CLANG_WARN_DEPRECATED_OBJC_IMPLEMENTATIONS = YES;
				CLANG_WARN_DIRECT_OBJC_ISA_USAGE = YES_ERROR;
				CLANG_WARN_DOCUMENTATION_COMMENTS = YES;
				CLANG_WARN_EMPTY_BODY = YES;
				CLANG_WARN_ENUM_CONVERSION = YES;
				CLANG_WARN_INFINITE_RECURSION = YES;
				CLANG_WARN_INT_CONVERSION = YES;
				CLANG_WARN_NON_LITERAL_NULL_CONVERSION = YES;
				CLANG_WARN_OBJC_IMPLICIT_RETAIN_SELF = YES;
				CLANG_WARN_OBJC_LITERAL_CONVERSION = YES;
				CLANG_WARN_OBJC_ROOT_CLASS = YES_ERROR;
				CLANG_WARN_RANGE_LOOP_ANALYSIS = YES;
				CLANG_WARN_STRICT_PROTOTYPES = YES;
				CLANG_WARN_SUSPICIOUS_MOVE = YES;
				CLANG_WARN_UNGUARDED_AVAILABILITY = YES_AGGRESSIVE;
				CLANG_WARN_UNREACHABLE_CODE = YES;
				CLANG_WARN__DUPLICATE_METHOD_MATCH = YES;
				COPY_PHASE_STRIP = NO;
				DEBUG_INFORMATION_FORMAT = dwarf;
				ENABLE_STRICT_OBJC_MSGSEND = YES;
				ENABLE_TESTABILITY = YES;
				GCC_C_LANGUAGE_STANDARD = gnu11;
				GCC_DYNAMIC_NO_PIC = NO;
				GCC_NO_COMMON_BLOCKS = YES;
				GCC_OPTIMIZATION_LEVEL = 0;
				GCC_PREPROCESSOR_DEFINITIONS = (
					"DEBUG=1",
					"$(inherited)",
				);
				GCC_WARN_64_TO_32_BIT_CONVERSION = YES;
				GCC_WARN_ABOUT_RETURN_TYPE = YES_ERROR;
				GCC_WARN_UNDECLARED_SELECTOR = YES;
				GCC_WARN_UNINITIALIZED_AUTOS = YES_AGGRESSIVE;
				GCC_WARN_UNUSED_FUNCTION = YES;
				GCC_WARN_UNUSED_VARIABLE = YES;
				IPHONEOS_DEPLOYMENT_TARGET = 13.5;
				MTL_ENABLE_DEBUG_INFO = INCLUDE_SOURCE;
				MTL_FAST_MATH = YES;
				ONLY_ACTIVE_ARCH = YES;
				SDKROOT = iphoneos;
				SWIFT_ACTIVE_COMPILATION_CONDITIONS = DEBUG;
				SWIFT_OPTIMIZATION_LEVEL = "-Onone";
			};
			name = Debug;
		};
		3EE3901024BCE78D003AF6D8 /* Release */ = {
			isa = XCBuildConfiguration;
			buildSettings = {
				ALWAYS_SEARCH_USER_PATHS = NO;
				CLANG_ANALYZER_NONNULL = YES;
				CLANG_ANALYZER_NUMBER_OBJECT_CONVERSION = YES_AGGRESSIVE;
				CLANG_CXX_LANGUAGE_STANDARD = "gnu++14";
				CLANG_CXX_LIBRARY = "libc++";
				CLANG_ENABLE_MODULES = YES;
				CLANG_ENABLE_OBJC_ARC = YES;
				CLANG_ENABLE_OBJC_WEAK = YES;
				CLANG_WARN_BLOCK_CAPTURE_AUTORELEASING = YES;
				CLANG_WARN_BOOL_CONVERSION = YES;
				CLANG_WARN_COMMA = YES;
				CLANG_WARN_CONSTANT_CONVERSION = YES;
				CLANG_WARN_DEPRECATED_OBJC_IMPLEMENTATIONS = YES;
				CLANG_WARN_DIRECT_OBJC_ISA_USAGE = YES_ERROR;
				CLANG_WARN_DOCUMENTATION_COMMENTS = YES;
				CLANG_WARN_EMPTY_BODY = YES;
				CLANG_WARN_ENUM_CONVERSION = YES;
				CLANG_WARN_INFINITE_RECURSION = YES;
				CLANG_WARN_INT_CONVERSION = YES;
				CLANG_WARN_NON_LITERAL_NULL_CONVERSION = YES;
				CLANG_WARN_OBJC_IMPLICIT_RETAIN_SELF = YES;
				CLANG_WARN_OBJC_LITERAL_CONVERSION = YES;
				CLANG_WARN_OBJC_ROOT_CLASS = YES_ERROR;
				CLANG_WARN_RANGE_LOOP_ANALYSIS = YES;
				CLANG_WARN_STRICT_PROTOTYPES = YES;
				CLANG_WARN_SUSPICIOUS_MOVE = YES;
				CLANG_WARN_UNGUARDED_AVAILABILITY = YES_AGGRESSIVE;
				CLANG_WARN_UNREACHABLE_CODE = YES;
				CLANG_WARN__DUPLICATE_METHOD_MATCH = YES;
				COPY_PHASE_STRIP = NO;
				DEBUG_INFORMATION_FORMAT = "dwarf-with-dsym";
				ENABLE_NS_ASSERTIONS = NO;
				ENABLE_STRICT_OBJC_MSGSEND = YES;
				GCC_C_LANGUAGE_STANDARD = gnu11;
				GCC_NO_COMMON_BLOCKS = YES;
				GCC_WARN_64_TO_32_BIT_CONVERSION = YES;
				GCC_WARN_ABOUT_RETURN_TYPE = YES_ERROR;
				GCC_WARN_UNDECLARED_SELECTOR = YES;
				GCC_WARN_UNINITIALIZED_AUTOS = YES_AGGRESSIVE;
				GCC_WARN_UNUSED_FUNCTION = YES;
				GCC_WARN_UNUSED_VARIABLE = YES;
				IPHONEOS_DEPLOYMENT_TARGET = 13.5;
				MTL_ENABLE_DEBUG_INFO = NO;
				MTL_FAST_MATH = YES;
				SDKROOT = iphoneos;
				SWIFT_COMPILATION_MODE = wholemodule;
				SWIFT_OPTIMIZATION_LEVEL = "-O";
				VALIDATE_PRODUCT = YES;
			};
			name = Release;
		};
		3EE3901224BCE78D003AF6D8 /* Debug */ = {
			isa = XCBuildConfiguration;
			baseConfigurationReference = AE4B935F57350FECA01943F2 /* Pods-fitnes.debug.xcconfig */;
			buildSettings = {
				ASSETCATALOG_COMPILER_APPICON_NAME = AppIcon;
				CODE_SIGN_STYLE = Automatic;
				DEVELOPMENT_TEAM = 2H6CKN6S5G;
				INFOPLIST_FILE = fitnes/Plist/Info.plist;
				LD_RUNPATH_SEARCH_PATHS = (
					"$(inherited)",
					"@executable_path/Frameworks",
				);
				PRODUCT_BUNDLE_IDENTIFIER = com.yauheniprakapenka.fitnes;
				PRODUCT_NAME = "$(TARGET_NAME)";
				SWIFT_VERSION = 5.0;
				TARGETED_DEVICE_FAMILY = "1,2";
			};
			name = Debug;
		};
		3EE3901324BCE78D003AF6D8 /* Release */ = {
			isa = XCBuildConfiguration;
			baseConfigurationReference = 0D45113D45CEC2A8132EDF62 /* Pods-fitnes.release.xcconfig */;
			buildSettings = {
				ASSETCATALOG_COMPILER_APPICON_NAME = AppIcon;
				CODE_SIGN_STYLE = Automatic;
				DEVELOPMENT_TEAM = 2H6CKN6S5G;
				INFOPLIST_FILE = fitnes/Plist/Info.plist;
				LD_RUNPATH_SEARCH_PATHS = (
					"$(inherited)",
					"@executable_path/Frameworks",
				);
				PRODUCT_BUNDLE_IDENTIFIER = com.yauheniprakapenka.fitnes;
				PRODUCT_NAME = "$(TARGET_NAME)";
				SWIFT_VERSION = 5.0;
				TARGETED_DEVICE_FAMILY = "1,2";
			};
			name = Release;
		};
/* End XCBuildConfiguration section */

/* Begin XCConfigurationList section */
		3EE38FF824BCE78A003AF6D8 /* Build configuration list for PBXProject "fitnes" */ = {
			isa = XCConfigurationList;
			buildConfigurations = (
				3EE3900F24BCE78D003AF6D8 /* Debug */,
				3EE3901024BCE78D003AF6D8 /* Release */,
			);
			defaultConfigurationIsVisible = 0;
			defaultConfigurationName = Release;
		};
		3EE3901124BCE78D003AF6D8 /* Build configuration list for PBXNativeTarget "fitnes" */ = {
			isa = XCConfigurationList;
			buildConfigurations = (
				3EE3901224BCE78D003AF6D8 /* Debug */,
				3EE3901324BCE78D003AF6D8 /* Release */,
			);
			defaultConfigurationIsVisible = 0;
			defaultConfigurationName = Release;
		};
/* End XCConfigurationList section */
	};
	rootObject = 3EE38FF524BCE78A003AF6D8 /* Project object */;
}
