PODS:
  - Alamofire (5.2.2)
  - FSCalendar (2.8.1)
  - SwiftGen (6.3.0)

DEPENDENCIES:
  - Alamofire (~> 5.2)
  - FSCalendar
  - SwiftGen (~> 6.0)

SPEC REPOS:
  trunk:
    - Alamofire
    - FSCalendar
    - SwiftGen

SPEC CHECKSUMS:
  Alamofire: 814429acc853c6c54ff123fc3d2ef66803823ce0
  FSCalendar: 5245140456fcbcac5824c203b98bd8068bdfee1a
  SwiftGen: 3d5024a47ea79e408cded20763d7a17d18a4548c

PODFILE CHECKSUM: 23313b3773043832b79c69896a09feadba9f2d67

COCOAPODS: 1.9.3
