PODS:
  - Alamofire (4.9.1)
  - FitnessAPI (0.0.1):
    - Alamofire (~> 4.9.0)
  - FSCalendar (2.8.1)
  - SwiftGen (6.3.0)

DEPENDENCIES:
  - FitnessAPI (from `./LocalCocoaPods/FitnessAPI`)
  - FSCalendar
  - SwiftGen (~> 6.0)

SPEC REPOS:
  trunk:
    - Alamofire
    - FSCalendar
    - SwiftGen

EXTERNAL SOURCES:
  FitnessAPI:
    :path: "./LocalCocoaPods/FitnessAPI"

SPEC CHECKSUMS:
  Alamofire: 85e8a02c69d6020a0d734f6054870d7ecb75cf18
  FitnessAPI: 7b2a1812072a782ad9e51d3f5020ffa8e1de9307
  FSCalendar: 5245140456fcbcac5824c203b98bd8068bdfee1a
  SwiftGen: 3d5024a47ea79e408cded20763d7a17d18a4548c

PODFILE CHECKSUM: 5a4ddd32768ab3c195b599ce31900a79cefb5e9d

COCOAPODS: 1.9.3
